// !$*UTF8*$!
{
	archiveVersion = 1;
	classes = {
	};
	objectVersion = 46;
	objects = {

/* Begin PBXBuildFile section */
		316747FA1EF47C1800F28053 /* main.cpp in Sources */ = {isa = PBXBuildFile; fileRef = 316747F91EF47C1800F28053 /* main.cpp */; };
		316748891EF47C2500F28053 /* libavcodec.57.89.100.dylib in Frameworks */ = {isa = PBXBuildFile; fileRef = 316748011EF47C2500F28053 /* libavcodec.57.89.100.dylib */; };
		3167488A1EF47C2500F28053 /* libavcodec.57.89.100.dylib in Frameworks */ = {isa = PBXBuildFile; fileRef = 316748021EF47C2500F28053 /* libavcodec.57.89.100.dylib */; };
		3167488B1EF47C2500F28053 /* libavcodec.a in Frameworks */ = {isa = PBXBuildFile; fileRef = 316748031EF47C2500F28053 /* libavcodec.a */; };
		3167488C1EF47C2500F28053 /* libavcodec.57.89.100.dylib in Frameworks */ = {isa = PBXBuildFile; fileRef = 316748041EF47C2500F28053 /* libavcodec.57.89.100.dylib */; };
		3167488D1EF47C2500F28053 /* libavdevice.57.6.100.dylib in Frameworks */ = {isa = PBXBuildFile; fileRef = 316748051EF47C2500F28053 /* libavdevice.57.6.100.dylib */; };
		3167488E1EF47C2500F28053 /* libavdevice.57.6.100.dylib in Frameworks */ = {isa = PBXBuildFile; fileRef = 316748061EF47C2500F28053 /* libavdevice.57.6.100.dylib */; };
		3167488F1EF47C2500F28053 /* libavdevice.a in Frameworks */ = {isa = PBXBuildFile; fileRef = 316748071EF47C2500F28053 /* libavdevice.a */; };
		316748901EF47C2500F28053 /* libavdevice.57.6.100.dylib in Frameworks */ = {isa = PBXBuildFile; fileRef = 316748081EF47C2500F28053 /* libavdevice.57.6.100.dylib */; };
		316748911EF47C2500F28053 /* libavfilter.6.82.100.dylib in Frameworks */ = {isa = PBXBuildFile; fileRef = 316748091EF47C2500F28053 /* libavfilter.6.82.100.dylib */; };
		316748921EF47C2500F28053 /* libavfilter.6.82.100.dylib in Frameworks */ = {isa = PBXBuildFile; fileRef = 3167480A1EF47C2500F28053 /* libavfilter.6.82.100.dylib */; };
		316748931EF47C2500F28053 /* libavfilter.a in Frameworks */ = {isa = PBXBuildFile; fileRef = 3167480B1EF47C2500F28053 /* libavfilter.a */; };
		316748941EF47C2500F28053 /* libavfilter.6.82.100.dylib in Frameworks */ = {isa = PBXBuildFile; fileRef = 3167480C1EF47C2500F28053 /* libavfilter.6.82.100.dylib */; };
		316748951EF47C2500F28053 /* libavformat.57.71.100.dylib in Frameworks */ = {isa = PBXBuildFile; fileRef = 3167480D1EF47C2500F28053 /* libavformat.57.71.100.dylib */; };
		316748961EF47C2500F28053 /* libavformat.57.71.100.dylib in Frameworks */ = {isa = PBXBuildFile; fileRef = 3167480E1EF47C2500F28053 /* libavformat.57.71.100.dylib */; };
		316748971EF47C2500F28053 /* libavformat.a in Frameworks */ = {isa = PBXBuildFile; fileRef = 3167480F1EF47C2500F28053 /* libavformat.a */; };
		316748981EF47C2500F28053 /* libavformat.57.71.100.dylib in Frameworks */ = {isa = PBXBuildFile; fileRef = 316748101EF47C2500F28053 /* libavformat.57.71.100.dylib */; };
		316748991EF47C2500F28053 /* libavresample.3.5.0.dylib in Frameworks */ = {isa = PBXBuildFile; fileRef = 316748111EF47C2500F28053 /* libavresample.3.5.0.dylib */; };
		3167489A1EF47C2500F28053 /* libavresample.3.5.0.dylib in Frameworks */ = {isa = PBXBuildFile; fileRef = 316748121EF47C2500F28053 /* libavresample.3.5.0.dylib */; };
		3167489B1EF47C2500F28053 /* libavresample.a in Frameworks */ = {isa = PBXBuildFile; fileRef = 316748131EF47C2500F28053 /* libavresample.a */; };
		3167489C1EF47C2500F28053 /* libavresample.3.5.0.dylib in Frameworks */ = {isa = PBXBuildFile; fileRef = 316748141EF47C2500F28053 /* libavresample.3.5.0.dylib */; };
		3167489D1EF47C2500F28053 /* libavutil.55.58.100.dylib in Frameworks */ = {isa = PBXBuildFile; fileRef = 316748151EF47C2500F28053 /* libavutil.55.58.100.dylib */; };
		3167489E1EF47C2500F28053 /* libavutil.55.58.100.dylib in Frameworks */ = {isa = PBXBuildFile; fileRef = 316748161EF47C2500F28053 /* libavutil.55.58.100.dylib */; };
		3167489F1EF47C2500F28053 /* libavutil.a in Frameworks */ = {isa = PBXBuildFile; fileRef = 316748171EF47C2500F28053 /* libavutil.a */; };
		316748A01EF47C2500F28053 /* libavutil.55.58.100.dylib in Frameworks */ = {isa = PBXBuildFile; fileRef = 316748181EF47C2500F28053 /* libavutil.55.58.100.dylib */; };
		316748A11EF47C2500F28053 /* libHalf.12.dylib in Frameworks */ = {isa = PBXBuildFile; fileRef = 316748191EF47C2500F28053 /* libHalf.12.dylib */; };
		316748A21EF47C2500F28053 /* libHalf.a in Frameworks */ = {isa = PBXBuildFile; fileRef = 3167481A1EF47C2500F28053 /* libHalf.a */; };
		316748A31EF47C2500F28053 /* libHalf.12.dylib in Frameworks */ = {isa = PBXBuildFile; fileRef = 3167481B1EF47C2500F28053 /* libHalf.12.dylib */; };
		316748A41EF47C2500F28053 /* libIex-2_2.12.dylib in Frameworks */ = {isa = PBXBuildFile; fileRef = 3167481C1EF47C2500F28053 /* libIex-2_2.12.dylib */; };
		316748A51EF47C2500F28053 /* libIex.a in Frameworks */ = {isa = PBXBuildFile; fileRef = 3167481D1EF47C2500F28053 /* libIex.a */; };
		316748A61EF47C2500F28053 /* libIex-2_2.12.dylib in Frameworks */ = {isa = PBXBuildFile; fileRef = 3167481E1EF47C2500F28053 /* libIex-2_2.12.dylib */; };
		316748A71EF47C2500F28053 /* libIexMath-2_2.12.dylib in Frameworks */ = {isa = PBXBuildFile; fileRef = 3167481F1EF47C2500F28053 /* libIexMath-2_2.12.dylib */; };
		316748A81EF47C2500F28053 /* libIexMath.a in Frameworks */ = {isa = PBXBuildFile; fileRef = 316748201EF47C2500F28053 /* libIexMath.a */; };
		316748A91EF47C2500F28053 /* libIexMath-2_2.12.dylib in Frameworks */ = {isa = PBXBuildFile; fileRef = 316748211EF47C2500F28053 /* libIexMath-2_2.12.dylib */; };
		316748AA1EF47C2500F28053 /* libIlmImf-2_2.22.dylib in Frameworks */ = {isa = PBXBuildFile; fileRef = 316748221EF47C2500F28053 /* libIlmImf-2_2.22.dylib */; };
		316748AB1EF47C2500F28053 /* libIlmImf.a in Frameworks */ = {isa = PBXBuildFile; fileRef = 316748231EF47C2500F28053 /* libIlmImf.a */; };
		316748AC1EF47C2500F28053 /* libIlmImf-2_2.22.dylib in Frameworks */ = {isa = PBXBuildFile; fileRef = 316748241EF47C2500F28053 /* libIlmImf-2_2.22.dylib */; };
		316748AD1EF47C2500F28053 /* libIlmImfUtil-2_2.22.dylib in Frameworks */ = {isa = PBXBuildFile; fileRef = 316748251EF47C2500F28053 /* libIlmImfUtil-2_2.22.dylib */; };
		316748AE1EF47C2500F28053 /* libIlmImfUtil.a in Frameworks */ = {isa = PBXBuildFile; fileRef = 316748261EF47C2500F28053 /* libIlmImfUtil.a */; };
		316748AF1EF47C2500F28053 /* libIlmImfUtil-2_2.22.dylib in Frameworks */ = {isa = PBXBuildFile; fileRef = 316748271EF47C2500F28053 /* libIlmImfUtil-2_2.22.dylib */; };
		316748B01EF47C2500F28053 /* libIlmThread-2_2.12.dylib in Frameworks */ = {isa = PBXBuildFile; fileRef = 316748281EF47C2500F28053 /* libIlmThread-2_2.12.dylib */; };
		316748B11EF47C2500F28053 /* libIlmThread.a in Frameworks */ = {isa = PBXBuildFile; fileRef = 316748291EF47C2500F28053 /* libIlmThread.a */; };
		316748B21EF47C2500F28053 /* libIlmThread-2_2.12.dylib in Frameworks */ = {isa = PBXBuildFile; fileRef = 3167482A1EF47C2500F28053 /* libIlmThread-2_2.12.dylib */; };
		316748B31EF47C2500F28053 /* libImath-2_2.12.dylib in Frameworks */ = {isa = PBXBuildFile; fileRef = 3167482B1EF47C2500F28053 /* libImath-2_2.12.dylib */; };
		316748B41EF47C2500F28053 /* libImath.a in Frameworks */ = {isa = PBXBuildFile; fileRef = 3167482C1EF47C2500F28053 /* libImath.a */; };
		316748B51EF47C2500F28053 /* libImath-2_2.12.dylib in Frameworks */ = {isa = PBXBuildFile; fileRef = 3167482D1EF47C2500F28053 /* libImath-2_2.12.dylib */; };
		316748B61EF47C2500F28053 /* libjpeg.8.dylib in Frameworks */ = {isa = PBXBuildFile; fileRef = 3167482E1EF47C2500F28053 /* libjpeg.8.dylib */; };
		316748B71EF47C2500F28053 /* libjpeg.a in Frameworks */ = {isa = PBXBuildFile; fileRef = 3167482F1EF47C2500F28053 /* libjpeg.a */; };
		316748B81EF47C2500F28053 /* libjpeg.8.dylib in Frameworks */ = {isa = PBXBuildFile; fileRef = 316748301EF47C2500F28053 /* libjpeg.8.dylib */; };
		316748B91EF47C2500F28053 /* libmp3lame.0.dylib in Frameworks */ = {isa = PBXBuildFile; fileRef = 316748311EF47C2500F28053 /* libmp3lame.0.dylib */; };
		316748BA1EF47C2500F28053 /* libmp3lame.a in Frameworks */ = {isa = PBXBuildFile; fileRef = 316748321EF47C2500F28053 /* libmp3lame.a */; };
		316748BB1EF47C2500F28053 /* libmp3lame.0.dylib in Frameworks */ = {isa = PBXBuildFile; fileRef = 316748331EF47C2500F28053 /* libmp3lame.0.dylib */; };
		316748BC1EF47C2500F28053 /* libopencv_calib3d.2.4.13.dylib in Frameworks */ = {isa = PBXBuildFile; fileRef = 316748341EF47C2500F28053 /* libopencv_calib3d.2.4.13.dylib */; };
		316748BD1EF47C2500F28053 /* libopencv_calib3d.2.4.13.dylib in Frameworks */ = {isa = PBXBuildFile; fileRef = 316748351EF47C2500F28053 /* libopencv_calib3d.2.4.13.dylib */; };
		316748BE1EF47C2500F28053 /* libopencv_calib3d.2.4.13.dylib in Frameworks */ = {isa = PBXBuildFile; fileRef = 316748361EF47C2500F28053 /* libopencv_calib3d.2.4.13.dylib */; };
		316748BF1EF47C2500F28053 /* libopencv_contrib.2.4.13.dylib in Frameworks */ = {isa = PBXBuildFile; fileRef = 316748371EF47C2500F28053 /* libopencv_contrib.2.4.13.dylib */; };
		316748C01EF47C2500F28053 /* libopencv_contrib.2.4.13.dylib in Frameworks */ = {isa = PBXBuildFile; fileRef = 316748381EF47C2500F28053 /* libopencv_contrib.2.4.13.dylib */; };
		316748C11EF47C2500F28053 /* libopencv_contrib.2.4.13.dylib in Frameworks */ = {isa = PBXBuildFile; fileRef = 316748391EF47C2500F28053 /* libopencv_contrib.2.4.13.dylib */; };
		316748C21EF47C2500F28053 /* libopencv_core.2.4.13.dylib in Frameworks */ = {isa = PBXBuildFile; fileRef = 3167483A1EF47C2500F28053 /* libopencv_core.2.4.13.dylib */; };
		316748C31EF47C2500F28053 /* libopencv_core.2.4.13.dylib in Frameworks */ = {isa = PBXBuildFile; fileRef = 3167483B1EF47C2500F28053 /* libopencv_core.2.4.13.dylib */; };
		316748C41EF47C2500F28053 /* libopencv_core.2.4.13.dylib in Frameworks */ = {isa = PBXBuildFile; fileRef = 3167483C1EF47C2500F28053 /* libopencv_core.2.4.13.dylib */; };
		316748C51EF47C2500F28053 /* libopencv_features2d.2.4.13.dylib in Frameworks */ = {isa = PBXBuildFile; fileRef = 3167483D1EF47C2500F28053 /* libopencv_features2d.2.4.13.dylib */; };
		316748C61EF47C2500F28053 /* libopencv_features2d.2.4.13.dylib in Frameworks */ = {isa = PBXBuildFile; fileRef = 3167483E1EF47C2500F28053 /* libopencv_features2d.2.4.13.dylib */; };
		316748C71EF47C2500F28053 /* libopencv_features2d.2.4.13.dylib in Frameworks */ = {isa = PBXBuildFile; fileRef = 3167483F1EF47C2500F28053 /* libopencv_features2d.2.4.13.dylib */; };
		316748C81EF47C2500F28053 /* libopencv_flann.2.4.13.dylib in Frameworks */ = {isa = PBXBuildFile; fileRef = 316748401EF47C2500F28053 /* libopencv_flann.2.4.13.dylib */; };
		316748C91EF47C2500F28053 /* libopencv_flann.2.4.13.dylib in Frameworks */ = {isa = PBXBuildFile; fileRef = 316748411EF47C2500F28053 /* libopencv_flann.2.4.13.dylib */; };
		316748CA1EF47C2500F28053 /* libopencv_flann.2.4.13.dylib in Frameworks */ = {isa = PBXBuildFile; fileRef = 316748421EF47C2500F28053 /* libopencv_flann.2.4.13.dylib */; };
		316748CB1EF47C2500F28053 /* libopencv_gpu.2.4.13.dylib in Frameworks */ = {isa = PBXBuildFile; fileRef = 316748431EF47C2500F28053 /* libopencv_gpu.2.4.13.dylib */; };
		316748CC1EF47C2500F28053 /* libopencv_gpu.2.4.13.dylib in Frameworks */ = {isa = PBXBuildFile; fileRef = 316748441EF47C2500F28053 /* libopencv_gpu.2.4.13.dylib */; };
		316748CD1EF47C2500F28053 /* libopencv_gpu.2.4.13.dylib in Frameworks */ = {isa = PBXBuildFile; fileRef = 316748451EF47C2500F28053 /* libopencv_gpu.2.4.13.dylib */; };
		316748CE1EF47C2500F28053 /* libopencv_highgui.2.4.13.dylib in Frameworks */ = {isa = PBXBuildFile; fileRef = 316748461EF47C2500F28053 /* libopencv_highgui.2.4.13.dylib */; };
		316748CF1EF47C2500F28053 /* libopencv_highgui.2.4.13.dylib in Frameworks */ = {isa = PBXBuildFile; fileRef = 316748471EF47C2500F28053 /* libopencv_highgui.2.4.13.dylib */; };
		316748D01EF47C2500F28053 /* libopencv_highgui.2.4.13.dylib in Frameworks */ = {isa = PBXBuildFile; fileRef = 316748481EF47C2500F28053 /* libopencv_highgui.2.4.13.dylib */; };
		316748D11EF47C2600F28053 /* libopencv_imgproc.2.4.13.dylib in Frameworks */ = {isa = PBXBuildFile; fileRef = 316748491EF47C2500F28053 /* libopencv_imgproc.2.4.13.dylib */; };
		316748D21EF47C2600F28053 /* libopencv_imgproc.2.4.13.dylib in Frameworks */ = {isa = PBXBuildFile; fileRef = 3167484A1EF47C2500F28053 /* libopencv_imgproc.2.4.13.dylib */; };
		316748D31EF47C2600F28053 /* libopencv_imgproc.2.4.13.dylib in Frameworks */ = {isa = PBXBuildFile; fileRef = 3167484B1EF47C2500F28053 /* libopencv_imgproc.2.4.13.dylib */; };
		316748D41EF47C2600F28053 /* libopencv_legacy.2.4.13.dylib in Frameworks */ = {isa = PBXBuildFile; fileRef = 3167484C1EF47C2500F28053 /* libopencv_legacy.2.4.13.dylib */; };
		316748D51EF47C2600F28053 /* libopencv_legacy.2.4.13.dylib in Frameworks */ = {isa = PBXBuildFile; fileRef = 3167484D1EF47C2500F28053 /* libopencv_legacy.2.4.13.dylib */; };
		316748D61EF47C2600F28053 /* libopencv_legacy.2.4.13.dylib in Frameworks */ = {isa = PBXBuildFile; fileRef = 3167484E1EF47C2500F28053 /* libopencv_legacy.2.4.13.dylib */; };
		316748D71EF47C2600F28053 /* libopencv_ml.2.4.13.dylib in Frameworks */ = {isa = PBXBuildFile; fileRef = 3167484F1EF47C2500F28053 /* libopencv_ml.2.4.13.dylib */; };
		316748D81EF47C2600F28053 /* libopencv_ml.2.4.13.dylib in Frameworks */ = {isa = PBXBuildFile; fileRef = 316748501EF47C2500F28053 /* libopencv_ml.2.4.13.dylib */; };
		316748D91EF47C2600F28053 /* libopencv_ml.2.4.13.dylib in Frameworks */ = {isa = PBXBuildFile; fileRef = 316748511EF47C2500F28053 /* libopencv_ml.2.4.13.dylib */; };
		316748DA1EF47C2600F28053 /* libopencv_nonfree.2.4.13.dylib in Frameworks */ = {isa = PBXBuildFile; fileRef = 316748521EF47C2500F28053 /* libopencv_nonfree.2.4.13.dylib */; };
		316748DB1EF47C2600F28053 /* libopencv_nonfree.2.4.13.dylib in Frameworks */ = {isa = PBXBuildFile; fileRef = 316748531EF47C2500F28053 /* libopencv_nonfree.2.4.13.dylib */; };
		316748DC1EF47C2600F28053 /* libopencv_nonfree.2.4.13.dylib in Frameworks */ = {isa = PBXBuildFile; fileRef = 316748541EF47C2500F28053 /* libopencv_nonfree.2.4.13.dylib */; };
		316748DD1EF47C2600F28053 /* libopencv_objdetect.2.4.13.dylib in Frameworks */ = {isa = PBXBuildFile; fileRef = 316748551EF47C2500F28053 /* libopencv_objdetect.2.4.13.dylib */; };
		316748DE1EF47C2600F28053 /* libopencv_objdetect.2.4.13.dylib in Frameworks */ = {isa = PBXBuildFile; fileRef = 316748561EF47C2500F28053 /* libopencv_objdetect.2.4.13.dylib */; };
		316748DF1EF47C2600F28053 /* libopencv_objdetect.2.4.13.dylib in Frameworks */ = {isa = PBXBuildFile; fileRef = 316748571EF47C2500F28053 /* libopencv_objdetect.2.4.13.dylib */; };
		316748E01EF47C2600F28053 /* libopencv_ocl.2.4.13.dylib in Frameworks */ = {isa = PBXBuildFile; fileRef = 316748581EF47C2500F28053 /* libopencv_ocl.2.4.13.dylib */; };
		316748E11EF47C2600F28053 /* libopencv_ocl.2.4.13.dylib in Frameworks */ = {isa = PBXBuildFile; fileRef = 316748591EF47C2500F28053 /* libopencv_ocl.2.4.13.dylib */; };
		316748E21EF47C2600F28053 /* libopencv_ocl.2.4.13.dylib in Frameworks */ = {isa = PBXBuildFile; fileRef = 3167485A1EF47C2500F28053 /* libopencv_ocl.2.4.13.dylib */; };
		316748E31EF47C2600F28053 /* libopencv_photo.2.4.13.dylib in Frameworks */ = {isa = PBXBuildFile; fileRef = 3167485B1EF47C2500F28053 /* libopencv_photo.2.4.13.dylib */; };
		316748E41EF47C2600F28053 /* libopencv_photo.2.4.13.dylib in Frameworks */ = {isa = PBXBuildFile; fileRef = 3167485C1EF47C2500F28053 /* libopencv_photo.2.4.13.dylib */; };
		316748E51EF47C2600F28053 /* libopencv_photo.2.4.13.dylib in Frameworks */ = {isa = PBXBuildFile; fileRef = 3167485D1EF47C2500F28053 /* libopencv_photo.2.4.13.dylib */; };
		316748E61EF47C2600F28053 /* libopencv_stitching.2.4.13.dylib in Frameworks */ = {isa = PBXBuildFile; fileRef = 3167485E1EF47C2500F28053 /* libopencv_stitching.2.4.13.dylib */; };
		316748E71EF47C2600F28053 /* libopencv_stitching.2.4.13.dylib in Frameworks */ = {isa = PBXBuildFile; fileRef = 3167485F1EF47C2500F28053 /* libopencv_stitching.2.4.13.dylib */; };
		316748E81EF47C2600F28053 /* libopencv_stitching.2.4.13.dylib in Frameworks */ = {isa = PBXBuildFile; fileRef = 316748601EF47C2500F28053 /* libopencv_stitching.2.4.13.dylib */; };
		316748E91EF47C2600F28053 /* libopencv_superres.2.4.13.dylib in Frameworks */ = {isa = PBXBuildFile; fileRef = 316748611EF47C2500F28053 /* libopencv_superres.2.4.13.dylib */; };
		316748EA1EF47C2600F28053 /* libopencv_superres.2.4.13.dylib in Frameworks */ = {isa = PBXBuildFile; fileRef = 316748621EF47C2500F28053 /* libopencv_superres.2.4.13.dylib */; };
		316748EB1EF47C2600F28053 /* libopencv_superres.2.4.13.dylib in Frameworks */ = {isa = PBXBuildFile; fileRef = 316748631EF47C2500F28053 /* libopencv_superres.2.4.13.dylib */; };
		316748EC1EF47C2600F28053 /* libopencv_ts.a in Frameworks */ = {isa = PBXBuildFile; fileRef = 316748641EF47C2500F28053 /* libopencv_ts.a */; };
		316748ED1EF47C2600F28053 /* libopencv_video.2.4.13.dylib in Frameworks */ = {isa = PBXBuildFile; fileRef = 316748651EF47C2500F28053 /* libopencv_video.2.4.13.dylib */; };
		316748EE1EF47C2600F28053 /* libopencv_video.2.4.13.dylib in Frameworks */ = {isa = PBXBuildFile; fileRef = 316748661EF47C2500F28053 /* libopencv_video.2.4.13.dylib */; };
		316748EF1EF47C2600F28053 /* libopencv_video.2.4.13.dylib in Frameworks */ = {isa = PBXBuildFile; fileRef = 316748671EF47C2500F28053 /* libopencv_video.2.4.13.dylib */; };
		316748F01EF47C2600F28053 /* libopencv_videostab.2.4.13.dylib in Frameworks */ = {isa = PBXBuildFile; fileRef = 316748681EF47C2500F28053 /* libopencv_videostab.2.4.13.dylib */; };
		316748F11EF47C2600F28053 /* libopencv_videostab.2.4.13.dylib in Frameworks */ = {isa = PBXBuildFile; fileRef = 316748691EF47C2500F28053 /* libopencv_videostab.2.4.13.dylib */; };
		316748F21EF47C2600F28053 /* libopencv_videostab.2.4.13.dylib in Frameworks */ = {isa = PBXBuildFile; fileRef = 3167486A1EF47C2500F28053 /* libopencv_videostab.2.4.13.dylib */; };
		316748F31EF47C2600F28053 /* libpng16.a in Frameworks */ = {isa = PBXBuildFile; fileRef = 3167486B1EF47C2500F28053 /* libpng16.a */; };
		316748F41EF47C2600F28053 /* libpng16.16.dylib in Frameworks */ = {isa = PBXBuildFile; fileRef = 3167486C1EF47C2500F28053 /* libpng16.16.dylib */; };
		316748F51EF47C2600F28053 /* libpng16.16.dylib in Frameworks */ = {isa = PBXBuildFile; fileRef = 3167486D1EF47C2500F28053 /* libpng16.16.dylib */; };
		316748F61EF47C2600F28053 /* libpng16.a in Frameworks */ = {isa = PBXBuildFile; fileRef = 3167486E1EF47C2500F28053 /* libpng16.a */; };
		316748F71EF47C2600F28053 /* libpng16.16.dylib in Frameworks */ = {isa = PBXBuildFile; fileRef = 3167486F1EF47C2500F28053 /* libpng16.16.dylib */; };
		316748F81EF47C2600F28053 /* libpostproc.54.5.100.dylib in Frameworks */ = {isa = PBXBuildFile; fileRef = 316748701EF47C2500F28053 /* libpostproc.54.5.100.dylib */; };
		316748F91EF47C2600F28053 /* libpostproc.54.5.100.dylib in Frameworks */ = {isa = PBXBuildFile; fileRef = 316748711EF47C2500F28053 /* libpostproc.54.5.100.dylib */; };
		316748FA1EF47C2600F28053 /* libpostproc.a in Frameworks */ = {isa = PBXBuildFile; fileRef = 316748721EF47C2500F28053 /* libpostproc.a */; };
		316748FB1EF47C2600F28053 /* libpostproc.54.5.100.dylib in Frameworks */ = {isa = PBXBuildFile; fileRef = 316748731EF47C2500F28053 /* libpostproc.54.5.100.dylib */; };
		316748FC1EF47C2600F28053 /* libswresample.2.7.100.dylib in Frameworks */ = {isa = PBXBuildFile; fileRef = 316748741EF47C2500F28053 /* libswresample.2.7.100.dylib */; };
		316748FD1EF47C2600F28053 /* libswresample.2.7.100.dylib in Frameworks */ = {isa = PBXBuildFile; fileRef = 316748751EF47C2500F28053 /* libswresample.2.7.100.dylib */; };
		316748FE1EF47C2600F28053 /* libswresample.a in Frameworks */ = {isa = PBXBuildFile; fileRef = 316748761EF47C2500F28053 /* libswresample.a */; };
		316748FF1EF47C2600F28053 /* libswresample.2.7.100.dylib in Frameworks */ = {isa = PBXBuildFile; fileRef = 316748771EF47C2500F28053 /* libswresample.2.7.100.dylib */; };
		316749001EF47C2600F28053 /* libswscale.4.6.100.dylib in Frameworks */ = {isa = PBXBuildFile; fileRef = 316748781EF47C2500F28053 /* libswscale.4.6.100.dylib */; };
		316749011EF47C2600F28053 /* libswscale.4.6.100.dylib in Frameworks */ = {isa = PBXBuildFile; fileRef = 316748791EF47C2500F28053 /* libswscale.4.6.100.dylib */; };
		316749021EF47C2600F28053 /* libswscale.a in Frameworks */ = {isa = PBXBuildFile; fileRef = 3167487A1EF47C2500F28053 /* libswscale.a */; };
		316749031EF47C2600F28053 /* libswscale.4.6.100.dylib in Frameworks */ = {isa = PBXBuildFile; fileRef = 3167487B1EF47C2500F28053 /* libswscale.4.6.100.dylib */; };
		316749041EF47C2600F28053 /* libtiff.5.dylib in Frameworks */ = {isa = PBXBuildFile; fileRef = 3167487C1EF47C2500F28053 /* libtiff.5.dylib */; };
		316749051EF47C2600F28053 /* libtiff.a in Frameworks */ = {isa = PBXBuildFile; fileRef = 3167487D1EF47C2500F28053 /* libtiff.a */; };
		316749061EF47C2600F28053 /* libtiff.5.dylib in Frameworks */ = {isa = PBXBuildFile; fileRef = 3167487E1EF47C2500F28053 /* libtiff.5.dylib */; };
		316749071EF47C2600F28053 /* libtiffxx.5.dylib in Frameworks */ = {isa = PBXBuildFile; fileRef = 3167487F1EF47C2500F28053 /* libtiffxx.5.dylib */; };
		316749081EF47C2600F28053 /* libtiffxx.a in Frameworks */ = {isa = PBXBuildFile; fileRef = 316748801EF47C2500F28053 /* libtiffxx.a */; };
		316749091EF47C2600F28053 /* libtiffxx.5.dylib in Frameworks */ = {isa = PBXBuildFile; fileRef = 316748811EF47C2500F28053 /* libtiffxx.5.dylib */; };
		3167490A1EF47C2600F28053 /* libx264.148.dylib in Frameworks */ = {isa = PBXBuildFile; fileRef = 316748821EF47C2500F28053 /* libx264.148.dylib */; };
		3167490B1EF47C2600F28053 /* libx264.a in Frameworks */ = {isa = PBXBuildFile; fileRef = 316748831EF47C2500F28053 /* libx264.a */; };
		3167490C1EF47C2600F28053 /* libx264.148.dylib in Frameworks */ = {isa = PBXBuildFile; fileRef = 316748841EF47C2500F28053 /* libx264.148.dylib */; };
		3167490D1EF47C2600F28053 /* libxvidcore.4.dylib in Frameworks */ = {isa = PBXBuildFile; fileRef = 316748851EF47C2500F28053 /* libxvidcore.4.dylib */; };
		3167490E1EF47C2600F28053 /* libxvidcore.a in Frameworks */ = {isa = PBXBuildFile; fileRef = 316748861EF47C2500F28053 /* libxvidcore.a */; };
		3167490F1EF47C2600F28053 /* pkgconfig in Frameworks */ = {isa = PBXBuildFile; fileRef = 316748871EF47C2500F28053 /* pkgconfig */; };
		316749101EF47C2600F28053 /* python2.7 in Frameworks */ = {isa = PBXBuildFile; fileRef = 316748881EF47C2500F28053 /* python2.7 */; };
/* End PBXBuildFile section */

/* Begin PBXCopyFilesBuildPhase section */
		316747F41EF47C1800F28053 /* CopyFiles */ = {
			isa = PBXCopyFilesBuildPhase;
			buildActionMask = 2147483647;
			dstPath = /usr/share/man/man1/;
			dstSubfolderSpec = 0;
			files = (
			);
			runOnlyForDeploymentPostprocessing = 1;
		};
/* End PBXCopyFilesBuildPhase section */

/* Begin PBXFileReference section */
		316747F61EF47C1800F28053 /* ROI */ = {isa = PBXFileReference; explicitFileType = "compiled.mach-o.executable"; includeInIndex = 0; path = ROI; sourceTree = BUILT_PRODUCTS_DIR; };
		316747F91EF47C1800F28053 /* main.cpp */ = {isa = PBXFileReference; lastKnownFileType = sourcecode.cpp.cpp; path = main.cpp; sourceTree = "<group>"; };
		316748011EF47C2500F28053 /* libavcodec.57.89.100.dylib */ = {isa = PBXFileReference; lastKnownFileType = "compiled.mach-o.dylib"; name = libavcodec.57.89.100.dylib; path = ../../../../../../../usr/local/Cellar/ffmpeg/3.3.2/lib/libavcodec.57.89.100.dylib; sourceTree = "<group>"; };
		316748021EF47C2500F28053 /* libavcodec.57.89.100.dylib */ = {isa = PBXFileReference; lastKnownFileType = "compiled.mach-o.dylib"; name = libavcodec.57.89.100.dylib; path = ../../../../../../../usr/local/Cellar/ffmpeg/3.3.2/lib/libavcodec.57.89.100.dylib; sourceTree = "<group>"; };
		316748031EF47C2500F28053 /* libavcodec.a */ = {isa = PBXFileReference; lastKnownFileType = archive.ar; name = libavcodec.a; path = ../../../../../../../usr/local/Cellar/ffmpeg/3.3.2/lib/libavcodec.a; sourceTree = "<group>"; };
		316748041EF47C2500F28053 /* libavcodec.57.89.100.dylib */ = {isa = PBXFileReference; lastKnownFileType = "compiled.mach-o.dylib"; name = libavcodec.57.89.100.dylib; path = ../../../../../../../usr/local/Cellar/ffmpeg/3.3.2/lib/libavcodec.57.89.100.dylib; sourceTree = "<group>"; };
		316748051EF47C2500F28053 /* libavdevice.57.6.100.dylib */ = {isa = PBXFileReference; lastKnownFileType = "compiled.mach-o.dylib"; name = libavdevice.57.6.100.dylib; path = ../../../../../../../usr/local/Cellar/ffmpeg/3.3.2/lib/libavdevice.57.6.100.dylib; sourceTree = "<group>"; };
		316748061EF47C2500F28053 /* libavdevice.57.6.100.dylib */ = {isa = PBXFileReference; lastKnownFileType = "compiled.mach-o.dylib"; name = libavdevice.57.6.100.dylib; path = ../../../../../../../usr/local/Cellar/ffmpeg/3.3.2/lib/libavdevice.57.6.100.dylib; sourceTree = "<group>"; };
		316748071EF47C2500F28053 /* libavdevice.a */ = {isa = PBXFileReference; lastKnownFileType = archive.ar; name = libavdevice.a; path = ../../../../../../../usr/local/Cellar/ffmpeg/3.3.2/lib/libavdevice.a; sourceTree = "<group>"; };
		316748081EF47C2500F28053 /* libavdevice.57.6.100.dylib */ = {isa = PBXFileReference; lastKnownFileType = "compiled.mach-o.dylib"; name = libavdevice.57.6.100.dylib; path = ../../../../../../../usr/local/Cellar/ffmpeg/3.3.2/lib/libavdevice.57.6.100.dylib; sourceTree = "<group>"; };
		316748091EF47C2500F28053 /* libavfilter.6.82.100.dylib */ = {isa = PBXFileReference; lastKnownFileType = "compiled.mach-o.dylib"; name = libavfilter.6.82.100.dylib; path = ../../../../../../../usr/local/Cellar/ffmpeg/3.3.2/lib/libavfilter.6.82.100.dylib; sourceTree = "<group>"; };
		3167480A1EF47C2500F28053 /* libavfilter.6.82.100.dylib */ = {isa = PBXFileReference; lastKnownFileType = "compiled.mach-o.dylib"; name = libavfilter.6.82.100.dylib; path = ../../../../../../../usr/local/Cellar/ffmpeg/3.3.2/lib/libavfilter.6.82.100.dylib; sourceTree = "<group>"; };
		3167480B1EF47C2500F28053 /* libavfilter.a */ = {isa = PBXFileReference; lastKnownFileType = archive.ar; name = libavfilter.a; path = ../../../../../../../usr/local/Cellar/ffmpeg/3.3.2/lib/libavfilter.a; sourceTree = "<group>"; };
		3167480C1EF47C2500F28053 /* libavfilter.6.82.100.dylib */ = {isa = PBXFileReference; lastKnownFileType = "compiled.mach-o.dylib"; name = libavfilter.6.82.100.dylib; path = ../../../../../../../usr/local/Cellar/ffmpeg/3.3.2/lib/libavfilter.6.82.100.dylib; sourceTree = "<group>"; };
		3167480D1EF47C2500F28053 /* libavformat.57.71.100.dylib */ = {isa = PBXFileReference; lastKnownFileType = "compiled.mach-o.dylib"; name = libavformat.57.71.100.dylib; path = ../../../../../../../usr/local/Cellar/ffmpeg/3.3.2/lib/libavformat.57.71.100.dylib; sourceTree = "<group>"; };
		3167480E1EF47C2500F28053 /* libavformat.57.71.100.dylib */ = {isa = PBXFileReference; lastKnownFileType = "compiled.mach-o.dylib"; name = libavformat.57.71.100.dylib; path = ../../../../../../../usr/local/Cellar/ffmpeg/3.3.2/lib/libavformat.57.71.100.dylib; sourceTree = "<group>"; };
		3167480F1EF47C2500F28053 /* libavformat.a */ = {isa = PBXFileReference; lastKnownFileType = archive.ar; name = libavformat.a; path = ../../../../../../../usr/local/Cellar/ffmpeg/3.3.2/lib/libavformat.a; sourceTree = "<group>"; };
		316748101EF47C2500F28053 /* libavformat.57.71.100.dylib */ = {isa = PBXFileReference; lastKnownFileType = "compiled.mach-o.dylib"; name = libavformat.57.71.100.dylib; path = ../../../../../../../usr/local/Cellar/ffmpeg/3.3.2/lib/libavformat.57.71.100.dylib; sourceTree = "<group>"; };
		316748111EF47C2500F28053 /* libavresample.3.5.0.dylib */ = {isa = PBXFileReference; lastKnownFileType = "compiled.mach-o.dylib"; name = libavresample.3.5.0.dylib; path = ../../../../../../../usr/local/Cellar/ffmpeg/3.3.2/lib/libavresample.3.5.0.dylib; sourceTree = "<group>"; };
		316748121EF47C2500F28053 /* libavresample.3.5.0.dylib */ = {isa = PBXFileReference; lastKnownFileType = "compiled.mach-o.dylib"; name = libavresample.3.5.0.dylib; path = ../../../../../../../usr/local/Cellar/ffmpeg/3.3.2/lib/libavresample.3.5.0.dylib; sourceTree = "<group>"; };
		316748131EF47C2500F28053 /* libavresample.a */ = {isa = PBXFileReference; lastKnownFileType = archive.ar; name = libavresample.a; path = ../../../../../../../usr/local/Cellar/ffmpeg/3.3.2/lib/libavresample.a; sourceTree = "<group>"; };
		316748141EF47C2500F28053 /* libavresample.3.5.0.dylib */ = {isa = PBXFileReference; lastKnownFileType = "compiled.mach-o.dylib"; name = libavresample.3.5.0.dylib; path = ../../../../../../../usr/local/Cellar/ffmpeg/3.3.2/lib/libavresample.3.5.0.dylib; sourceTree = "<group>"; };
		316748151EF47C2500F28053 /* libavutil.55.58.100.dylib */ = {isa = PBXFileReference; lastKnownFileType = "compiled.mach-o.dylib"; name = libavutil.55.58.100.dylib; path = ../../../../../../../usr/local/Cellar/ffmpeg/3.3.2/lib/libavutil.55.58.100.dylib; sourceTree = "<group>"; };
		316748161EF47C2500F28053 /* libavutil.55.58.100.dylib */ = {isa = PBXFileReference; lastKnownFileType = "compiled.mach-o.dylib"; name = libavutil.55.58.100.dylib; path = ../../../../../../../usr/local/Cellar/ffmpeg/3.3.2/lib/libavutil.55.58.100.dylib; sourceTree = "<group>"; };
		316748171EF47C2500F28053 /* libavutil.a */ = {isa = PBXFileReference; lastKnownFileType = archive.ar; name = libavutil.a; path = ../../../../../../../usr/local/Cellar/ffmpeg/3.3.2/lib/libavutil.a; sourceTree = "<group>"; };
		316748181EF47C2500F28053 /* libavutil.55.58.100.dylib */ = {isa = PBXFileReference; lastKnownFileType = "compiled.mach-o.dylib"; name = libavutil.55.58.100.dylib; path = ../../../../../../../usr/local/Cellar/ffmpeg/3.3.2/lib/libavutil.55.58.100.dylib; sourceTree = "<group>"; };
		316748191EF47C2500F28053 /* libHalf.12.dylib */ = {isa = PBXFileReference; lastKnownFileType = "compiled.mach-o.dylib"; name = libHalf.12.dylib; path = ../../../../../../../usr/local/Cellar/ilmbase/2.2.0/lib/libHalf.12.dylib; sourceTree = "<group>"; };
		3167481A1EF47C2500F28053 /* libHalf.a */ = {isa = PBXFileReference; lastKnownFileType = archive.ar; name = libHalf.a; path = ../../../../../../../usr/local/Cellar/ilmbase/2.2.0/lib/libHalf.a; sourceTree = "<group>"; };
		3167481B1EF47C2500F28053 /* libHalf.12.dylib */ = {isa = PBXFileReference; lastKnownFileType = "compiled.mach-o.dylib"; name = libHalf.12.dylib; path = ../../../../../../../usr/local/Cellar/ilmbase/2.2.0/lib/libHalf.12.dylib; sourceTree = "<group>"; };
		3167481C1EF47C2500F28053 /* libIex-2_2.12.dylib */ = {isa = PBXFileReference; lastKnownFileType = "compiled.mach-o.dylib"; name = "libIex-2_2.12.dylib"; path = "../../../../../../../usr/local/Cellar/ilmbase/2.2.0/lib/libIex-2_2.12.dylib"; sourceTree = "<group>"; };
		3167481D1EF47C2500F28053 /* libIex.a */ = {isa = PBXFileReference; lastKnownFileType = archive.ar; name = libIex.a; path = ../../../../../../../usr/local/Cellar/ilmbase/2.2.0/lib/libIex.a; sourceTree = "<group>"; };
		3167481E1EF47C2500F28053 /* libIex-2_2.12.dylib */ = {isa = PBXFileReference; lastKnownFileType = "compiled.mach-o.dylib"; name = "libIex-2_2.12.dylib"; path = "../../../../../../../usr/local/Cellar/ilmbase/2.2.0/lib/libIex-2_2.12.dylib"; sourceTree = "<group>"; };
		3167481F1EF47C2500F28053 /* libIexMath-2_2.12.dylib */ = {isa = PBXFileReference; lastKnownFileType = "compiled.mach-o.dylib"; name = "libIexMath-2_2.12.dylib"; path = "../../../../../../../usr/local/Cellar/ilmbase/2.2.0/lib/libIexMath-2_2.12.dylib"; sourceTree = "<group>"; };
		316748201EF47C2500F28053 /* libIexMath.a */ = {isa = PBXFileReference; lastKnownFileType = archive.ar; name = libIexMath.a; path = ../../../../../../../usr/local/Cellar/ilmbase/2.2.0/lib/libIexMath.a; sourceTree = "<group>"; };
		316748211EF47C2500F28053 /* libIexMath-2_2.12.dylib */ = {isa = PBXFileReference; lastKnownFileType = "compiled.mach-o.dylib"; name = "libIexMath-2_2.12.dylib"; path = "../../../../../../../usr/local/Cellar/ilmbase/2.2.0/lib/libIexMath-2_2.12.dylib"; sourceTree = "<group>"; };
		316748221EF47C2500F28053 /* libIlmImf-2_2.22.dylib */ = {isa = PBXFileReference; lastKnownFileType = "compiled.mach-o.dylib"; name = "libIlmImf-2_2.22.dylib"; path = "../../../../../../../usr/local/Cellar/openexr/2.2.0/lib/libIlmImf-2_2.22.dylib"; sourceTree = "<group>"; };
		316748231EF47C2500F28053 /* libIlmImf.a */ = {isa = PBXFileReference; lastKnownFileType = archive.ar; name = libIlmImf.a; path = ../../../../../../../usr/local/Cellar/openexr/2.2.0/lib/libIlmImf.a; sourceTree = "<group>"; };
		316748241EF47C2500F28053 /* libIlmImf-2_2.22.dylib */ = {isa = PBXFileReference; lastKnownFileType = "compiled.mach-o.dylib"; name = "libIlmImf-2_2.22.dylib"; path = "../../../../../../../usr/local/Cellar/openexr/2.2.0/lib/libIlmImf-2_2.22.dylib"; sourceTree = "<group>"; };
		316748251EF47C2500F28053 /* libIlmImfUtil-2_2.22.dylib */ = {isa = PBXFileReference; lastKnownFileType = "compiled.mach-o.dylib"; name = "libIlmImfUtil-2_2.22.dylib"; path = "../../../../../../../usr/local/Cellar/openexr/2.2.0/lib/libIlmImfUtil-2_2.22.dylib"; sourceTree = "<group>"; };
		316748261EF47C2500F28053 /* libIlmImfUtil.a */ = {isa = PBXFileReference; lastKnownFileType = archive.ar; name = libIlmImfUtil.a; path = ../../../../../../../usr/local/Cellar/openexr/2.2.0/lib/libIlmImfUtil.a; sourceTree = "<group>"; };
		316748271EF47C2500F28053 /* libIlmImfUtil-2_2.22.dylib */ = {isa = PBXFileReference; lastKnownFileType = "compiled.mach-o.dylib"; name = "libIlmImfUtil-2_2.22.dylib"; path = "../../../../../../../usr/local/Cellar/openexr/2.2.0/lib/libIlmImfUtil-2_2.22.dylib"; sourceTree = "<group>"; };
		316748281EF47C2500F28053 /* libIlmThread-2_2.12.dylib */ = {isa = PBXFileReference; lastKnownFileType = "compiled.mach-o.dylib"; name = "libIlmThread-2_2.12.dylib"; path = "../../../../../../../usr/local/Cellar/ilmbase/2.2.0/lib/libIlmThread-2_2.12.dylib"; sourceTree = "<group>"; };
		316748291EF47C2500F28053 /* libIlmThread.a */ = {isa = PBXFileReference; lastKnownFileType = archive.ar; name = libIlmThread.a; path = ../../../../../../../usr/local/Cellar/ilmbase/2.2.0/lib/libIlmThread.a; sourceTree = "<group>"; };
		3167482A1EF47C2500F28053 /* libIlmThread-2_2.12.dylib */ = {isa = PBXFileReference; lastKnownFileType = "compiled.mach-o.dylib"; name = "libIlmThread-2_2.12.dylib"; path = "../../../../../../../usr/local/Cellar/ilmbase/2.2.0/lib/libIlmThread-2_2.12.dylib"; sourceTree = "<group>"; };
		3167482B1EF47C2500F28053 /* libImath-2_2.12.dylib */ = {isa = PBXFileReference; lastKnownFileType = "compiled.mach-o.dylib"; name = "libImath-2_2.12.dylib"; path = "../../../../../../../usr/local/Cellar/ilmbase/2.2.0/lib/libImath-2_2.12.dylib"; sourceTree = "<group>"; };
		3167482C1EF47C2500F28053 /* libImath.a */ = {isa = PBXFileReference; lastKnownFileType = archive.ar; name = libImath.a; path = ../../../../../../../usr/local/Cellar/ilmbase/2.2.0/lib/libImath.a; sourceTree = "<group>"; };
		3167482D1EF47C2500F28053 /* libImath-2_2.12.dylib */ = {isa = PBXFileReference; lastKnownFileType = "compiled.mach-o.dylib"; name = "libImath-2_2.12.dylib"; path = "../../../../../../../usr/local/Cellar/ilmbase/2.2.0/lib/libImath-2_2.12.dylib"; sourceTree = "<group>"; };
		3167482E1EF47C2500F28053 /* libjpeg.8.dylib */ = {isa = PBXFileReference; lastKnownFileType = "compiled.mach-o.dylib"; name = libjpeg.8.dylib; path = ../../../../../../../usr/local/Cellar/jpeg/8d/lib/libjpeg.8.dylib; sourceTree = "<group>"; };
		3167482F1EF47C2500F28053 /* libjpeg.a */ = {isa = PBXFileReference; lastKnownFileType = archive.ar; name = libjpeg.a; path = ../../../../../../../usr/local/Cellar/jpeg/8d/lib/libjpeg.a; sourceTree = "<group>"; };
		316748301EF47C2500F28053 /* libjpeg.8.dylib */ = {isa = PBXFileReference; lastKnownFileType = "compiled.mach-o.dylib"; name = libjpeg.8.dylib; path = ../../../../../../../usr/local/Cellar/jpeg/8d/lib/libjpeg.8.dylib; sourceTree = "<group>"; };
		316748311EF47C2500F28053 /* libmp3lame.0.dylib */ = {isa = PBXFileReference; lastKnownFileType = "compiled.mach-o.dylib"; name = libmp3lame.0.dylib; path = ../../../../../../../usr/local/Cellar/lame/3.99.5/lib/libmp3lame.0.dylib; sourceTree = "<group>"; };
		316748321EF47C2500F28053 /* libmp3lame.a */ = {isa = PBXFileReference; lastKnownFileType = archive.ar; name = libmp3lame.a; path = ../../../../../../../usr/local/Cellar/lame/3.99.5/lib/libmp3lame.a; sourceTree = "<group>"; };
		316748331EF47C2500F28053 /* libmp3lame.0.dylib */ = {isa = PBXFileReference; lastKnownFileType = "compiled.mach-o.dylib"; name = libmp3lame.0.dylib; path = ../../../../../../../usr/local/Cellar/lame/3.99.5/lib/libmp3lame.0.dylib; sourceTree = "<group>"; };
		316748341EF47C2500F28053 /* libopencv_calib3d.2.4.13.dylib */ = {isa = PBXFileReference; lastKnownFileType = "compiled.mach-o.dylib"; name = libopencv_calib3d.2.4.13.dylib; path = ../../../../../../../usr/local/Cellar/opencv/2.4.13.2/lib/libopencv_calib3d.2.4.13.dylib; sourceTree = "<group>"; };
		316748351EF47C2500F28053 /* libopencv_calib3d.2.4.13.dylib */ = {isa = PBXFileReference; lastKnownFileType = "compiled.mach-o.dylib"; name = libopencv_calib3d.2.4.13.dylib; path = ../../../../../../../usr/local/Cellar/opencv/2.4.13.2/lib/libopencv_calib3d.2.4.13.dylib; sourceTree = "<group>"; };
		316748361EF47C2500F28053 /* libopencv_calib3d.2.4.13.dylib */ = {isa = PBXFileReference; lastKnownFileType = "compiled.mach-o.dylib"; name = libopencv_calib3d.2.4.13.dylib; path = ../../../../../../../usr/local/Cellar/opencv/2.4.13.2/lib/libopencv_calib3d.2.4.13.dylib; sourceTree = "<group>"; };
		316748371EF47C2500F28053 /* libopencv_contrib.2.4.13.dylib */ = {isa = PBXFileReference; lastKnownFileType = "compiled.mach-o.dylib"; name = libopencv_contrib.2.4.13.dylib; path = ../../../../../../../usr/local/Cellar/opencv/2.4.13.2/lib/libopencv_contrib.2.4.13.dylib; sourceTree = "<group>"; };
		316748381EF47C2500F28053 /* libopencv_contrib.2.4.13.dylib */ = {isa = PBXFileReference; lastKnownFileType = "compiled.mach-o.dylib"; name = libopencv_contrib.2.4.13.dylib; path = ../../../../../../../usr/local/Cellar/opencv/2.4.13.2/lib/libopencv_contrib.2.4.13.dylib; sourceTree = "<group>"; };
		316748391EF47C2500F28053 /* libopencv_contrib.2.4.13.dylib */ = {isa = PBXFileReference; lastKnownFileType = "compiled.mach-o.dylib"; name = libopencv_contrib.2.4.13.dylib; path = ../../../../../../../usr/local/Cellar/opencv/2.4.13.2/lib/libopencv_contrib.2.4.13.dylib; sourceTree = "<group>"; };
		3167483A1EF47C2500F28053 /* libopencv_core.2.4.13.dylib */ = {isa = PBXFileReference; lastKnownFileType = "compiled.mach-o.dylib"; name = libopencv_core.2.4.13.dylib; path = ../../../../../../../usr/local/Cellar/opencv/2.4.13.2/lib/libopencv_core.2.4.13.dylib; sourceTree = "<group>"; };
		3167483B1EF47C2500F28053 /* libopencv_core.2.4.13.dylib */ = {isa = PBXFileReference; lastKnownFileType = "compiled.mach-o.dylib"; name = libopencv_core.2.4.13.dylib; path = ../../../../../../../usr/local/Cellar/opencv/2.4.13.2/lib/libopencv_core.2.4.13.dylib; sourceTree = "<group>"; };
		3167483C1EF47C2500F28053 /* libopencv_core.2.4.13.dylib */ = {isa = PBXFileReference; lastKnownFileType = "compiled.mach-o.dylib"; name = libopencv_core.2.4.13.dylib; path = ../../../../../../../usr/local/Cellar/opencv/2.4.13.2/lib/libopencv_core.2.4.13.dylib; sourceTree = "<group>"; };
		3167483D1EF47C2500F28053 /* libopencv_features2d.2.4.13.dylib */ = {isa = PBXFileReference; lastKnownFileType = "compiled.mach-o.dylib"; name = libopencv_features2d.2.4.13.dylib; path = ../../../../../../../usr/local/Cellar/opencv/2.4.13.2/lib/libopencv_features2d.2.4.13.dylib; sourceTree = "<group>"; };
		3167483E1EF47C2500F28053 /* libopencv_features2d.2.4.13.dylib */ = {isa = PBXFileReference; lastKnownFileType = "compiled.mach-o.dylib"; name = libopencv_features2d.2.4.13.dylib; path = ../../../../../../../usr/local/Cellar/opencv/2.4.13.2/lib/libopencv_features2d.2.4.13.dylib; sourceTree = "<group>"; };
		3167483F1EF47C2500F28053 /* libopencv_features2d.2.4.13.dylib */ = {isa = PBXFileReference; lastKnownFileType = "compiled.mach-o.dylib"; name = libopencv_features2d.2.4.13.dylib; path = ../../../../../../../usr/local/Cellar/opencv/2.4.13.2/lib/libopencv_features2d.2.4.13.dylib; sourceTree = "<group>"; };
		316748401EF47C2500F28053 /* libopencv_flann.2.4.13.dylib */ = {isa = PBXFileReference; lastKnownFileType = "compiled.mach-o.dylib"; name = libopencv_flann.2.4.13.dylib; path = ../../../../../../../usr/local/Cellar/opencv/2.4.13.2/lib/libopencv_flann.2.4.13.dylib; sourceTree = "<group>"; };
		316748411EF47C2500F28053 /* libopencv_flann.2.4.13.dylib */ = {isa = PBXFileReference; lastKnownFileType = "compiled.mach-o.dylib"; name = libopencv_flann.2.4.13.dylib; path = ../../../../../../../usr/local/Cellar/opencv/2.4.13.2/lib/libopencv_flann.2.4.13.dylib; sourceTree = "<group>"; };
		316748421EF47C2500F28053 /* libopencv_flann.2.4.13.dylib */ = {isa = PBXFileReference; lastKnownFileType = "compiled.mach-o.dylib"; name = libopencv_flann.2.4.13.dylib; path = ../../../../../../../usr/local/Cellar/opencv/2.4.13.2/lib/libopencv_flann.2.4.13.dylib; sourceTree = "<group>"; };
		316748431EF47C2500F28053 /* libopencv_gpu.2.4.13.dylib */ = {isa = PBXFileReference; lastKnownFileType = "compiled.mach-o.dylib"; name = libopencv_gpu.2.4.13.dylib; path = ../../../../../../../usr/local/Cellar/opencv/2.4.13.2/lib/libopencv_gpu.2.4.13.dylib; sourceTree = "<group>"; };
		316748441EF47C2500F28053 /* libopencv_gpu.2.4.13.dylib */ = {isa = PBXFileReference; lastKnownFileType = "compiled.mach-o.dylib"; name = libopencv_gpu.2.4.13.dylib; path = ../../../../../../../usr/local/Cellar/opencv/2.4.13.2/lib/libopencv_gpu.2.4.13.dylib; sourceTree = "<group>"; };
		316748451EF47C2500F28053 /* libopencv_gpu.2.4.13.dylib */ = {isa = PBXFileReference; lastKnownFileType = "compiled.mach-o.dylib"; name = libopencv_gpu.2.4.13.dylib; path = ../../../../../../../usr/local/Cellar/opencv/2.4.13.2/lib/libopencv_gpu.2.4.13.dylib; sourceTree = "<group>"; };
		316748461EF47C2500F28053 /* libopencv_highgui.2.4.13.dylib */ = {isa = PBXFileReference; lastKnownFileType = "compiled.mach-o.dylib"; name = libopencv_highgui.2.4.13.dylib; path = ../../../../../../../usr/local/Cellar/opencv/2.4.13.2/lib/libopencv_highgui.2.4.13.dylib; sourceTree = "<group>"; };
		316748471EF47C2500F28053 /* libopencv_highgui.2.4.13.dylib */ = {isa = PBXFileReference; lastKnownFileType = "compiled.mach-o.dylib"; name = libopencv_highgui.2.4.13.dylib; path = ../../../../../../../usr/local/Cellar/opencv/2.4.13.2/lib/libopencv_highgui.2.4.13.dylib; sourceTree = "<group>"; };
		316748481EF47C2500F28053 /* libopencv_highgui.2.4.13.dylib */ = {isa = PBXFileReference; lastKnownFileType = "compiled.mach-o.dylib"; name = libopencv_highgui.2.4.13.dylib; path = ../../../../../../../usr/local/Cellar/opencv/2.4.13.2/lib/libopencv_highgui.2.4.13.dylib; sourceTree = "<group>"; };
		316748491EF47C2500F28053 /* libopencv_imgproc.2.4.13.dylib */ = {isa = PBXFileReference; lastKnownFileType = "compiled.mach-o.dylib"; name = libopencv_imgproc.2.4.13.dylib; path = ../../../../../../../usr/local/Cellar/opencv/2.4.13.2/lib/libopencv_imgproc.2.4.13.dylib; sourceTree = "<group>"; };
		3167484A1EF47C2500F28053 /* libopencv_imgproc.2.4.13.dylib */ = {isa = PBXFileReference; lastKnownFileType = "compiled.mach-o.dylib"; name = libopencv_imgproc.2.4.13.dylib; path = ../../../../../../../usr/local/Cellar/opencv/2.4.13.2/lib/libopencv_imgproc.2.4.13.dylib; sourceTree = "<group>"; };
		3167484B1EF47C2500F28053 /* libopencv_imgproc.2.4.13.dylib */ = {isa = PBXFileReference; lastKnownFileType = "compiled.mach-o.dylib"; name = libopencv_imgproc.2.4.13.dylib; path = ../../../../../../../usr/local/Cellar/opencv/2.4.13.2/lib/libopencv_imgproc.2.4.13.dylib; sourceTree = "<group>"; };
		3167484C1EF47C2500F28053 /* libopencv_legacy.2.4.13.dylib */ = {isa = PBXFileReference; lastKnownFileType = "compiled.mach-o.dylib"; name = libopencv_legacy.2.4.13.dylib; path = ../../../../../../../usr/local/Cellar/opencv/2.4.13.2/lib/libopencv_legacy.2.4.13.dylib; sourceTree = "<group>"; };
		3167484D1EF47C2500F28053 /* libopencv_legacy.2.4.13.dylib */ = {isa = PBXFileReference; lastKnownFileType = "compiled.mach-o.dylib"; name = libopencv_legacy.2.4.13.dylib; path = ../../../../../../../usr/local/Cellar/opencv/2.4.13.2/lib/libopencv_legacy.2.4.13.dylib; sourceTree = "<group>"; };
		3167484E1EF47C2500F28053 /* libopencv_legacy.2.4.13.dylib */ = {isa = PBXFileReference; lastKnownFileType = "compiled.mach-o.dylib"; name = libopencv_legacy.2.4.13.dylib; path = ../../../../../../../usr/local/Cellar/opencv/2.4.13.2/lib/libopencv_legacy.2.4.13.dylib; sourceTree = "<group>"; };
		3167484F1EF47C2500F28053 /* libopencv_ml.2.4.13.dylib */ = {isa = PBXFileReference; lastKnownFileType = "compiled.mach-o.dylib"; name = libopencv_ml.2.4.13.dylib; path = ../../../../../../../usr/local/Cellar/opencv/2.4.13.2/lib/libopencv_ml.2.4.13.dylib; sourceTree = "<group>"; };
		316748501EF47C2500F28053 /* libopencv_ml.2.4.13.dylib */ = {isa = PBXFileReference; lastKnownFileType = "compiled.mach-o.dylib"; name = libopencv_ml.2.4.13.dylib; path = ../../../../../../../usr/local/Cellar/opencv/2.4.13.2/lib/libopencv_ml.2.4.13.dylib; sourceTree = "<group>"; };
		316748511EF47C2500F28053 /* libopencv_ml.2.4.13.dylib */ = {isa = PBXFileReference; lastKnownFileType = "compiled.mach-o.dylib"; name = libopencv_ml.2.4.13.dylib; path = ../../../../../../../usr/local/Cellar/opencv/2.4.13.2/lib/libopencv_ml.2.4.13.dylib; sourceTree = "<group>"; };
		316748521EF47C2500F28053 /* libopencv_nonfree.2.4.13.dylib */ = {isa = PBXFileReference; lastKnownFileType = "compiled.mach-o.dylib"; name = libopencv_nonfree.2.4.13.dylib; path = ../../../../../../../usr/local/Cellar/opencv/2.4.13.2/lib/libopencv_nonfree.2.4.13.dylib; sourceTree = "<group>"; };
		316748531EF47C2500F28053 /* libopencv_nonfree.2.4.13.dylib */ = {isa = PBXFileReference; lastKnownFileType = "compiled.mach-o.dylib"; name = libopencv_nonfree.2.4.13.dylib; path = ../../../../../../../usr/local/Cellar/opencv/2.4.13.2/lib/libopencv_nonfree.2.4.13.dylib; sourceTree = "<group>"; };
		316748541EF47C2500F28053 /* libopencv_nonfree.2.4.13.dylib */ = {isa = PBXFileReference; lastKnownFileType = "compiled.mach-o.dylib"; name = libopencv_nonfree.2.4.13.dylib; path = ../../../../../../../usr/local/Cellar/opencv/2.4.13.2/lib/libopencv_nonfree.2.4.13.dylib; sourceTree = "<group>"; };
		316748551EF47C2500F28053 /* libopencv_objdetect.2.4.13.dylib */ = {isa = PBXFileReference; lastKnownFileType = "compiled.mach-o.dylib"; name = libopencv_objdetect.2.4.13.dylib; path = ../../../../../../../usr/local/Cellar/opencv/2.4.13.2/lib/libopencv_objdetect.2.4.13.dylib; sourceTree = "<group>"; };
		316748561EF47C2500F28053 /* libopencv_objdetect.2.4.13.dylib */ = {isa = PBXFileReference; lastKnownFileType = "compiled.mach-o.dylib"; name = libopencv_objdetect.2.4.13.dylib; path = ../../../../../../../usr/local/Cellar/opencv/2.4.13.2/lib/libopencv_objdetect.2.4.13.dylib; sourceTree = "<group>"; };
		316748571EF47C2500F28053 /* libopencv_objdetect.2.4.13.dylib */ = {isa = PBXFileReference; lastKnownFileType = "compiled.mach-o.dylib"; name = libopencv_objdetect.2.4.13.dylib; path = ../../../../../../../usr/local/Cellar/opencv/2.4.13.2/lib/libopencv_objdetect.2.4.13.dylib; sourceTree = "<group>"; };
		316748581EF47C2500F28053 /* libopencv_ocl.2.4.13.dylib */ = {isa = PBXFileReference; lastKnownFileType = "compiled.mach-o.dylib"; name = libopencv_ocl.2.4.13.dylib; path = ../../../../../../../usr/local/Cellar/opencv/2.4.13.2/lib/libopencv_ocl.2.4.13.dylib; sourceTree = "<group>"; };
		316748591EF47C2500F28053 /* libopencv_ocl.2.4.13.dylib */ = {isa = PBXFileReference; lastKnownFileType = "compiled.mach-o.dylib"; name = libopencv_ocl.2.4.13.dylib; path = ../../../../../../../usr/local/Cellar/opencv/2.4.13.2/lib/libopencv_ocl.2.4.13.dylib; sourceTree = "<group>"; };
		3167485A1EF47C2500F28053 /* libopencv_ocl.2.4.13.dylib */ = {isa = PBXFileReference; lastKnownFileType = "compiled.mach-o.dylib"; name = libopencv_ocl.2.4.13.dylib; path = ../../../../../../../usr/local/Cellar/opencv/2.4.13.2/lib/libopencv_ocl.2.4.13.dylib; sourceTree = "<group>"; };
		3167485B1EF47C2500F28053 /* libopencv_photo.2.4.13.dylib */ = {isa = PBXFileReference; lastKnownFileType = "compiled.mach-o.dylib"; name = libopencv_photo.2.4.13.dylib; path = ../../../../../../../usr/local/Cellar/opencv/2.4.13.2/lib/libopencv_photo.2.4.13.dylib; sourceTree = "<group>"; };
		3167485C1EF47C2500F28053 /* libopencv_photo.2.4.13.dylib */ = {isa = PBXFileReference; lastKnownFileType = "compiled.mach-o.dylib"; name = libopencv_photo.2.4.13.dylib; path = ../../../../../../../usr/local/Cellar/opencv/2.4.13.2/lib/libopencv_photo.2.4.13.dylib; sourceTree = "<group>"; };
		3167485D1EF47C2500F28053 /* libopencv_photo.2.4.13.dylib */ = {isa = PBXFileReference; lastKnownFileType = "compiled.mach-o.dylib"; name = libopencv_photo.2.4.13.dylib; path = ../../../../../../../usr/local/Cellar/opencv/2.4.13.2/lib/libopencv_photo.2.4.13.dylib; sourceTree = "<group>"; };
		3167485E1EF47C2500F28053 /* libopencv_stitching.2.4.13.dylib */ = {isa = PBXFileReference; lastKnownFileType = "compiled.mach-o.dylib"; name = libopencv_stitching.2.4.13.dylib; path = ../../../../../../../usr/local/Cellar/opencv/2.4.13.2/lib/libopencv_stitching.2.4.13.dylib; sourceTree = "<group>"; };
		3167485F1EF47C2500F28053 /* libopencv_stitching.2.4.13.dylib */ = {isa = PBXFileReference; lastKnownFileType = "compiled.mach-o.dylib"; name = libopencv_stitching.2.4.13.dylib; path = ../../../../../../../usr/local/Cellar/opencv/2.4.13.2/lib/libopencv_stitching.2.4.13.dylib; sourceTree = "<group>"; };
		316748601EF47C2500F28053 /* libopencv_stitching.2.4.13.dylib */ = {isa = PBXFileReference; lastKnownFileType = "compiled.mach-o.dylib"; name = libopencv_stitching.2.4.13.dylib; path = ../../../../../../../usr/local/Cellar/opencv/2.4.13.2/lib/libopencv_stitching.2.4.13.dylib; sourceTree = "<group>"; };
		316748611EF47C2500F28053 /* libopencv_superres.2.4.13.dylib */ = {isa = PBXFileReference; lastKnownFileType = "compiled.mach-o.dylib"; name = libopencv_superres.2.4.13.dylib; path = ../../../../../../../usr/local/Cellar/opencv/2.4.13.2/lib/libopencv_superres.2.4.13.dylib; sourceTree = "<group>"; };
		316748621EF47C2500F28053 /* libopencv_superres.2.4.13.dylib */ = {isa = PBXFileReference; lastKnownFileType = "compiled.mach-o.dylib"; name = libopencv_superres.2.4.13.dylib; path = ../../../../../../../usr/local/Cellar/opencv/2.4.13.2/lib/libopencv_superres.2.4.13.dylib; sourceTree = "<group>"; };
		316748631EF47C2500F28053 /* libopencv_superres.2.4.13.dylib */ = {isa = PBXFileReference; lastKnownFileType = "compiled.mach-o.dylib"; name = libopencv_superres.2.4.13.dylib; path = ../../../../../../../usr/local/Cellar/opencv/2.4.13.2/lib/libopencv_superres.2.4.13.dylib; sourceTree = "<group>"; };
		316748641EF47C2500F28053 /* libopencv_ts.a */ = {isa = PBXFileReference; lastKnownFileType = archive.ar; name = libopencv_ts.a; path = ../../../../../../../usr/local/Cellar/opencv/2.4.13.2/lib/libopencv_ts.a; sourceTree = "<group>"; };
		316748651EF47C2500F28053 /* libopencv_video.2.4.13.dylib */ = {isa = PBXFileReference; lastKnownFileType = "compiled.mach-o.dylib"; name = libopencv_video.2.4.13.dylib; path = ../../../../../../../usr/local/Cellar/opencv/2.4.13.2/lib/libopencv_video.2.4.13.dylib; sourceTree = "<group>"; };
		316748661EF47C2500F28053 /* libopencv_video.2.4.13.dylib */ = {isa = PBXFileReference; lastKnownFileType = "compiled.mach-o.dylib"; name = libopencv_video.2.4.13.dylib; path = ../../../../../../../usr/local/Cellar/opencv/2.4.13.2/lib/libopencv_video.2.4.13.dylib; sourceTree = "<group>"; };
		316748671EF47C2500F28053 /* libopencv_video.2.4.13.dylib */ = {isa = PBXFileReference; lastKnownFileType = "compiled.mach-o.dylib"; name = libopencv_video.2.4.13.dylib; path = ../../../../../../../usr/local/Cellar/opencv/2.4.13.2/lib/libopencv_video.2.4.13.dylib; sourceTree = "<group>"; };
		316748681EF47C2500F28053 /* libopencv_videostab.2.4.13.dylib */ = {isa = PBXFileReference; lastKnownFileType = "compiled.mach-o.dylib"; name = libopencv_videostab.2.4.13.dylib; path = ../../../../../../../usr/local/Cellar/opencv/2.4.13.2/lib/libopencv_videostab.2.4.13.dylib; sourceTree = "<group>"; };
		316748691EF47C2500F28053 /* libopencv_videostab.2.4.13.dylib */ = {isa = PBXFileReference; lastKnownFileType = "compiled.mach-o.dylib"; name = libopencv_videostab.2.4.13.dylib; path = ../../../../../../../usr/local/Cellar/opencv/2.4.13.2/lib/libopencv_videostab.2.4.13.dylib; sourceTree = "<group>"; };
		3167486A1EF47C2500F28053 /* libopencv_videostab.2.4.13.dylib */ = {isa = PBXFileReference; lastKnownFileType = "compiled.mach-o.dylib"; name = libopencv_videostab.2.4.13.dylib; path = ../../../../../../../usr/local/Cellar/opencv/2.4.13.2/lib/libopencv_videostab.2.4.13.dylib; sourceTree = "<group>"; };
		3167486B1EF47C2500F28053 /* libpng16.a */ = {isa = PBXFileReference; lastKnownFileType = archive.ar; name = libpng16.a; path = ../../../../../../../usr/local/Cellar/libpng/1.6.29/lib/libpng16.a; sourceTree = "<group>"; };
		3167486C1EF47C2500F28053 /* libpng16.16.dylib */ = {isa = PBXFileReference; lastKnownFileType = "compiled.mach-o.dylib"; name = libpng16.16.dylib; path = ../../../../../../../usr/local/Cellar/libpng/1.6.29/lib/libpng16.16.dylib; sourceTree = "<group>"; };
		3167486D1EF47C2500F28053 /* libpng16.16.dylib */ = {isa = PBXFileReference; lastKnownFileType = "compiled.mach-o.dylib"; name = libpng16.16.dylib; path = ../../../../../../../usr/local/Cellar/libpng/1.6.29/lib/libpng16.16.dylib; sourceTree = "<group>"; };
		3167486E1EF47C2500F28053 /* libpng16.a */ = {isa = PBXFileReference; lastKnownFileType = archive.ar; name = libpng16.a; path = ../../../../../../../usr/local/Cellar/libpng/1.6.29/lib/libpng16.a; sourceTree = "<group>"; };
		3167486F1EF47C2500F28053 /* libpng16.16.dylib */ = {isa = PBXFileReference; lastKnownFileType = "compiled.mach-o.dylib"; name = libpng16.16.dylib; path = ../../../../../../../usr/local/Cellar/libpng/1.6.29/lib/libpng16.16.dylib; sourceTree = "<group>"; };
		316748701EF47C2500F28053 /* libpostproc.54.5.100.dylib */ = {isa = PBXFileReference; lastKnownFileType = "compiled.mach-o.dylib"; name = libpostproc.54.5.100.dylib; path = ../../../../../../../usr/local/Cellar/ffmpeg/3.3.2/lib/libpostproc.54.5.100.dylib; sourceTree = "<group>"; };
		316748711EF47C2500F28053 /* libpostproc.54.5.100.dylib */ = {isa = PBXFileReference; lastKnownFileType = "compiled.mach-o.dylib"; name = libpostproc.54.5.100.dylib; path = ../../../../../../../usr/local/Cellar/ffmpeg/3.3.2/lib/libpostproc.54.5.100.dylib; sourceTree = "<group>"; };
		316748721EF47C2500F28053 /* libpostproc.a */ = {isa = PBXFileReference; lastKnownFileType = archive.ar; name = libpostproc.a; path = ../../../../../../../usr/local/Cellar/ffmpeg/3.3.2/lib/libpostproc.a; sourceTree = "<group>"; };
		316748731EF47C2500F28053 /* libpostproc.54.5.100.dylib */ = {isa = PBXFileReference; lastKnownFileType = "compiled.mach-o.dylib"; name = libpostproc.54.5.100.dylib; path = ../../../../../../../usr/local/Cellar/ffmpeg/3.3.2/lib/libpostproc.54.5.100.dylib; sourceTree = "<group>"; };
		316748741EF47C2500F28053 /* libswresample.2.7.100.dylib */ = {isa = PBXFileReference; lastKnownFileType = "compiled.mach-o.dylib"; name = libswresample.2.7.100.dylib; path = ../../../../../../../usr/local/Cellar/ffmpeg/3.3.2/lib/libswresample.2.7.100.dylib; sourceTree = "<group>"; };
		316748751EF47C2500F28053 /* libswresample.2.7.100.dylib */ = {isa = PBXFileReference; lastKnownFileType = "compiled.mach-o.dylib"; name = libswresample.2.7.100.dylib; path = ../../../../../../../usr/local/Cellar/ffmpeg/3.3.2/lib/libswresample.2.7.100.dylib; sourceTree = "<group>"; };
		316748761EF47C2500F28053 /* libswresample.a */ = {isa = PBXFileReference; lastKnownFileType = archive.ar; name = libswresample.a; path = ../../../../../../../usr/local/Cellar/ffmpeg/3.3.2/lib/libswresample.a; sourceTree = "<group>"; };
		316748771EF47C2500F28053 /* libswresample.2.7.100.dylib */ = {isa = PBXFileReference; lastKnownFileType = "compiled.mach-o.dylib"; name = libswresample.2.7.100.dylib; path = ../../../../../../../usr/local/Cellar/ffmpeg/3.3.2/lib/libswresample.2.7.100.dylib; sourceTree = "<group>"; };
		316748781EF47C2500F28053 /* libswscale.4.6.100.dylib */ = {isa = PBXFileReference; lastKnownFileType = "compiled.mach-o.dylib"; name = libswscale.4.6.100.dylib; path = ../../../../../../../usr/local/Cellar/ffmpeg/3.3.2/lib/libswscale.4.6.100.dylib; sourceTree = "<group>"; };
		316748791EF47C2500F28053 /* libswscale.4.6.100.dylib */ = {isa = PBXFileReference; lastKnownFileType = "compiled.mach-o.dylib"; name = libswscale.4.6.100.dylib; path = ../../../../../../../usr/local/Cellar/ffmpeg/3.3.2/lib/libswscale.4.6.100.dylib; sourceTree = "<group>"; };
		3167487A1EF47C2500F28053 /* libswscale.a */ = {isa = PBXFileReference; lastKnownFileType = archive.ar; name = libswscale.a; path = ../../../../../../../usr/local/Cellar/ffmpeg/3.3.2/lib/libswscale.a; sourceTree = "<group>"; };
		3167487B1EF47C2500F28053 /* libswscale.4.6.100.dylib */ = {isa = PBXFileReference; lastKnownFileType = "compiled.mach-o.dylib"; name = libswscale.4.6.100.dylib; path = ../../../../../../../usr/local/Cellar/ffmpeg/3.3.2/lib/libswscale.4.6.100.dylib; sourceTree = "<group>"; };
		3167487C1EF47C2500F28053 /* libtiff.5.dylib */ = {isa = PBXFileReference; lastKnownFileType = "compiled.mach-o.dylib"; name = libtiff.5.dylib; path = ../../../../../../../usr/local/Cellar/libtiff/4.0.8/lib/libtiff.5.dylib; sourceTree = "<group>"; };
		3167487D1EF47C2500F28053 /* libtiff.a */ = {isa = PBXFileReference; lastKnownFileType = archive.ar; name = libtiff.a; path = ../../../../../../../usr/local/Cellar/libtiff/4.0.8/lib/libtiff.a; sourceTree = "<group>"; };
		3167487E1EF47C2500F28053 /* libtiff.5.dylib */ = {isa = PBXFileReference; lastKnownFileType = "compiled.mach-o.dylib"; name = libtiff.5.dylib; path = ../../../../../../../usr/local/Cellar/libtiff/4.0.8/lib/libtiff.5.dylib; sourceTree = "<group>"; };
		3167487F1EF47C2500F28053 /* libtiffxx.5.dylib */ = {isa = PBXFileReference; lastKnownFileType = "compiled.mach-o.dylib"; name = libtiffxx.5.dylib; path = ../../../../../../../usr/local/Cellar/libtiff/4.0.8/lib/libtiffxx.5.dylib; sourceTree = "<group>"; };
		316748801EF47C2500F28053 /* libtiffxx.a */ = {isa = PBXFileReference; lastKnownFileType = archive.ar; name = libtiffxx.a; path = ../../../../../../../usr/local/Cellar/libtiff/4.0.8/lib/libtiffxx.a; sourceTree = "<group>"; };
		316748811EF47C2500F28053 /* libtiffxx.5.dylib */ = {isa = PBXFileReference; lastKnownFileType = "compiled.mach-o.dylib"; name = libtiffxx.5.dylib; path = ../../../../../../../usr/local/Cellar/libtiff/4.0.8/lib/libtiffxx.5.dylib; sourceTree = "<group>"; };
		316748821EF47C2500F28053 /* libx264.148.dylib */ = {isa = PBXFileReference; lastKnownFileType = "compiled.mach-o.dylib"; name = libx264.148.dylib; path = ../../../../../../../usr/local/Cellar/x264/r2748/lib/libx264.148.dylib; sourceTree = "<group>"; };
		316748831EF47C2500F28053 /* libx264.a */ = {isa = PBXFileReference; lastKnownFileType = archive.ar; name = libx264.a; path = ../../../../../../../usr/local/Cellar/x264/r2748/lib/libx264.a; sourceTree = "<group>"; };
		316748841EF47C2500F28053 /* libx264.148.dylib */ = {isa = PBXFileReference; lastKnownFileType = "compiled.mach-o.dylib"; name = libx264.148.dylib; path = ../../../../../../../usr/local/Cellar/x264/r2748/lib/libx264.148.dylib; sourceTree = "<group>"; };
		316748851EF47C2500F28053 /* libxvidcore.4.dylib */ = {isa = PBXFileReference; lastKnownFileType = "compiled.mach-o.dylib"; name = libxvidcore.4.dylib; path = ../../../../../../../usr/local/Cellar/xvid/1.3.4/lib/libxvidcore.4.dylib; sourceTree = "<group>"; };
		316748861EF47C2500F28053 /* libxvidcore.a */ = {isa = PBXFileReference; lastKnownFileType = archive.ar; name = libxvidcore.a; path = ../../../../../../../usr/local/Cellar/xvid/1.3.4/lib/libxvidcore.a; sourceTree = "<group>"; };
		316748871EF47C2500F28053 /* pkgconfig */ = {isa = PBXFileReference; lastKnownFileType = folder; name = pkgconfig; path = ../../../../../../../usr/local/lib/pkgconfig; sourceTree = "<group>"; };
		316748881EF47C2500F28053 /* python2.7 */ = {isa = PBXFileReference; lastKnownFileType = folder; name = python2.7; path = ../../../../../../../usr/local/lib/python2.7; sourceTree = "<group>"; };
/* End PBXFileReference section */

/* Begin PBXFrameworksBuildPhase section */
		316747F31EF47C1800F28053 /* Frameworks */ = {
			isa = PBXFrameworksBuildPhase;
			buildActionMask = 2147483647;
			files = (
				316748891EF47C2500F28053 /* libavcodec.57.89.100.dylib in Frameworks */,
				3167488A1EF47C2500F28053 /* libavcodec.57.89.100.dylib in Frameworks */,
				3167488B1EF47C2500F28053 /* libavcodec.a in Frameworks */,
				3167488C1EF47C2500F28053 /* libavcodec.57.89.100.dylib in Frameworks */,
				3167488D1EF47C2500F28053 /* libavdevice.57.6.100.dylib in Frameworks */,
				3167488E1EF47C2500F28053 /* libavdevice.57.6.100.dylib in Frameworks */,
				3167488F1EF47C2500F28053 /* libavdevice.a in Frameworks */,
				316748901EF47C2500F28053 /* libavdevice.57.6.100.dylib in Frameworks */,
				316748911EF47C2500F28053 /* libavfilter.6.82.100.dylib in Frameworks */,
				316748921EF47C2500F28053 /* libavfilter.6.82.100.dylib in Frameworks */,
				316748931EF47C2500F28053 /* libavfilter.a in Frameworks */,
				316748941EF47C2500F28053 /* libavfilter.6.82.100.dylib in Frameworks */,
				316748951EF47C2500F28053 /* libavformat.57.71.100.dylib in Frameworks */,
				316748961EF47C2500F28053 /* libavformat.57.71.100.dylib in Frameworks */,
				316748971EF47C2500F28053 /* libavformat.a in Frameworks */,
				316748981EF47C2500F28053 /* libavformat.57.71.100.dylib in Frameworks */,
				316748991EF47C2500F28053 /* libavresample.3.5.0.dylib in Frameworks */,
				3167489A1EF47C2500F28053 /* libavresample.3.5.0.dylib in Frameworks */,
				3167489B1EF47C2500F28053 /* libavresample.a in Frameworks */,
				3167489C1EF47C2500F28053 /* libavresample.3.5.0.dylib in Frameworks */,
				3167489D1EF47C2500F28053 /* libavutil.55.58.100.dylib in Frameworks */,
				3167489E1EF47C2500F28053 /* libavutil.55.58.100.dylib in Frameworks */,
				3167489F1EF47C2500F28053 /* libavutil.a in Frameworks */,
				316748A01EF47C2500F28053 /* libavutil.55.58.100.dylib in Frameworks */,
				316748A11EF47C2500F28053 /* libHalf.12.dylib in Frameworks */,
				316748A21EF47C2500F28053 /* libHalf.a in Frameworks */,
				316748A31EF47C2500F28053 /* libHalf.12.dylib in Frameworks */,
				316748A41EF47C2500F28053 /* libIex-2_2.12.dylib in Frameworks */,
				316748A51EF47C2500F28053 /* libIex.a in Frameworks */,
				316748A61EF47C2500F28053 /* libIex-2_2.12.dylib in Frameworks */,
				316748A71EF47C2500F28053 /* libIexMath-2_2.12.dylib in Frameworks */,
				316748A81EF47C2500F28053 /* libIexMath.a in Frameworks */,
				316748A91EF47C2500F28053 /* libIexMath-2_2.12.dylib in Frameworks */,
				316748AA1EF47C2500F28053 /* libIlmImf-2_2.22.dylib in Frameworks */,
				316748AB1EF47C2500F28053 /* libIlmImf.a in Frameworks */,
				316748AC1EF47C2500F28053 /* libIlmImf-2_2.22.dylib in Frameworks */,
				316748AD1EF47C2500F28053 /* libIlmImfUtil-2_2.22.dylib in Frameworks */,
				316748AE1EF47C2500F28053 /* libIlmImfUtil.a in Frameworks */,
				316748AF1EF47C2500F28053 /* libIlmImfUtil-2_2.22.dylib in Frameworks */,
				316748B01EF47C2500F28053 /* libIlmThread-2_2.12.dylib in Frameworks */,
				316748B11EF47C2500F28053 /* libIlmThread.a in Frameworks */,
				316748B21EF47C2500F28053 /* libIlmThread-2_2.12.dylib in Frameworks */,
				316748B31EF47C2500F28053 /* libImath-2_2.12.dylib in Frameworks */,
				316748B41EF47C2500F28053 /* libImath.a in Frameworks */,
				316748B51EF47C2500F28053 /* libImath-2_2.12.dylib in Frameworks */,
				316748B61EF47C2500F28053 /* libjpeg.8.dylib in Frameworks */,
				316748B71EF47C2500F28053 /* libjpeg.a in Frameworks */,
				316748B81EF47C2500F28053 /* libjpeg.8.dylib in Frameworks */,
				316748B91EF47C2500F28053 /* libmp3lame.0.dylib in Frameworks */,
				316748BA1EF47C2500F28053 /* libmp3lame.a in Frameworks */,
				316748BB1EF47C2500F28053 /* libmp3lame.0.dylib in Frameworks */,
				316748BC1EF47C2500F28053 /* libopencv_calib3d.2.4.13.dylib in Frameworks */,
				316748BD1EF47C2500F28053 /* libopencv_calib3d.2.4.13.dylib in Frameworks */,
				316748BE1EF47C2500F28053 /* libopencv_calib3d.2.4.13.dylib in Frameworks */,
				316748BF1EF47C2500F28053 /* libopencv_contrib.2.4.13.dylib in Frameworks */,
				316748C01EF47C2500F28053 /* libopencv_contrib.2.4.13.dylib in Frameworks */,
				316748C11EF47C2500F28053 /* libopencv_contrib.2.4.13.dylib in Frameworks */,
				316748C21EF47C2500F28053 /* libopencv_core.2.4.13.dylib in Frameworks */,
				316748C31EF47C2500F28053 /* libopencv_core.2.4.13.dylib in Frameworks */,
				316748C41EF47C2500F28053 /* libopencv_core.2.4.13.dylib in Frameworks */,
				316748C51EF47C2500F28053 /* libopencv_features2d.2.4.13.dylib in Frameworks */,
				316748C61EF47C2500F28053 /* libopencv_features2d.2.4.13.dylib in Frameworks */,
				316748C71EF47C2500F28053 /* libopencv_features2d.2.4.13.dylib in Frameworks */,
				316748C81EF47C2500F28053 /* libopencv_flann.2.4.13.dylib in Frameworks */,
				316748C91EF47C2500F28053 /* libopencv_flann.2.4.13.dylib in Frameworks */,
				316748CA1EF47C2500F28053 /* libopencv_flann.2.4.13.dylib in Frameworks */,
				316748CB1EF47C2500F28053 /* libopencv_gpu.2.4.13.dylib in Frameworks */,
				316748CC1EF47C2500F28053 /* libopencv_gpu.2.4.13.dylib in Frameworks */,
				316748CD1EF47C2500F28053 /* libopencv_gpu.2.4.13.dylib in Frameworks */,
				316748CE1EF47C2500F28053 /* libopencv_highgui.2.4.13.dylib in Frameworks */,
				316748CF1EF47C2500F28053 /* libopencv_highgui.2.4.13.dylib in Frameworks */,
				316748D01EF47C2500F28053 /* libopencv_highgui.2.4.13.dylib in Frameworks */,
				316748D11EF47C2600F28053 /* libopencv_imgproc.2.4.13.dylib in Frameworks */,
				316748D21EF47C2600F28053 /* libopencv_imgproc.2.4.13.dylib in Frameworks */,
				316748D31EF47C2600F28053 /* libopencv_imgproc.2.4.13.dylib in Frameworks */,
				316748D41EF47C2600F28053 /* libopencv_legacy.2.4.13.dylib in Frameworks */,
				316748D51EF47C2600F28053 /* libopencv_legacy.2.4.13.dylib in Frameworks */,
				316748D61EF47C2600F28053 /* libopencv_legacy.2.4.13.dylib in Frameworks */,
				316748D71EF47C2600F28053 /* libopencv_ml.2.4.13.dylib in Frameworks */,
				316748D81EF47C2600F28053 /* libopencv_ml.2.4.13.dylib in Frameworks */,
				316748D91EF47C2600F28053 /* libopencv_ml.2.4.13.dylib in Frameworks */,
				316748DA1EF47C2600F28053 /* libopencv_nonfree.2.4.13.dylib in Frameworks */,
				316748DB1EF47C2600F28053 /* libopencv_nonfree.2.4.13.dylib in Frameworks */,
				316748DC1EF47C2600F28053 /* libopencv_nonfree.2.4.13.dylib in Frameworks */,
				316748DD1EF47C2600F28053 /* libopencv_objdetect.2.4.13.dylib in Frameworks */,
				316748DE1EF47C2600F28053 /* libopencv_objdetect.2.4.13.dylib in Frameworks */,
				316748DF1EF47C2600F28053 /* libopencv_objdetect.2.4.13.dylib in Frameworks */,
				316748E01EF47C2600F28053 /* libopencv_ocl.2.4.13.dylib in Frameworks */,
				316748E11EF47C2600F28053 /* libopencv_ocl.2.4.13.dylib in Frameworks */,
				316748E21EF47C2600F28053 /* libopencv_ocl.2.4.13.dylib in Frameworks */,
				316748E31EF47C2600F28053 /* libopencv_photo.2.4.13.dylib in Frameworks */,
				316748E41EF47C2600F28053 /* libopencv_photo.2.4.13.dylib in Frameworks */,
				316748E51EF47C2600F28053 /* libopencv_photo.2.4.13.dylib in Frameworks */,
				316748E61EF47C2600F28053 /* libopencv_stitching.2.4.13.dylib in Frameworks */,
				316748E71EF47C2600F28053 /* libopencv_stitching.2.4.13.dylib in Frameworks */,
				316748E81EF47C2600F28053 /* libopencv_stitching.2.4.13.dylib in Frameworks */,
				316748E91EF47C2600F28053 /* libopencv_superres.2.4.13.dylib in Frameworks */,
				316748EA1EF47C2600F28053 /* libopencv_superres.2.4.13.dylib in Frameworks */,
				316748EB1EF47C2600F28053 /* libopencv_superres.2.4.13.dylib in Frameworks */,
				316748EC1EF47C2600F28053 /* libopencv_ts.a in Frameworks */,
				316748ED1EF47C2600F28053 /* libopencv_video.2.4.13.dylib in Frameworks */,
				316748EE1EF47C2600F28053 /* libopencv_video.2.4.13.dylib in Frameworks */,
				316748EF1EF47C2600F28053 /* libopencv_video.2.4.13.dylib in Frameworks */,
				316748F01EF47C2600F28053 /* libopencv_videostab.2.4.13.dylib in Frameworks */,
				316748F11EF47C2600F28053 /* libopencv_videostab.2.4.13.dylib in Frameworks */,
				316748F21EF47C2600F28053 /* libopencv_videostab.2.4.13.dylib in Frameworks */,
				316748F31EF47C2600F28053 /* libpng16.a in Frameworks */,
				316748F41EF47C2600F28053 /* libpng16.16.dylib in Frameworks */,
				316748F51EF47C2600F28053 /* libpng16.16.dylib in Frameworks */,
				316748F61EF47C2600F28053 /* libpng16.a in Frameworks */,
				316748F71EF47C2600F28053 /* libpng16.16.dylib in Frameworks */,
				316748F81EF47C2600F28053 /* libpostproc.54.5.100.dylib in Frameworks */,
				316748F91EF47C2600F28053 /* libpostproc.54.5.100.dylib in Frameworks */,
				316748FA1EF47C2600F28053 /* libpostproc.a in Frameworks */,
				316748FB1EF47C2600F28053 /* libpostproc.54.5.100.dylib in Frameworks */,
				316748FC1EF47C2600F28053 /* libswresample.2.7.100.dylib in Frameworks */,
				316748FD1EF47C2600F28053 /* libswresample.2.7.100.dylib in Frameworks */,
				316748FE1EF47C2600F28053 /* libswresample.a in Frameworks */,
				316748FF1EF47C2600F28053 /* libswresample.2.7.100.dylib in Frameworks */,
				316749001EF47C2600F28053 /* libswscale.4.6.100.dylib in Frameworks */,
				316749011EF47C2600F28053 /* libswscale.4.6.100.dylib in Frameworks */,
				316749021EF47C2600F28053 /* libswscale.a in Frameworks */,
				316749031EF47C2600F28053 /* libswscale.4.6.100.dylib in Frameworks */,
				316749041EF47C2600F28053 /* libtiff.5.dylib in Frameworks */,
				316749051EF47C2600F28053 /* libtiff.a in Frameworks */,
				316749061EF47C2600F28053 /* libtiff.5.dylib in Frameworks */,
				316749071EF47C2600F28053 /* libtiffxx.5.dylib in Frameworks */,
				316749081EF47C2600F28053 /* libtiffxx.a in Frameworks */,
				316749091EF47C2600F28053 /* libtiffxx.5.dylib in Frameworks */,
				3167490A1EF47C2600F28053 /* libx264.148.dylib in Frameworks */,
				3167490B1EF47C2600F28053 /* libx264.a in Frameworks */,
				3167490C1EF47C2600F28053 /* libx264.148.dylib in Frameworks */,
				3167490D1EF47C2600F28053 /* libxvidcore.4.dylib in Frameworks */,
				3167490E1EF47C2600F28053 /* libxvidcore.a in Frameworks */,
				3167490F1EF47C2600F28053 /* pkgconfig in Frameworks */,
				316749101EF47C2600F28053 /* python2.7 in Frameworks */,
			);
			runOnlyForDeploymentPostprocessing = 0;
		};
/* End PBXFrameworksBuildPhase section */

/* Begin PBXGroup section */
		316747ED1EF47C1800F28053 = {
			isa = PBXGroup;
			children = (
				316747F81EF47C1800F28053 /* ROI */,
				316747F71EF47C1800F28053 /* Products */,
				316748001EF47C2500F28053 /* Frameworks */,
			);
			sourceTree = "<group>";
		};
		316747F71EF47C1800F28053 /* Products */ = {
			isa = PBXGroup;
			children = (
				316747F61EF47C1800F28053 /* ROI */,
			);
			name = Products;
			sourceTree = "<group>";
		};
		316747F81EF47C1800F28053 /* ROI */ = {
			isa = PBXGroup;
			children = (
				316747F91EF47C1800F28053 /* main.cpp */,
			);
			path = ROI;
			sourceTree = "<group>";
		};
		316748001EF47C2500F28053 /* Frameworks */ = {
			isa = PBXGroup;
			children = (
				316748011EF47C2500F28053 /* libavcodec.57.89.100.dylib */,
				316748021EF47C2500F28053 /* libavcodec.57.89.100.dylib */,
				316748031EF47C2500F28053 /* libavcodec.a */,
				316748041EF47C2500F28053 /* libavcodec.57.89.100.dylib */,
				316748051EF47C2500F28053 /* libavdevice.57.6.100.dylib */,
				316748061EF47C2500F28053 /* libavdevice.57.6.100.dylib */,
				316748071EF47C2500F28053 /* libavdevice.a */,
				316748081EF47C2500F28053 /* libavdevice.57.6.100.dylib */,
				316748091EF47C2500F28053 /* libavfilter.6.82.100.dylib */,
				3167480A1EF47C2500F28053 /* libavfilter.6.82.100.dylib */,
				3167480B1EF47C2500F28053 /* libavfilter.a */,
				3167480C1EF47C2500F28053 /* libavfilter.6.82.100.dylib */,
				3167480D1EF47C2500F28053 /* libavformat.57.71.100.dylib */,
				3167480E1EF47C2500F28053 /* libavformat.57.71.100.dylib */,
				3167480F1EF47C2500F28053 /* libavformat.a */,
				316748101EF47C2500F28053 /* libavformat.57.71.100.dylib */,
				316748111EF47C2500F28053 /* libavresample.3.5.0.dylib */,
				316748121EF47C2500F28053 /* libavresample.3.5.0.dylib */,
				316748131EF47C2500F28053 /* libavresample.a */,
				316748141EF47C2500F28053 /* libavresample.3.5.0.dylib */,
				316748151EF47C2500F28053 /* libavutil.55.58.100.dylib */,
				316748161EF47C2500F28053 /* libavutil.55.58.100.dylib */,
				316748171EF47C2500F28053 /* libavutil.a */,
				316748181EF47C2500F28053 /* libavutil.55.58.100.dylib */,
				316748191EF47C2500F28053 /* libHalf.12.dylib */,
				3167481A1EF47C2500F28053 /* libHalf.a */,
				3167481B1EF47C2500F28053 /* libHalf.12.dylib */,
				3167481C1EF47C2500F28053 /* libIex-2_2.12.dylib */,
				3167481D1EF47C2500F28053 /* libIex.a */,
				3167481E1EF47C2500F28053 /* libIex-2_2.12.dylib */,
				3167481F1EF47C2500F28053 /* libIexMath-2_2.12.dylib */,
				316748201EF47C2500F28053 /* libIexMath.a */,
				316748211EF47C2500F28053 /* libIexMath-2_2.12.dylib */,
				316748221EF47C2500F28053 /* libIlmImf-2_2.22.dylib */,
				316748231EF47C2500F28053 /* libIlmImf.a */,
				316748241EF47C2500F28053 /* libIlmImf-2_2.22.dylib */,
				316748251EF47C2500F28053 /* libIlmImfUtil-2_2.22.dylib */,
				316748261EF47C2500F28053 /* libIlmImfUtil.a */,
				316748271EF47C2500F28053 /* libIlmImfUtil-2_2.22.dylib */,
				316748281EF47C2500F28053 /* libIlmThread-2_2.12.dylib */,
				316748291EF47C2500F28053 /* libIlmThread.a */,
				3167482A1EF47C2500F28053 /* libIlmThread-2_2.12.dylib */,
				3167482B1EF47C2500F28053 /* libImath-2_2.12.dylib */,
				3167482C1EF47C2500F28053 /* libImath.a */,
				3167482D1EF47C2500F28053 /* libImath-2_2.12.dylib */,
				3167482E1EF47C2500F28053 /* libjpeg.8.dylib */,
				3167482F1EF47C2500F28053 /* libjpeg.a */,
				316748301EF47C2500F28053 /* libjpeg.8.dylib */,
				316748311EF47C2500F28053 /* libmp3lame.0.dylib */,
				316748321EF47C2500F28053 /* libmp3lame.a */,
				316748331EF47C2500F28053 /* libmp3lame.0.dylib */,
				316748341EF47C2500F28053 /* libopencv_calib3d.2.4.13.dylib */,
				316748351EF47C2500F28053 /* libopencv_calib3d.2.4.13.dylib */,
				316748361EF47C2500F28053 /* libopencv_calib3d.2.4.13.dylib */,
				316748371EF47C2500F28053 /* libopencv_contrib.2.4.13.dylib */,
				316748381EF47C2500F28053 /* libopencv_contrib.2.4.13.dylib */,
				316748391EF47C2500F28053 /* libopencv_contrib.2.4.13.dylib */,
				3167483A1EF47C2500F28053 /* libopencv_core.2.4.13.dylib */,
				3167483B1EF47C2500F28053 /* libopencv_core.2.4.13.dylib */,
				3167483C1EF47C2500F28053 /* libopencv_core.2.4.13.dylib */,
				3167483D1EF47C2500F28053 /* libopencv_features2d.2.4.13.dylib */,
				3167483E1EF47C2500F28053 /* libopencv_features2d.2.4.13.dylib */,
				3167483F1EF47C2500F28053 /* libopencv_features2d.2.4.13.dylib */,
				316748401EF47C2500F28053 /* libopencv_flann.2.4.13.dylib */,
				316748411EF47C2500F28053 /* libopencv_flann.2.4.13.dylib */,
				316748421EF47C2500F28053 /* libopencv_flann.2.4.13.dylib */,
				316748431EF47C2500F28053 /* libopencv_gpu.2.4.13.dylib */,
				316748441EF47C2500F28053 /* libopencv_gpu.2.4.13.dylib */,
				316748451EF47C2500F28053 /* libopencv_gpu.2.4.13.dylib */,
				316748461EF47C2500F28053 /* libopencv_highgui.2.4.13.dylib */,
				316748471EF47C2500F28053 /* libopencv_highgui.2.4.13.dylib */,
				316748481EF47C2500F28053 /* libopencv_highgui.2.4.13.dylib */,
				316748491EF47C2500F28053 /* libopencv_imgproc.2.4.13.dylib */,
				3167484A1EF47C2500F28053 /* libopencv_imgproc.2.4.13.dylib */,
				3167484B1EF47C2500F28053 /* libopencv_imgproc.2.4.13.dylib */,
				3167484C1EF47C2500F28053 /* libopencv_legacy.2.4.13.dylib */,
				3167484D1EF47C2500F28053 /* libopencv_legacy.2.4.13.dylib */,
				3167484E1EF47C2500F28053 /* libopencv_legacy.2.4.13.dylib */,
				3167484F1EF47C2500F28053 /* libopencv_ml.2.4.13.dylib */,
				316748501EF47C2500F28053 /* libopencv_ml.2.4.13.dylib */,
				316748511EF47C2500F28053 /* libopencv_ml.2.4.13.dylib */,
				316748521EF47C2500F28053 /* libopencv_nonfree.2.4.13.dylib */,
				316748531EF47C2500F28053 /* libopencv_nonfree.2.4.13.dylib */,
				316748541EF47C2500F28053 /* libopencv_nonfree.2.4.13.dylib */,
				316748551EF47C2500F28053 /* libopencv_objdetect.2.4.13.dylib */,
				316748561EF47C2500F28053 /* libopencv_objdetect.2.4.13.dylib */,
				316748571EF47C2500F28053 /* libopencv_objdetect.2.4.13.dylib */,
				316748581EF47C2500F28053 /* libopencv_ocl.2.4.13.dylib */,
				316748591EF47C2500F28053 /* libopencv_ocl.2.4.13.dylib */,
				3167485A1EF47C2500F28053 /* libopencv_ocl.2.4.13.dylib */,
				3167485B1EF47C2500F28053 /* libopencv_photo.2.4.13.dylib */,
				3167485C1EF47C2500F28053 /* libopencv_photo.2.4.13.dylib */,
				3167485D1EF47C2500F28053 /* libopencv_photo.2.4.13.dylib */,
				3167485E1EF47C2500F28053 /* libopencv_stitching.2.4.13.dylib */,
				3167485F1EF47C2500F28053 /* libopencv_stitching.2.4.13.dylib */,
				316748601EF47C2500F28053 /* libopencv_stitching.2.4.13.dylib */,
				316748611EF47C2500F28053 /* libopencv_superres.2.4.13.dylib */,
				316748621EF47C2500F28053 /* libopencv_superres.2.4.13.dylib */,
				316748631EF47C2500F28053 /* libopencv_superres.2.4.13.dylib */,
				316748641EF47C2500F28053 /* libopencv_ts.a */,
				316748651EF47C2500F28053 /* libopencv_video.2.4.13.dylib */,
				316748661EF47C2500F28053 /* libopencv_video.2.4.13.dylib */,
				316748671EF47C2500F28053 /* libopencv_video.2.4.13.dylib */,
				316748681EF47C2500F28053 /* libopencv_videostab.2.4.13.dylib */,
				316748691EF47C2500F28053 /* libopencv_videostab.2.4.13.dylib */,
				3167486A1EF47C2500F28053 /* libopencv_videostab.2.4.13.dylib */,
				3167486B1EF47C2500F28053 /* libpng16.a */,
				3167486C1EF47C2500F28053 /* libpng16.16.dylib */,
				3167486D1EF47C2500F28053 /* libpng16.16.dylib */,
				3167486E1EF47C2500F28053 /* libpng16.a */,
				3167486F1EF47C2500F28053 /* libpng16.16.dylib */,
				316748701EF47C2500F28053 /* libpostproc.54.5.100.dylib */,
				316748711EF47C2500F28053 /* libpostproc.54.5.100.dylib */,
				316748721EF47C2500F28053 /* libpostproc.a */,
				316748731EF47C2500F28053 /* libpostproc.54.5.100.dylib */,
				316748741EF47C2500F28053 /* libswresample.2.7.100.dylib */,
				316748751EF47C2500F28053 /* libswresample.2.7.100.dylib */,
				316748761EF47C2500F28053 /* libswresample.a */,
				316748771EF47C2500F28053 /* libswresample.2.7.100.dylib */,
				316748781EF47C2500F28053 /* libswscale.4.6.100.dylib */,
				316748791EF47C2500F28053 /* libswscale.4.6.100.dylib */,
				3167487A1EF47C2500F28053 /* libswscale.a */,
				3167487B1EF47C2500F28053 /* libswscale.4.6.100.dylib */,
				3167487C1EF47C2500F28053 /* libtiff.5.dylib */,
				3167487D1EF47C2500F28053 /* libtiff.a */,
				3167487E1EF47C2500F28053 /* libtiff.5.dylib */,
				3167487F1EF47C2500F28053 /* libtiffxx.5.dylib */,
				316748801EF47C2500F28053 /* libtiffxx.a */,
				316748811EF47C2500F28053 /* libtiffxx.5.dylib */,
				316748821EF47C2500F28053 /* libx264.148.dylib */,
				316748831EF47C2500F28053 /* libx264.a */,
				316748841EF47C2500F28053 /* libx264.148.dylib */,
				316748851EF47C2500F28053 /* libxvidcore.4.dylib */,
				316748861EF47C2500F28053 /* libxvidcore.a */,
				316748871EF47C2500F28053 /* pkgconfig */,
				316748881EF47C2500F28053 /* python2.7 */,
			);
			name = Frameworks;
			sourceTree = "<group>";
		};
/* End PBXGroup section */

/* Begin PBXNativeTarget section */
		316747F51EF47C1800F28053 /* ROI */ = {
			isa = PBXNativeTarget;
			buildConfigurationList = 316747FD1EF47C1800F28053 /* Build configuration list for PBXNativeTarget "ROI" */;
			buildPhases = (
				316747F21EF47C1800F28053 /* Sources */,
				316747F31EF47C1800F28053 /* Frameworks */,
				316747F41EF47C1800F28053 /* CopyFiles */,
			);
			buildRules = (
			);
			dependencies = (
			);
			name = ROI;
			productName = ROI;
			productReference = 316747F61EF47C1800F28053 /* ROI */;
			productType = "com.apple.product-type.tool";
		};
/* End PBXNativeTarget section */

/* Begin PBXProject section */
		316747EE1EF47C1800F28053 /* Project object */ = {
			isa = PBXProject;
			attributes = {
				LastUpgradeCheck = 0830;
				ORGANIZATIONNAME = Fan;
				TargetAttributes = {
					316747F51EF47C1800F28053 = {
						CreatedOnToolsVersion = 8.3.3;
						ProvisioningStyle = Automatic;
					};
				};
			};
			buildConfigurationList = 316747F11EF47C1800F28053 /* Build configuration list for PBXProject "ROI" */;
			compatibilityVersion = "Xcode 3.2";
			developmentRegion = English;
			hasScannedForEncodings = 0;
			knownRegions = (
				en,
			);
			mainGroup = 316747ED1EF47C1800F28053;
			productRefGroup = 316747F71EF47C1800F28053 /* Products */;
			projectDirPath = "";
			projectRoot = "";
			targets = (
				316747F51EF47C1800F28053 /* ROI */,
			);
		};
/* End PBXProject section */

/* Begin PBXSourcesBuildPhase section */
		316747F21EF47C1800F28053 /* Sources */ = {
			isa = PBXSourcesBuildPhase;
			buildActionMask = 2147483647;
			files = (
				316747FA1EF47C1800F28053 /* main.cpp in Sources */,
			);
			runOnlyForDeploymentPostprocessing = 0;
		};
/* End PBXSourcesBuildPhase section */

/* Begin XCBuildConfiguration section */
		316747FB1EF47C1800F28053 /* Debug */ = {
			isa = XCBuildConfiguration;
			buildSettings = {
				ALWAYS_SEARCH_USER_PATHS = NO;
				CLANG_ANALYZER_NONNULL = YES;
				CLANG_ANALYZER_NUMBER_OBJECT_CONVERSION = YES_AGGRESSIVE;
				CLANG_CXX_LANGUAGE_STANDARD = "gnu++0x";
				CLANG_CXX_LIBRARY = "libc++";
				CLANG_ENABLE_MODULES = YES;
				CLANG_ENABLE_OBJC_ARC = YES;
				CLANG_WARN_BOOL_CONVERSION = YES;
				CLANG_WARN_CONSTANT_CONVERSION = YES;
				CLANG_WARN_DIRECT_OBJC_ISA_USAGE = YES_ERROR;
				CLANG_WARN_DOCUMENTATION_COMMENTS = YES;
				CLANG_WARN_EMPTY_BODY = YES;
				CLANG_WARN_ENUM_CONVERSION = YES;
				CLANG_WARN_INFINITE_RECURSION = YES;
				CLANG_WARN_INT_CONVERSION = YES;
				CLANG_WARN_OBJC_ROOT_CLASS = YES_ERROR;
				CLANG_WARN_SUSPICIOUS_MOVE = YES;
				CLANG_WARN_UNREACHABLE_CODE = YES;
				CLANG_WARN__DUPLICATE_METHOD_MATCH = YES;
				CODE_SIGN_IDENTITY = "-";
				COPY_PHASE_STRIP = NO;
				DEBUG_INFORMATION_FORMAT = dwarf;
				ENABLE_STRICT_OBJC_MSGSEND = YES;
				ENABLE_TESTABILITY = YES;
				GCC_C_LANGUAGE_STANDARD = gnu99;
				GCC_DYNAMIC_NO_PIC = NO;
				GCC_NO_COMMON_BLOCKS = YES;
				GCC_OPTIMIZATION_LEVEL = 0;
				GCC_PREPROCESSOR_DEFINITIONS = (
					"DEBUG=1",
					"$(inherited)",
				);
				GCC_WARN_64_TO_32_BIT_CONVERSION = YES;
				GCC_WARN_ABOUT_RETURN_TYPE = YES_ERROR;
				GCC_WARN_UNDECLARED_SELECTOR = YES;
				GCC_WARN_UNINITIALIZED_AUTOS = YES_AGGRESSIVE;
				GCC_WARN_UNUSED_FUNCTION = YES;
				GCC_WARN_UNUSED_VARIABLE = YES;
				MACOSX_DEPLOYMENT_TARGET = 10.12;
				MTL_ENABLE_DEBUG_INFO = YES;
				ONLY_ACTIVE_ARCH = YES;
				SDKROOT = macosx;
			};
			name = Debug;
		};
		316747FC1EF47C1800F28053 /* Release */ = {
			isa = XCBuildConfiguration;
			buildSettings = {
				ALWAYS_SEARCH_USER_PATHS = NO;
				CLANG_ANALYZER_NONNULL = YES;
				CLANG_ANALYZER_NUMBER_OBJECT_CONVERSION = YES_AGGRESSIVE;
				CLANG_CXX_LANGUAGE_STANDARD = "gnu++0x";
				CLANG_CXX_LIBRARY = "libc++";
				CLANG_ENABLE_MODULES = YES;
				CLANG_ENABLE_OBJC_ARC = YES;
				CLANG_WARN_BOOL_CONVERSION = YES;
				CLANG_WARN_CONSTANT_CONVERSION = YES;
				CLANG_WARN_DIRECT_OBJC_ISA_USAGE = YES_ERROR;
				CLANG_WARN_DOCUMENTATION_COMMENTS = YES;
				CLANG_WARN_EMPTY_BODY = YES;
				CLANG_WARN_ENUM_CONVERSION = YES;
				CLANG_WARN_INFINITE_RECURSION = YES;
				CLANG_WARN_INT_CONVERSION = YES;
				CLANG_WARN_OBJC_ROOT_CLASS = YES_ERROR;
				CLANG_WARN_SUSPICIOUS_MOVE = YES;
				CLANG_WARN_UNREACHABLE_CODE = YES;
				CLANG_WARN__DUPLICATE_METHOD_MATCH = YES;
				CODE_SIGN_IDENTITY = "-";
				COPY_PHASE_STRIP = NO;
				DEBUG_INFORMATION_FORMAT = "dwarf-with-dsym";
				ENABLE_NS_ASSERTIONS = NO;
				ENABLE_STRICT_OBJC_MSGSEND = YES;
				GCC_C_LANGUAGE_STANDARD = gnu99;
				GCC_NO_COMMON_BLOCKS = YES;
				GCC_WARN_64_TO_32_BIT_CONVERSION = YES;
				GCC_WARN_ABOUT_RETURN_TYPE = YES_ERROR;
				GCC_WARN_UNDECLARED_SELECTOR = YES;
				GCC_WARN_UNINITIALIZED_AUTOS = YES_AGGRESSIVE;
				GCC_WARN_UNUSED_FUNCTION = YES;
				GCC_WARN_UNUSED_VARIABLE = YES;
				MACOSX_DEPLOYMENT_TARGET = 10.12;
				MTL_ENABLE_DEBUG_INFO = NO;
				SDKROOT = macosx;
			};
			name = Release;
		};
		316747FE1EF47C1800F28053 /* Debug */ = {
			isa = XCBuildConfiguration;
			buildSettings = {
				ALWAYS_SEARCH_USER_PATHS = YES;
				HEADER_SEARCH_PATHS = /usr/local/include;
				LIBRARY_SEARCH_PATHS = (
					"$(inherited)",
					/usr/local/Cellar/ffmpeg/3.3.2/lib,
					/usr/local/Cellar/ilmbase/2.2.0/lib,
					/usr/local/Cellar/openexr/2.2.0/lib,
					/usr/local/Cellar/jpeg/8d/lib,
					/usr/local/Cellar/lame/3.99.5/lib,
					/usr/local/Cellar/opencv/2.4.13.2/lib,
					/usr/local/Cellar/libpng/1.6.29/lib,
					/usr/local/Cellar/libtiff/4.0.8/lib,
					/usr/local/Cellar/x264/r2748/lib,
					/usr/local/Cellar/xvid/1.3.4/lib,
				);
				PRODUCT_NAME = "$(TARGET_NAME)";
			};
			name = Debug;
		};
		316747FF1EF47C1800F28053 /* Release */ = {
			isa = XCBuildConfiguration;
			buildSettings = {
				ALWAYS_SEARCH_USER_PATHS = YES;
				HEADER_SEARCH_PATHS = /usr/local/include;
				LIBRARY_SEARCH_PATHS = (
					"$(inherited)",
					/usr/local/Cellar/ffmpeg/3.3.2/lib,
					/usr/local/Cellar/ilmbase/2.2.0/lib,
					/usr/local/Cellar/openexr/2.2.0/lib,
					/usr/local/Cellar/jpeg/8d/lib,
					/usr/local/Cellar/lame/3.99.5/lib,
					/usr/local/Cellar/opencv/2.4.13.2/lib,
					/usr/local/Cellar/libpng/1.6.29/lib,
					/usr/local/Cellar/libtiff/4.0.8/lib,
					/usr/local/Cellar/x264/r2748/lib,
					/usr/local/Cellar/xvid/1.3.4/lib,
				);
				PRODUCT_NAME = "$(TARGET_NAME)";
			};
			name = Release;
		};
/* End XCBuildConfiguration section */

/* Begin XCConfigurationList section */
		316747F11EF47C1800F28053 /* Build configuration list for PBXProject "ROI" */ = {
			isa = XCConfigurationList;
			buildConfigurations = (
				316747FB1EF47C1800F28053 /* Debug */,
				316747FC1EF47C1800F28053 /* Release */,
			);
			defaultConfigurationIsVisible = 0;
			defaultConfigurationName = Release;
		};
		316747FD1EF47C1800F28053 /* Build configuration list for PBXNativeTarget "ROI" */ = {
			isa = XCConfigurationList;
			buildConfigurations = (
				316747FE1EF47C1800F28053 /* Debug */,
				316747FF1EF47C1800F28053 /* Release */,
			);
			defaultConfigurationIsVisible = 0;
		};
/* End XCConfigurationList section */
	};
	rootObject = 316747EE1EF47C1800F28053 /* Project object */;
}
