// !$*UTF8*$!
{
	archiveVersion = 1;
	classes = {
	};
	objectVersion = 46;
	objects = {

/* Begin PBXBuildFile section */
		31674DAE1EF7970C00F28053 /* main.cpp in Sources */ = {isa = PBXBuildFile; fileRef = 31674DAD1EF7970C00F28053 /* main.cpp */; };
		31674E3D1EF7971600F28053 /* libavcodec.57.89.100.dylib in Frameworks */ = {isa = PBXBuildFile; fileRef = 31674DB51EF7971500F28053 /* libavcodec.57.89.100.dylib */; };
		31674E3E1EF7971600F28053 /* libavcodec.57.89.100.dylib in Frameworks */ = {isa = PBXBuildFile; fileRef = 31674DB61EF7971500F28053 /* libavcodec.57.89.100.dylib */; };
		31674E3F1EF7971600F28053 /* libavcodec.a in Frameworks */ = {isa = PBXBuildFile; fileRef = 31674DB71EF7971500F28053 /* libavcodec.a */; };
		31674E401EF7971600F28053 /* libavcodec.57.89.100.dylib in Frameworks */ = {isa = PBXBuildFile; fileRef = 31674DB81EF7971500F28053 /* libavcodec.57.89.100.dylib */; };
		31674E411EF7971600F28053 /* libavdevice.57.6.100.dylib in Frameworks */ = {isa = PBXBuildFile; fileRef = 31674DB91EF7971500F28053 /* libavdevice.57.6.100.dylib */; };
		31674E421EF7971600F28053 /* libavdevice.57.6.100.dylib in Frameworks */ = {isa = PBXBuildFile; fileRef = 31674DBA1EF7971500F28053 /* libavdevice.57.6.100.dylib */; };
		31674E431EF7971600F28053 /* libavdevice.a in Frameworks */ = {isa = PBXBuildFile; fileRef = 31674DBB1EF7971500F28053 /* libavdevice.a */; };
		31674E441EF7971600F28053 /* libavdevice.57.6.100.dylib in Frameworks */ = {isa = PBXBuildFile; fileRef = 31674DBC1EF7971500F28053 /* libavdevice.57.6.100.dylib */; };
		31674E451EF7971600F28053 /* libavfilter.6.82.100.dylib in Frameworks */ = {isa = PBXBuildFile; fileRef = 31674DBD1EF7971500F28053 /* libavfilter.6.82.100.dylib */; };
		31674E461EF7971600F28053 /* libavfilter.6.82.100.dylib in Frameworks */ = {isa = PBXBuildFile; fileRef = 31674DBE1EF7971500F28053 /* libavfilter.6.82.100.dylib */; };
		31674E471EF7971600F28053 /* libavfilter.a in Frameworks */ = {isa = PBXBuildFile; fileRef = 31674DBF1EF7971500F28053 /* libavfilter.a */; };
		31674E481EF7971600F28053 /* libavfilter.6.82.100.dylib in Frameworks */ = {isa = PBXBuildFile; fileRef = 31674DC01EF7971500F28053 /* libavfilter.6.82.100.dylib */; };
		31674E491EF7971600F28053 /* libavformat.57.71.100.dylib in Frameworks */ = {isa = PBXBuildFile; fileRef = 31674DC11EF7971500F28053 /* libavformat.57.71.100.dylib */; };
		31674E4A1EF7971600F28053 /* libavformat.57.71.100.dylib in Frameworks */ = {isa = PBXBuildFile; fileRef = 31674DC21EF7971500F28053 /* libavformat.57.71.100.dylib */; };
		31674E4B1EF7971600F28053 /* libavformat.a in Frameworks */ = {isa = PBXBuildFile; fileRef = 31674DC31EF7971500F28053 /* libavformat.a */; };
		31674E4C1EF7971600F28053 /* libavformat.57.71.100.dylib in Frameworks */ = {isa = PBXBuildFile; fileRef = 31674DC41EF7971500F28053 /* libavformat.57.71.100.dylib */; };
		31674E4D1EF7971600F28053 /* libavresample.3.5.0.dylib in Frameworks */ = {isa = PBXBuildFile; fileRef = 31674DC51EF7971500F28053 /* libavresample.3.5.0.dylib */; };
		31674E4E1EF7971600F28053 /* libavresample.3.5.0.dylib in Frameworks */ = {isa = PBXBuildFile; fileRef = 31674DC61EF7971500F28053 /* libavresample.3.5.0.dylib */; };
		31674E4F1EF7971600F28053 /* libavresample.a in Frameworks */ = {isa = PBXBuildFile; fileRef = 31674DC71EF7971500F28053 /* libavresample.a */; };
		31674E501EF7971600F28053 /* libavresample.3.5.0.dylib in Frameworks */ = {isa = PBXBuildFile; fileRef = 31674DC81EF7971500F28053 /* libavresample.3.5.0.dylib */; };
		31674E511EF7971600F28053 /* libavutil.55.58.100.dylib in Frameworks */ = {isa = PBXBuildFile; fileRef = 31674DC91EF7971500F28053 /* libavutil.55.58.100.dylib */; };
		31674E521EF7971600F28053 /* libavutil.55.58.100.dylib in Frameworks */ = {isa = PBXBuildFile; fileRef = 31674DCA1EF7971500F28053 /* libavutil.55.58.100.dylib */; };
		31674E531EF7971600F28053 /* libavutil.a in Frameworks */ = {isa = PBXBuildFile; fileRef = 31674DCB1EF7971500F28053 /* libavutil.a */; };
		31674E541EF7971600F28053 /* libavutil.55.58.100.dylib in Frameworks */ = {isa = PBXBuildFile; fileRef = 31674DCC1EF7971500F28053 /* libavutil.55.58.100.dylib */; };
		31674E551EF7971600F28053 /* libHalf.12.dylib in Frameworks */ = {isa = PBXBuildFile; fileRef = 31674DCD1EF7971500F28053 /* libHalf.12.dylib */; };
		31674E561EF7971600F28053 /* libHalf.a in Frameworks */ = {isa = PBXBuildFile; fileRef = 31674DCE1EF7971500F28053 /* libHalf.a */; };
		31674E571EF7971600F28053 /* libHalf.12.dylib in Frameworks */ = {isa = PBXBuildFile; fileRef = 31674DCF1EF7971500F28053 /* libHalf.12.dylib */; };
		31674E581EF7971600F28053 /* libIex-2_2.12.dylib in Frameworks */ = {isa = PBXBuildFile; fileRef = 31674DD01EF7971500F28053 /* libIex-2_2.12.dylib */; };
		31674E591EF7971600F28053 /* libIex.a in Frameworks */ = {isa = PBXBuildFile; fileRef = 31674DD11EF7971500F28053 /* libIex.a */; };
		31674E5A1EF7971600F28053 /* libIex-2_2.12.dylib in Frameworks */ = {isa = PBXBuildFile; fileRef = 31674DD21EF7971500F28053 /* libIex-2_2.12.dylib */; };
		31674E5B1EF7971600F28053 /* libIexMath-2_2.12.dylib in Frameworks */ = {isa = PBXBuildFile; fileRef = 31674DD31EF7971500F28053 /* libIexMath-2_2.12.dylib */; };
		31674E5C1EF7971600F28053 /* libIexMath.a in Frameworks */ = {isa = PBXBuildFile; fileRef = 31674DD41EF7971500F28053 /* libIexMath.a */; };
		31674E5D1EF7971600F28053 /* libIexMath-2_2.12.dylib in Frameworks */ = {isa = PBXBuildFile; fileRef = 31674DD51EF7971500F28053 /* libIexMath-2_2.12.dylib */; };
		31674E5E1EF7971600F28053 /* libIlmImf-2_2.22.dylib in Frameworks */ = {isa = PBXBuildFile; fileRef = 31674DD61EF7971500F28053 /* libIlmImf-2_2.22.dylib */; };
		31674E5F1EF7971600F28053 /* libIlmImf.a in Frameworks */ = {isa = PBXBuildFile; fileRef = 31674DD71EF7971600F28053 /* libIlmImf.a */; };
		31674E601EF7971600F28053 /* libIlmImf-2_2.22.dylib in Frameworks */ = {isa = PBXBuildFile; fileRef = 31674DD81EF7971600F28053 /* libIlmImf-2_2.22.dylib */; };
		31674E611EF7971600F28053 /* libIlmImfUtil-2_2.22.dylib in Frameworks */ = {isa = PBXBuildFile; fileRef = 31674DD91EF7971600F28053 /* libIlmImfUtil-2_2.22.dylib */; };
		31674E621EF7971600F28053 /* libIlmImfUtil.a in Frameworks */ = {isa = PBXBuildFile; fileRef = 31674DDA1EF7971600F28053 /* libIlmImfUtil.a */; };
		31674E631EF7971600F28053 /* libIlmImfUtil-2_2.22.dylib in Frameworks */ = {isa = PBXBuildFile; fileRef = 31674DDB1EF7971600F28053 /* libIlmImfUtil-2_2.22.dylib */; };
		31674E641EF7971600F28053 /* libIlmThread-2_2.12.dylib in Frameworks */ = {isa = PBXBuildFile; fileRef = 31674DDC1EF7971600F28053 /* libIlmThread-2_2.12.dylib */; };
		31674E651EF7971600F28053 /* libIlmThread.a in Frameworks */ = {isa = PBXBuildFile; fileRef = 31674DDD1EF7971600F28053 /* libIlmThread.a */; };
		31674E661EF7971600F28053 /* libIlmThread-2_2.12.dylib in Frameworks */ = {isa = PBXBuildFile; fileRef = 31674DDE1EF7971600F28053 /* libIlmThread-2_2.12.dylib */; };
		31674E671EF7971600F28053 /* libImath-2_2.12.dylib in Frameworks */ = {isa = PBXBuildFile; fileRef = 31674DDF1EF7971600F28053 /* libImath-2_2.12.dylib */; };
		31674E681EF7971600F28053 /* libImath.a in Frameworks */ = {isa = PBXBuildFile; fileRef = 31674DE01EF7971600F28053 /* libImath.a */; };
		31674E691EF7971600F28053 /* libImath-2_2.12.dylib in Frameworks */ = {isa = PBXBuildFile; fileRef = 31674DE11EF7971600F28053 /* libImath-2_2.12.dylib */; };
		31674E6A1EF7971600F28053 /* libjpeg.8.dylib in Frameworks */ = {isa = PBXBuildFile; fileRef = 31674DE21EF7971600F28053 /* libjpeg.8.dylib */; };
		31674E6B1EF7971600F28053 /* libjpeg.a in Frameworks */ = {isa = PBXBuildFile; fileRef = 31674DE31EF7971600F28053 /* libjpeg.a */; };
		31674E6C1EF7971600F28053 /* libjpeg.8.dylib in Frameworks */ = {isa = PBXBuildFile; fileRef = 31674DE41EF7971600F28053 /* libjpeg.8.dylib */; };
		31674E6D1EF7971600F28053 /* libmp3lame.0.dylib in Frameworks */ = {isa = PBXBuildFile; fileRef = 31674DE51EF7971600F28053 /* libmp3lame.0.dylib */; };
		31674E6E1EF7971600F28053 /* libmp3lame.a in Frameworks */ = {isa = PBXBuildFile; fileRef = 31674DE61EF7971600F28053 /* libmp3lame.a */; };
		31674E6F1EF7971600F28053 /* libmp3lame.0.dylib in Frameworks */ = {isa = PBXBuildFile; fileRef = 31674DE71EF7971600F28053 /* libmp3lame.0.dylib */; };
		31674E701EF7971600F28053 /* libopencv_calib3d.2.4.13.dylib in Frameworks */ = {isa = PBXBuildFile; fileRef = 31674DE81EF7971600F28053 /* libopencv_calib3d.2.4.13.dylib */; };
		31674E711EF7971600F28053 /* libopencv_calib3d.2.4.13.dylib in Frameworks */ = {isa = PBXBuildFile; fileRef = 31674DE91EF7971600F28053 /* libopencv_calib3d.2.4.13.dylib */; };
		31674E721EF7971600F28053 /* libopencv_calib3d.2.4.13.dylib in Frameworks */ = {isa = PBXBuildFile; fileRef = 31674DEA1EF7971600F28053 /* libopencv_calib3d.2.4.13.dylib */; };
		31674E731EF7971600F28053 /* libopencv_contrib.2.4.13.dylib in Frameworks */ = {isa = PBXBuildFile; fileRef = 31674DEB1EF7971600F28053 /* libopencv_contrib.2.4.13.dylib */; };
		31674E741EF7971600F28053 /* libopencv_contrib.2.4.13.dylib in Frameworks */ = {isa = PBXBuildFile; fileRef = 31674DEC1EF7971600F28053 /* libopencv_contrib.2.4.13.dylib */; };
		31674E751EF7971600F28053 /* libopencv_contrib.2.4.13.dylib in Frameworks */ = {isa = PBXBuildFile; fileRef = 31674DED1EF7971600F28053 /* libopencv_contrib.2.4.13.dylib */; };
		31674E761EF7971600F28053 /* libopencv_core.2.4.13.dylib in Frameworks */ = {isa = PBXBuildFile; fileRef = 31674DEE1EF7971600F28053 /* libopencv_core.2.4.13.dylib */; };
		31674E771EF7971600F28053 /* libopencv_core.2.4.13.dylib in Frameworks */ = {isa = PBXBuildFile; fileRef = 31674DEF1EF7971600F28053 /* libopencv_core.2.4.13.dylib */; };
		31674E781EF7971600F28053 /* libopencv_core.2.4.13.dylib in Frameworks */ = {isa = PBXBuildFile; fileRef = 31674DF01EF7971600F28053 /* libopencv_core.2.4.13.dylib */; };
		31674E791EF7971600F28053 /* libopencv_features2d.2.4.13.dylib in Frameworks */ = {isa = PBXBuildFile; fileRef = 31674DF11EF7971600F28053 /* libopencv_features2d.2.4.13.dylib */; };
		31674E7A1EF7971600F28053 /* libopencv_features2d.2.4.13.dylib in Frameworks */ = {isa = PBXBuildFile; fileRef = 31674DF21EF7971600F28053 /* libopencv_features2d.2.4.13.dylib */; };
		31674E7B1EF7971600F28053 /* libopencv_features2d.2.4.13.dylib in Frameworks */ = {isa = PBXBuildFile; fileRef = 31674DF31EF7971600F28053 /* libopencv_features2d.2.4.13.dylib */; };
		31674E7C1EF7971600F28053 /* libopencv_flann.2.4.13.dylib in Frameworks */ = {isa = PBXBuildFile; fileRef = 31674DF41EF7971600F28053 /* libopencv_flann.2.4.13.dylib */; };
		31674E7D1EF7971600F28053 /* libopencv_flann.2.4.13.dylib in Frameworks */ = {isa = PBXBuildFile; fileRef = 31674DF51EF7971600F28053 /* libopencv_flann.2.4.13.dylib */; };
		31674E7E1EF7971600F28053 /* libopencv_flann.2.4.13.dylib in Frameworks */ = {isa = PBXBuildFile; fileRef = 31674DF61EF7971600F28053 /* libopencv_flann.2.4.13.dylib */; };
		31674E7F1EF7971600F28053 /* libopencv_gpu.2.4.13.dylib in Frameworks */ = {isa = PBXBuildFile; fileRef = 31674DF71EF7971600F28053 /* libopencv_gpu.2.4.13.dylib */; };
		31674E801EF7971600F28053 /* libopencv_gpu.2.4.13.dylib in Frameworks */ = {isa = PBXBuildFile; fileRef = 31674DF81EF7971600F28053 /* libopencv_gpu.2.4.13.dylib */; };
		31674E811EF7971600F28053 /* libopencv_gpu.2.4.13.dylib in Frameworks */ = {isa = PBXBuildFile; fileRef = 31674DF91EF7971600F28053 /* libopencv_gpu.2.4.13.dylib */; };
		31674E821EF7971600F28053 /* libopencv_highgui.2.4.13.dylib in Frameworks */ = {isa = PBXBuildFile; fileRef = 31674DFA1EF7971600F28053 /* libopencv_highgui.2.4.13.dylib */; };
		31674E831EF7971600F28053 /* libopencv_highgui.2.4.13.dylib in Frameworks */ = {isa = PBXBuildFile; fileRef = 31674DFB1EF7971600F28053 /* libopencv_highgui.2.4.13.dylib */; };
		31674E841EF7971600F28053 /* libopencv_highgui.2.4.13.dylib in Frameworks */ = {isa = PBXBuildFile; fileRef = 31674DFC1EF7971600F28053 /* libopencv_highgui.2.4.13.dylib */; };
		31674E851EF7971600F28053 /* libopencv_imgproc.2.4.13.dylib in Frameworks */ = {isa = PBXBuildFile; fileRef = 31674DFD1EF7971600F28053 /* libopencv_imgproc.2.4.13.dylib */; };
		31674E861EF7971600F28053 /* libopencv_imgproc.2.4.13.dylib in Frameworks */ = {isa = PBXBuildFile; fileRef = 31674DFE1EF7971600F28053 /* libopencv_imgproc.2.4.13.dylib */; };
		31674E871EF7971600F28053 /* libopencv_imgproc.2.4.13.dylib in Frameworks */ = {isa = PBXBuildFile; fileRef = 31674DFF1EF7971600F28053 /* libopencv_imgproc.2.4.13.dylib */; };
		31674E881EF7971600F28053 /* libopencv_legacy.2.4.13.dylib in Frameworks */ = {isa = PBXBuildFile; fileRef = 31674E001EF7971600F28053 /* libopencv_legacy.2.4.13.dylib */; };
		31674E891EF7971600F28053 /* libopencv_legacy.2.4.13.dylib in Frameworks */ = {isa = PBXBuildFile; fileRef = 31674E011EF7971600F28053 /* libopencv_legacy.2.4.13.dylib */; };
		31674E8A1EF7971600F28053 /* libopencv_legacy.2.4.13.dylib in Frameworks */ = {isa = PBXBuildFile; fileRef = 31674E021EF7971600F28053 /* libopencv_legacy.2.4.13.dylib */; };
		31674E8B1EF7971600F28053 /* libopencv_ml.2.4.13.dylib in Frameworks */ = {isa = PBXBuildFile; fileRef = 31674E031EF7971600F28053 /* libopencv_ml.2.4.13.dylib */; };
		31674E8C1EF7971600F28053 /* libopencv_ml.2.4.13.dylib in Frameworks */ = {isa = PBXBuildFile; fileRef = 31674E041EF7971600F28053 /* libopencv_ml.2.4.13.dylib */; };
		31674E8D1EF7971600F28053 /* libopencv_ml.2.4.13.dylib in Frameworks */ = {isa = PBXBuildFile; fileRef = 31674E051EF7971600F28053 /* libopencv_ml.2.4.13.dylib */; };
		31674E8E1EF7971600F28053 /* libopencv_nonfree.2.4.13.dylib in Frameworks */ = {isa = PBXBuildFile; fileRef = 31674E061EF7971600F28053 /* libopencv_nonfree.2.4.13.dylib */; };
		31674E8F1EF7971600F28053 /* libopencv_nonfree.2.4.13.dylib in Frameworks */ = {isa = PBXBuildFile; fileRef = 31674E071EF7971600F28053 /* libopencv_nonfree.2.4.13.dylib */; };
		31674E901EF7971600F28053 /* libopencv_nonfree.2.4.13.dylib in Frameworks */ = {isa = PBXBuildFile; fileRef = 31674E081EF7971600F28053 /* libopencv_nonfree.2.4.13.dylib */; };
		31674E911EF7971600F28053 /* libopencv_objdetect.2.4.13.dylib in Frameworks */ = {isa = PBXBuildFile; fileRef = 31674E091EF7971600F28053 /* libopencv_objdetect.2.4.13.dylib */; };
		31674E921EF7971600F28053 /* libopencv_objdetect.2.4.13.dylib in Frameworks */ = {isa = PBXBuildFile; fileRef = 31674E0A1EF7971600F28053 /* libopencv_objdetect.2.4.13.dylib */; };
		31674E931EF7971600F28053 /* libopencv_objdetect.2.4.13.dylib in Frameworks */ = {isa = PBXBuildFile; fileRef = 31674E0B1EF7971600F28053 /* libopencv_objdetect.2.4.13.dylib */; };
		31674E941EF7971600F28053 /* libopencv_ocl.2.4.13.dylib in Frameworks */ = {isa = PBXBuildFile; fileRef = 31674E0C1EF7971600F28053 /* libopencv_ocl.2.4.13.dylib */; };
		31674E951EF7971600F28053 /* libopencv_ocl.2.4.13.dylib in Frameworks */ = {isa = PBXBuildFile; fileRef = 31674E0D1EF7971600F28053 /* libopencv_ocl.2.4.13.dylib */; };
		31674E961EF7971600F28053 /* libopencv_ocl.2.4.13.dylib in Frameworks */ = {isa = PBXBuildFile; fileRef = 31674E0E1EF7971600F28053 /* libopencv_ocl.2.4.13.dylib */; };
		31674E971EF7971600F28053 /* libopencv_photo.2.4.13.dylib in Frameworks */ = {isa = PBXBuildFile; fileRef = 31674E0F1EF7971600F28053 /* libopencv_photo.2.4.13.dylib */; };
		31674E981EF7971600F28053 /* libopencv_photo.2.4.13.dylib in Frameworks */ = {isa = PBXBuildFile; fileRef = 31674E101EF7971600F28053 /* libopencv_photo.2.4.13.dylib */; };
		31674E991EF7971600F28053 /* libopencv_photo.2.4.13.dylib in Frameworks */ = {isa = PBXBuildFile; fileRef = 31674E111EF7971600F28053 /* libopencv_photo.2.4.13.dylib */; };
		31674E9A1EF7971600F28053 /* libopencv_stitching.2.4.13.dylib in Frameworks */ = {isa = PBXBuildFile; fileRef = 31674E121EF7971600F28053 /* libopencv_stitching.2.4.13.dylib */; };
		31674E9B1EF7971600F28053 /* libopencv_stitching.2.4.13.dylib in Frameworks */ = {isa = PBXBuildFile; fileRef = 31674E131EF7971600F28053 /* libopencv_stitching.2.4.13.dylib */; };
		31674E9C1EF7971600F28053 /* libopencv_stitching.2.4.13.dylib in Frameworks */ = {isa = PBXBuildFile; fileRef = 31674E141EF7971600F28053 /* libopencv_stitching.2.4.13.dylib */; };
		31674E9D1EF7971600F28053 /* libopencv_superres.2.4.13.dylib in Frameworks */ = {isa = PBXBuildFile; fileRef = 31674E151EF7971600F28053 /* libopencv_superres.2.4.13.dylib */; };
		31674E9E1EF7971600F28053 /* libopencv_superres.2.4.13.dylib in Frameworks */ = {isa = PBXBuildFile; fileRef = 31674E161EF7971600F28053 /* libopencv_superres.2.4.13.dylib */; };
		31674E9F1EF7971600F28053 /* libopencv_superres.2.4.13.dylib in Frameworks */ = {isa = PBXBuildFile; fileRef = 31674E171EF7971600F28053 /* libopencv_superres.2.4.13.dylib */; };
		31674EA01EF7971600F28053 /* libopencv_ts.a in Frameworks */ = {isa = PBXBuildFile; fileRef = 31674E181EF7971600F28053 /* libopencv_ts.a */; };
		31674EA11EF7971600F28053 /* libopencv_video.2.4.13.dylib in Frameworks */ = {isa = PBXBuildFile; fileRef = 31674E191EF7971600F28053 /* libopencv_video.2.4.13.dylib */; };
		31674EA21EF7971600F28053 /* libopencv_video.2.4.13.dylib in Frameworks */ = {isa = PBXBuildFile; fileRef = 31674E1A1EF7971600F28053 /* libopencv_video.2.4.13.dylib */; };
		31674EA31EF7971600F28053 /* libopencv_video.2.4.13.dylib in Frameworks */ = {isa = PBXBuildFile; fileRef = 31674E1B1EF7971600F28053 /* libopencv_video.2.4.13.dylib */; };
		31674EA41EF7971600F28053 /* libopencv_videostab.2.4.13.dylib in Frameworks */ = {isa = PBXBuildFile; fileRef = 31674E1C1EF7971600F28053 /* libopencv_videostab.2.4.13.dylib */; };
		31674EA51EF7971600F28053 /* libopencv_videostab.2.4.13.dylib in Frameworks */ = {isa = PBXBuildFile; fileRef = 31674E1D1EF7971600F28053 /* libopencv_videostab.2.4.13.dylib */; };
		31674EA61EF7971600F28053 /* libopencv_videostab.2.4.13.dylib in Frameworks */ = {isa = PBXBuildFile; fileRef = 31674E1E1EF7971600F28053 /* libopencv_videostab.2.4.13.dylib */; };
		31674EA71EF7971600F28053 /* libpng16.a in Frameworks */ = {isa = PBXBuildFile; fileRef = 31674E1F1EF7971600F28053 /* libpng16.a */; };
		31674EA81EF7971600F28053 /* libpng16.16.dylib in Frameworks */ = {isa = PBXBuildFile; fileRef = 31674E201EF7971600F28053 /* libpng16.16.dylib */; };
		31674EA91EF7971600F28053 /* libpng16.16.dylib in Frameworks */ = {isa = PBXBuildFile; fileRef = 31674E211EF7971600F28053 /* libpng16.16.dylib */; };
		31674EAA1EF7971600F28053 /* libpng16.a in Frameworks */ = {isa = PBXBuildFile; fileRef = 31674E221EF7971600F28053 /* libpng16.a */; };
		31674EAB1EF7971600F28053 /* libpng16.16.dylib in Frameworks */ = {isa = PBXBuildFile; fileRef = 31674E231EF7971600F28053 /* libpng16.16.dylib */; };
		31674EAC1EF7971600F28053 /* libpostproc.54.5.100.dylib in Frameworks */ = {isa = PBXBuildFile; fileRef = 31674E241EF7971600F28053 /* libpostproc.54.5.100.dylib */; };
		31674EAD1EF7971600F28053 /* libpostproc.54.5.100.dylib in Frameworks */ = {isa = PBXBuildFile; fileRef = 31674E251EF7971600F28053 /* libpostproc.54.5.100.dylib */; };
		31674EAE1EF7971600F28053 /* libpostproc.a in Frameworks */ = {isa = PBXBuildFile; fileRef = 31674E261EF7971600F28053 /* libpostproc.a */; };
		31674EAF1EF7971600F28053 /* libpostproc.54.5.100.dylib in Frameworks */ = {isa = PBXBuildFile; fileRef = 31674E271EF7971600F28053 /* libpostproc.54.5.100.dylib */; };
		31674EB01EF7971600F28053 /* libswresample.2.7.100.dylib in Frameworks */ = {isa = PBXBuildFile; fileRef = 31674E281EF7971600F28053 /* libswresample.2.7.100.dylib */; };
		31674EB11EF7971600F28053 /* libswresample.2.7.100.dylib in Frameworks */ = {isa = PBXBuildFile; fileRef = 31674E291EF7971600F28053 /* libswresample.2.7.100.dylib */; };
		31674EB21EF7971600F28053 /* libswresample.a in Frameworks */ = {isa = PBXBuildFile; fileRef = 31674E2A1EF7971600F28053 /* libswresample.a */; };
		31674EB31EF7971600F28053 /* libswresample.2.7.100.dylib in Frameworks */ = {isa = PBXBuildFile; fileRef = 31674E2B1EF7971600F28053 /* libswresample.2.7.100.dylib */; };
		31674EB41EF7971600F28053 /* libswscale.4.6.100.dylib in Frameworks */ = {isa = PBXBuildFile; fileRef = 31674E2C1EF7971600F28053 /* libswscale.4.6.100.dylib */; };
		31674EB51EF7971600F28053 /* libswscale.4.6.100.dylib in Frameworks */ = {isa = PBXBuildFile; fileRef = 31674E2D1EF7971600F28053 /* libswscale.4.6.100.dylib */; };
		31674EB61EF7971600F28053 /* libswscale.a in Frameworks */ = {isa = PBXBuildFile; fileRef = 31674E2E1EF7971600F28053 /* libswscale.a */; };
		31674EB71EF7971600F28053 /* libswscale.4.6.100.dylib in Frameworks */ = {isa = PBXBuildFile; fileRef = 31674E2F1EF7971600F28053 /* libswscale.4.6.100.dylib */; };
		31674EB81EF7971600F28053 /* libtiff.5.dylib in Frameworks */ = {isa = PBXBuildFile; fileRef = 31674E301EF7971600F28053 /* libtiff.5.dylib */; };
		31674EB91EF7971600F28053 /* libtiff.a in Frameworks */ = {isa = PBXBuildFile; fileRef = 31674E311EF7971600F28053 /* libtiff.a */; };
		31674EBA1EF7971600F28053 /* libtiff.5.dylib in Frameworks */ = {isa = PBXBuildFile; fileRef = 31674E321EF7971600F28053 /* libtiff.5.dylib */; };
		31674EBB1EF7971600F28053 /* libtiffxx.5.dylib in Frameworks */ = {isa = PBXBuildFile; fileRef = 31674E331EF7971600F28053 /* libtiffxx.5.dylib */; };
		31674EBC1EF7971600F28053 /* libtiffxx.a in Frameworks */ = {isa = PBXBuildFile; fileRef = 31674E341EF7971600F28053 /* libtiffxx.a */; };
		31674EBD1EF7971600F28053 /* libtiffxx.5.dylib in Frameworks */ = {isa = PBXBuildFile; fileRef = 31674E351EF7971600F28053 /* libtiffxx.5.dylib */; };
		31674EBE1EF7971600F28053 /* libx264.148.dylib in Frameworks */ = {isa = PBXBuildFile; fileRef = 31674E361EF7971600F28053 /* libx264.148.dylib */; };
		31674EBF1EF7971600F28053 /* libx264.a in Frameworks */ = {isa = PBXBuildFile; fileRef = 31674E371EF7971600F28053 /* libx264.a */; };
		31674EC01EF7971600F28053 /* libx264.148.dylib in Frameworks */ = {isa = PBXBuildFile; fileRef = 31674E381EF7971600F28053 /* libx264.148.dylib */; };
		31674EC11EF7971600F28053 /* libxvidcore.4.dylib in Frameworks */ = {isa = PBXBuildFile; fileRef = 31674E391EF7971600F28053 /* libxvidcore.4.dylib */; };
		31674EC21EF7971600F28053 /* libxvidcore.a in Frameworks */ = {isa = PBXBuildFile; fileRef = 31674E3A1EF7971600F28053 /* libxvidcore.a */; };
		31674EC31EF7971600F28053 /* pkgconfig in Frameworks */ = {isa = PBXBuildFile; fileRef = 31674E3B1EF7971600F28053 /* pkgconfig */; };
		31674EC41EF7971600F28053 /* python2.7 in Frameworks */ = {isa = PBXBuildFile; fileRef = 31674E3C1EF7971600F28053 /* python2.7 */; };
/* End PBXBuildFile section */

/* Begin PBXCopyFilesBuildPhase section */
		31674DA81EF7970C00F28053 /* CopyFiles */ = {
			isa = PBXCopyFilesBuildPhase;
			buildActionMask = 2147483647;
			dstPath = /usr/share/man/man1/;
			dstSubfolderSpec = 0;
			files = (
			);
			runOnlyForDeploymentPostprocessing = 1;
		};
/* End PBXCopyFilesBuildPhase section */

/* Begin PBXFileReference section */
		31674DAA1EF7970C00F28053 /* adaptiveThreshold */ = {isa = PBXFileReference; explicitFileType = "compiled.mach-o.executable"; includeInIndex = 0; path = adaptiveThreshold; sourceTree = BUILT_PRODUCTS_DIR; };
		31674DAD1EF7970C00F28053 /* main.cpp */ = {isa = PBXFileReference; lastKnownFileType = sourcecode.cpp.cpp; path = main.cpp; sourceTree = "<group>"; };
		31674DB51EF7971500F28053 /* libavcodec.57.89.100.dylib */ = {isa = PBXFileReference; lastKnownFileType = "compiled.mach-o.dylib"; name = libavcodec.57.89.100.dylib; path = ../../../../../../../usr/local/Cellar/ffmpeg/3.3.2/lib/libavcodec.57.89.100.dylib; sourceTree = "<group>"; };
		31674DB61EF7971500F28053 /* libavcodec.57.89.100.dylib */ = {isa = PBXFileReference; lastKnownFileType = "compiled.mach-o.dylib"; name = libavcodec.57.89.100.dylib; path = ../../../../../../../usr/local/Cellar/ffmpeg/3.3.2/lib/libavcodec.57.89.100.dylib; sourceTree = "<group>"; };
		31674DB71EF7971500F28053 /* libavcodec.a */ = {isa = PBXFileReference; lastKnownFileType = archive.ar; name = libavcodec.a; path = ../../../../../../../usr/local/Cellar/ffmpeg/3.3.2/lib/libavcodec.a; sourceTree = "<group>"; };
		31674DB81EF7971500F28053 /* libavcodec.57.89.100.dylib */ = {isa = PBXFileReference; lastKnownFileType = "compiled.mach-o.dylib"; name = libavcodec.57.89.100.dylib; path = ../../../../../../../usr/local/Cellar/ffmpeg/3.3.2/lib/libavcodec.57.89.100.dylib; sourceTree = "<group>"; };
		31674DB91EF7971500F28053 /* libavdevice.57.6.100.dylib */ = {isa = PBXFileReference; lastKnownFileType = "compiled.mach-o.dylib"; name = libavdevice.57.6.100.dylib; path = ../../../../../../../usr/local/Cellar/ffmpeg/3.3.2/lib/libavdevice.57.6.100.dylib; sourceTree = "<group>"; };
		31674DBA1EF7971500F28053 /* libavdevice.57.6.100.dylib */ = {isa = PBXFileReference; lastKnownFileType = "compiled.mach-o.dylib"; name = libavdevice.57.6.100.dylib; path = ../../../../../../../usr/local/Cellar/ffmpeg/3.3.2/lib/libavdevice.57.6.100.dylib; sourceTree = "<group>"; };
		31674DBB1EF7971500F28053 /* libavdevice.a */ = {isa = PBXFileReference; lastKnownFileType = archive.ar; name = libavdevice.a; path = ../../../../../../../usr/local/Cellar/ffmpeg/3.3.2/lib/libavdevice.a; sourceTree = "<group>"; };
		31674DBC1EF7971500F28053 /* libavdevice.57.6.100.dylib */ = {isa = PBXFileReference; lastKnownFileType = "compiled.mach-o.dylib"; name = libavdevice.57.6.100.dylib; path = ../../../../../../../usr/local/Cellar/ffmpeg/3.3.2/lib/libavdevice.57.6.100.dylib; sourceTree = "<group>"; };
		31674DBD1EF7971500F28053 /* libavfilter.6.82.100.dylib */ = {isa = PBXFileReference; lastKnownFileType = "compiled.mach-o.dylib"; name = libavfilter.6.82.100.dylib; path = ../../../../../../../usr/local/Cellar/ffmpeg/3.3.2/lib/libavfilter.6.82.100.dylib; sourceTree = "<group>"; };
		31674DBE1EF7971500F28053 /* libavfilter.6.82.100.dylib */ = {isa = PBXFileReference; lastKnownFileType = "compiled.mach-o.dylib"; name = libavfilter.6.82.100.dylib; path = ../../../../../../../usr/local/Cellar/ffmpeg/3.3.2/lib/libavfilter.6.82.100.dylib; sourceTree = "<group>"; };
		31674DBF1EF7971500F28053 /* libavfilter.a */ = {isa = PBXFileReference; lastKnownFileType = archive.ar; name = libavfilter.a; path = ../../../../../../../usr/local/Cellar/ffmpeg/3.3.2/lib/libavfilter.a; sourceTree = "<group>"; };
		31674DC01EF7971500F28053 /* libavfilter.6.82.100.dylib */ = {isa = PBXFileReference; lastKnownFileType = "compiled.mach-o.dylib"; name = libavfilter.6.82.100.dylib; path = ../../../../../../../usr/local/Cellar/ffmpeg/3.3.2/lib/libavfilter.6.82.100.dylib; sourceTree = "<group>"; };
		31674DC11EF7971500F28053 /* libavformat.57.71.100.dylib */ = {isa = PBXFileReference; lastKnownFileType = "compiled.mach-o.dylib"; name = libavformat.57.71.100.dylib; path = ../../../../../../../usr/local/Cellar/ffmpeg/3.3.2/lib/libavformat.57.71.100.dylib; sourceTree = "<group>"; };
		31674DC21EF7971500F28053 /* libavformat.57.71.100.dylib */ = {isa = PBXFileReference; lastKnownFileType = "compiled.mach-o.dylib"; name = libavformat.57.71.100.dylib; path = ../../../../../../../usr/local/Cellar/ffmpeg/3.3.2/lib/libavformat.57.71.100.dylib; sourceTree = "<group>"; };
		31674DC31EF7971500F28053 /* libavformat.a */ = {isa = PBXFileReference; lastKnownFileType = archive.ar; name = libavformat.a; path = ../../../../../../../usr/local/Cellar/ffmpeg/3.3.2/lib/libavformat.a; sourceTree = "<group>"; };
		31674DC41EF7971500F28053 /* libavformat.57.71.100.dylib */ = {isa = PBXFileReference; lastKnownFileType = "compiled.mach-o.dylib"; name = libavformat.57.71.100.dylib; path = ../../../../../../../usr/local/Cellar/ffmpeg/3.3.2/lib/libavformat.57.71.100.dylib; sourceTree = "<group>"; };
		31674DC51EF7971500F28053 /* libavresample.3.5.0.dylib */ = {isa = PBXFileReference; lastKnownFileType = "compiled.mach-o.dylib"; name = libavresample.3.5.0.dylib; path = ../../../../../../../usr/local/Cellar/ffmpeg/3.3.2/lib/libavresample.3.5.0.dylib; sourceTree = "<group>"; };
		31674DC61EF7971500F28053 /* libavresample.3.5.0.dylib */ = {isa = PBXFileReference; lastKnownFileType = "compiled.mach-o.dylib"; name = libavresample.3.5.0.dylib; path = ../../../../../../../usr/local/Cellar/ffmpeg/3.3.2/lib/libavresample.3.5.0.dylib; sourceTree = "<group>"; };
		31674DC71EF7971500F28053 /* libavresample.a */ = {isa = PBXFileReference; lastKnownFileType = archive.ar; name = libavresample.a; path = ../../../../../../../usr/local/Cellar/ffmpeg/3.3.2/lib/libavresample.a; sourceTree = "<group>"; };
		31674DC81EF7971500F28053 /* libavresample.3.5.0.dylib */ = {isa = PBXFileReference; lastKnownFileType = "compiled.mach-o.dylib"; name = libavresample.3.5.0.dylib; path = ../../../../../../../usr/local/Cellar/ffmpeg/3.3.2/lib/libavresample.3.5.0.dylib; sourceTree = "<group>"; };
		31674DC91EF7971500F28053 /* libavutil.55.58.100.dylib */ = {isa = PBXFileReference; lastKnownFileType = "compiled.mach-o.dylib"; name = libavutil.55.58.100.dylib; path = ../../../../../../../usr/local/Cellar/ffmpeg/3.3.2/lib/libavutil.55.58.100.dylib; sourceTree = "<group>"; };
		31674DCA1EF7971500F28053 /* libavutil.55.58.100.dylib */ = {isa = PBXFileReference; lastKnownFileType = "compiled.mach-o.dylib"; name = libavutil.55.58.100.dylib; path = ../../../../../../../usr/local/Cellar/ffmpeg/3.3.2/lib/libavutil.55.58.100.dylib; sourceTree = "<group>"; };
		31674DCB1EF7971500F28053 /* libavutil.a */ = {isa = PBXFileReference; lastKnownFileType = archive.ar; name = libavutil.a; path = ../../../../../../../usr/local/Cellar/ffmpeg/3.3.2/lib/libavutil.a; sourceTree = "<group>"; };
		31674DCC1EF7971500F28053 /* libavutil.55.58.100.dylib */ = {isa = PBXFileReference; lastKnownFileType = "compiled.mach-o.dylib"; name = libavutil.55.58.100.dylib; path = ../../../../../../../usr/local/Cellar/ffmpeg/3.3.2/lib/libavutil.55.58.100.dylib; sourceTree = "<group>"; };
		31674DCD1EF7971500F28053 /* libHalf.12.dylib */ = {isa = PBXFileReference; lastKnownFileType = "compiled.mach-o.dylib"; name = libHalf.12.dylib; path = ../../../../../../../usr/local/Cellar/ilmbase/2.2.0/lib/libHalf.12.dylib; sourceTree = "<group>"; };
		31674DCE1EF7971500F28053 /* libHalf.a */ = {isa = PBXFileReference; lastKnownFileType = archive.ar; name = libHalf.a; path = ../../../../../../../usr/local/Cellar/ilmbase/2.2.0/lib/libHalf.a; sourceTree = "<group>"; };
		31674DCF1EF7971500F28053 /* libHalf.12.dylib */ = {isa = PBXFileReference; lastKnownFileType = "compiled.mach-o.dylib"; name = libHalf.12.dylib; path = ../../../../../../../usr/local/Cellar/ilmbase/2.2.0/lib/libHalf.12.dylib; sourceTree = "<group>"; };
		31674DD01EF7971500F28053 /* libIex-2_2.12.dylib */ = {isa = PBXFileReference; lastKnownFileType = "compiled.mach-o.dylib"; name = "libIex-2_2.12.dylib"; path = "../../../../../../../usr/local/Cellar/ilmbase/2.2.0/lib/libIex-2_2.12.dylib"; sourceTree = "<group>"; };
		31674DD11EF7971500F28053 /* libIex.a */ = {isa = PBXFileReference; lastKnownFileType = archive.ar; name = libIex.a; path = ../../../../../../../usr/local/Cellar/ilmbase/2.2.0/lib/libIex.a; sourceTree = "<group>"; };
		31674DD21EF7971500F28053 /* libIex-2_2.12.dylib */ = {isa = PBXFileReference; lastKnownFileType = "compiled.mach-o.dylib"; name = "libIex-2_2.12.dylib"; path = "../../../../../../../usr/local/Cellar/ilmbase/2.2.0/lib/libIex-2_2.12.dylib"; sourceTree = "<group>"; };
		31674DD31EF7971500F28053 /* libIexMath-2_2.12.dylib */ = {isa = PBXFileReference; lastKnownFileType = "compiled.mach-o.dylib"; name = "libIexMath-2_2.12.dylib"; path = "../../../../../../../usr/local/Cellar/ilmbase/2.2.0/lib/libIexMath-2_2.12.dylib"; sourceTree = "<group>"; };
		31674DD41EF7971500F28053 /* libIexMath.a */ = {isa = PBXFileReference; lastKnownFileType = archive.ar; name = libIexMath.a; path = ../../../../../../../usr/local/Cellar/ilmbase/2.2.0/lib/libIexMath.a; sourceTree = "<group>"; };
		31674DD51EF7971500F28053 /* libIexMath-2_2.12.dylib */ = {isa = PBXFileReference; lastKnownFileType = "compiled.mach-o.dylib"; name = "libIexMath-2_2.12.dylib"; path = "../../../../../../../usr/local/Cellar/ilmbase/2.2.0/lib/libIexMath-2_2.12.dylib"; sourceTree = "<group>"; };
		31674DD61EF7971500F28053 /* libIlmImf-2_2.22.dylib */ = {isa = PBXFileReference; lastKnownFileType = "compiled.mach-o.dylib"; name = "libIlmImf-2_2.22.dylib"; path = "../../../../../../../usr/local/Cellar/openexr/2.2.0/lib/libIlmImf-2_2.22.dylib"; sourceTree = "<group>"; };
		31674DD71EF7971600F28053 /* libIlmImf.a */ = {isa = PBXFileReference; lastKnownFileType = archive.ar; name = libIlmImf.a; path = ../../../../../../../usr/local/Cellar/openexr/2.2.0/lib/libIlmImf.a; sourceTree = "<group>"; };
		31674DD81EF7971600F28053 /* libIlmImf-2_2.22.dylib */ = {isa = PBXFileReference; lastKnownFileType = "compiled.mach-o.dylib"; name = "libIlmImf-2_2.22.dylib"; path = "../../../../../../../usr/local/Cellar/openexr/2.2.0/lib/libIlmImf-2_2.22.dylib"; sourceTree = "<group>"; };
		31674DD91EF7971600F28053 /* libIlmImfUtil-2_2.22.dylib */ = {isa = PBXFileReference; lastKnownFileType = "compiled.mach-o.dylib"; name = "libIlmImfUtil-2_2.22.dylib"; path = "../../../../../../../usr/local/Cellar/openexr/2.2.0/lib/libIlmImfUtil-2_2.22.dylib"; sourceTree = "<group>"; };
		31674DDA1EF7971600F28053 /* libIlmImfUtil.a */ = {isa = PBXFileReference; lastKnownFileType = archive.ar; name = libIlmImfUtil.a; path = ../../../../../../../usr/local/Cellar/openexr/2.2.0/lib/libIlmImfUtil.a; sourceTree = "<group>"; };
		31674DDB1EF7971600F28053 /* libIlmImfUtil-2_2.22.dylib */ = {isa = PBXFileReference; lastKnownFileType = "compiled.mach-o.dylib"; name = "libIlmImfUtil-2_2.22.dylib"; path = "../../../../../../../usr/local/Cellar/openexr/2.2.0/lib/libIlmImfUtil-2_2.22.dylib"; sourceTree = "<group>"; };
		31674DDC1EF7971600F28053 /* libIlmThread-2_2.12.dylib */ = {isa = PBXFileReference; lastKnownFileType = "compiled.mach-o.dylib"; name = "libIlmThread-2_2.12.dylib"; path = "../../../../../../../usr/local/Cellar/ilmbase/2.2.0/lib/libIlmThread-2_2.12.dylib"; sourceTree = "<group>"; };
		31674DDD1EF7971600F28053 /* libIlmThread.a */ = {isa = PBXFileReference; lastKnownFileType = archive.ar; name = libIlmThread.a; path = ../../../../../../../usr/local/Cellar/ilmbase/2.2.0/lib/libIlmThread.a; sourceTree = "<group>"; };
		31674DDE1EF7971600F28053 /* libIlmThread-2_2.12.dylib */ = {isa = PBXFileReference; lastKnownFileType = "compiled.mach-o.dylib"; name = "libIlmThread-2_2.12.dylib"; path = "../../../../../../../usr/local/Cellar/ilmbase/2.2.0/lib/libIlmThread-2_2.12.dylib"; sourceTree = "<group>"; };
		31674DDF1EF7971600F28053 /* libImath-2_2.12.dylib */ = {isa = PBXFileReference; lastKnownFileType = "compiled.mach-o.dylib"; name = "libImath-2_2.12.dylib"; path = "../../../../../../../usr/local/Cellar/ilmbase/2.2.0/lib/libImath-2_2.12.dylib"; sourceTree = "<group>"; };
		31674DE01EF7971600F28053 /* libImath.a */ = {isa = PBXFileReference; lastKnownFileType = archive.ar; name = libImath.a; path = ../../../../../../../usr/local/Cellar/ilmbase/2.2.0/lib/libImath.a; sourceTree = "<group>"; };
		31674DE11EF7971600F28053 /* libImath-2_2.12.dylib */ = {isa = PBXFileReference; lastKnownFileType = "compiled.mach-o.dylib"; name = "libImath-2_2.12.dylib"; path = "../../../../../../../usr/local/Cellar/ilmbase/2.2.0/lib/libImath-2_2.12.dylib"; sourceTree = "<group>"; };
		31674DE21EF7971600F28053 /* libjpeg.8.dylib */ = {isa = PBXFileReference; lastKnownFileType = "compiled.mach-o.dylib"; name = libjpeg.8.dylib; path = ../../../../../../../usr/local/Cellar/jpeg/8d/lib/libjpeg.8.dylib; sourceTree = "<group>"; };
		31674DE31EF7971600F28053 /* libjpeg.a */ = {isa = PBXFileReference; lastKnownFileType = archive.ar; name = libjpeg.a; path = ../../../../../../../usr/local/Cellar/jpeg/8d/lib/libjpeg.a; sourceTree = "<group>"; };
		31674DE41EF7971600F28053 /* libjpeg.8.dylib */ = {isa = PBXFileReference; lastKnownFileType = "compiled.mach-o.dylib"; name = libjpeg.8.dylib; path = ../../../../../../../usr/local/Cellar/jpeg/8d/lib/libjpeg.8.dylib; sourceTree = "<group>"; };
		31674DE51EF7971600F28053 /* libmp3lame.0.dylib */ = {isa = PBXFileReference; lastKnownFileType = "compiled.mach-o.dylib"; name = libmp3lame.0.dylib; path = ../../../../../../../usr/local/Cellar/lame/3.99.5/lib/libmp3lame.0.dylib; sourceTree = "<group>"; };
		31674DE61EF7971600F28053 /* libmp3lame.a */ = {isa = PBXFileReference; lastKnownFileType = archive.ar; name = libmp3lame.a; path = ../../../../../../../usr/local/Cellar/lame/3.99.5/lib/libmp3lame.a; sourceTree = "<group>"; };
		31674DE71EF7971600F28053 /* libmp3lame.0.dylib */ = {isa = PBXFileReference; lastKnownFileType = "compiled.mach-o.dylib"; name = libmp3lame.0.dylib; path = ../../../../../../../usr/local/Cellar/lame/3.99.5/lib/libmp3lame.0.dylib; sourceTree = "<group>"; };
		31674DE81EF7971600F28053 /* libopencv_calib3d.2.4.13.dylib */ = {isa = PBXFileReference; lastKnownFileType = "compiled.mach-o.dylib"; name = libopencv_calib3d.2.4.13.dylib; path = ../../../../../../../usr/local/Cellar/opencv/2.4.13.2/lib/libopencv_calib3d.2.4.13.dylib; sourceTree = "<group>"; };
		31674DE91EF7971600F28053 /* libopencv_calib3d.2.4.13.dylib */ = {isa = PBXFileReference; lastKnownFileType = "compiled.mach-o.dylib"; name = libopencv_calib3d.2.4.13.dylib; path = ../../../../../../../usr/local/Cellar/opencv/2.4.13.2/lib/libopencv_calib3d.2.4.13.dylib; sourceTree = "<group>"; };
		31674DEA1EF7971600F28053 /* libopencv_calib3d.2.4.13.dylib */ = {isa = PBXFileReference; lastKnownFileType = "compiled.mach-o.dylib"; name = libopencv_calib3d.2.4.13.dylib; path = ../../../../../../../usr/local/Cellar/opencv/2.4.13.2/lib/libopencv_calib3d.2.4.13.dylib; sourceTree = "<group>"; };
		31674DEB1EF7971600F28053 /* libopencv_contrib.2.4.13.dylib */ = {isa = PBXFileReference; lastKnownFileType = "compiled.mach-o.dylib"; name = libopencv_contrib.2.4.13.dylib; path = ../../../../../../../usr/local/Cellar/opencv/2.4.13.2/lib/libopencv_contrib.2.4.13.dylib; sourceTree = "<group>"; };
		31674DEC1EF7971600F28053 /* libopencv_contrib.2.4.13.dylib */ = {isa = PBXFileReference; lastKnownFileType = "compiled.mach-o.dylib"; name = libopencv_contrib.2.4.13.dylib; path = ../../../../../../../usr/local/Cellar/opencv/2.4.13.2/lib/libopencv_contrib.2.4.13.dylib; sourceTree = "<group>"; };
		31674DED1EF7971600F28053 /* libopencv_contrib.2.4.13.dylib */ = {isa = PBXFileReference; lastKnownFileType = "compiled.mach-o.dylib"; name = libopencv_contrib.2.4.13.dylib; path = ../../../../../../../usr/local/Cellar/opencv/2.4.13.2/lib/libopencv_contrib.2.4.13.dylib; sourceTree = "<group>"; };
		31674DEE1EF7971600F28053 /* libopencv_core.2.4.13.dylib */ = {isa = PBXFileReference; lastKnownFileType = "compiled.mach-o.dylib"; name = libopencv_core.2.4.13.dylib; path = ../../../../../../../usr/local/Cellar/opencv/2.4.13.2/lib/libopencv_core.2.4.13.dylib; sourceTree = "<group>"; };
		31674DEF1EF7971600F28053 /* libopencv_core.2.4.13.dylib */ = {isa = PBXFileReference; lastKnownFileType = "compiled.mach-o.dylib"; name = libopencv_core.2.4.13.dylib; path = ../../../../../../../usr/local/Cellar/opencv/2.4.13.2/lib/libopencv_core.2.4.13.dylib; sourceTree = "<group>"; };
		31674DF01EF7971600F28053 /* libopencv_core.2.4.13.dylib */ = {isa = PBXFileReference; lastKnownFileType = "compiled.mach-o.dylib"; name = libopencv_core.2.4.13.dylib; path = ../../../../../../../usr/local/Cellar/opencv/2.4.13.2/lib/libopencv_core.2.4.13.dylib; sourceTree = "<group>"; };
		31674DF11EF7971600F28053 /* libopencv_features2d.2.4.13.dylib */ = {isa = PBXFileReference; lastKnownFileType = "compiled.mach-o.dylib"; name = libopencv_features2d.2.4.13.dylib; path = ../../../../../../../usr/local/Cellar/opencv/2.4.13.2/lib/libopencv_features2d.2.4.13.dylib; sourceTree = "<group>"; };
		31674DF21EF7971600F28053 /* libopencv_features2d.2.4.13.dylib */ = {isa = PBXFileReference; lastKnownFileType = "compiled.mach-o.dylib"; name = libopencv_features2d.2.4.13.dylib; path = ../../../../../../../usr/local/Cellar/opencv/2.4.13.2/lib/libopencv_features2d.2.4.13.dylib; sourceTree = "<group>"; };
		31674DF31EF7971600F28053 /* libopencv_features2d.2.4.13.dylib */ = {isa = PBXFileReference; lastKnownFileType = "compiled.mach-o.dylib"; name = libopencv_features2d.2.4.13.dylib; path = ../../../../../../../usr/local/Cellar/opencv/2.4.13.2/lib/libopencv_features2d.2.4.13.dylib; sourceTree = "<group>"; };
		31674DF41EF7971600F28053 /* libopencv_flann.2.4.13.dylib */ = {isa = PBXFileReference; lastKnownFileType = "compiled.mach-o.dylib"; name = libopencv_flann.2.4.13.dylib; path = ../../../../../../../usr/local/Cellar/opencv/2.4.13.2/lib/libopencv_flann.2.4.13.dylib; sourceTree = "<group>"; };
		31674DF51EF7971600F28053 /* libopencv_flann.2.4.13.dylib */ = {isa = PBXFileReference; lastKnownFileType = "compiled.mach-o.dylib"; name = libopencv_flann.2.4.13.dylib; path = ../../../../../../../usr/local/Cellar/opencv/2.4.13.2/lib/libopencv_flann.2.4.13.dylib; sourceTree = "<group>"; };
		31674DF61EF7971600F28053 /* libopencv_flann.2.4.13.dylib */ = {isa = PBXFileReference; lastKnownFileType = "compiled.mach-o.dylib"; name = libopencv_flann.2.4.13.dylib; path = ../../../../../../../usr/local/Cellar/opencv/2.4.13.2/lib/libopencv_flann.2.4.13.dylib; sourceTree = "<group>"; };
		31674DF71EF7971600F28053 /* libopencv_gpu.2.4.13.dylib */ = {isa = PBXFileReference; lastKnownFileType = "compiled.mach-o.dylib"; name = libopencv_gpu.2.4.13.dylib; path = ../../../../../../../usr/local/Cellar/opencv/2.4.13.2/lib/libopencv_gpu.2.4.13.dylib; sourceTree = "<group>"; };
		31674DF81EF7971600F28053 /* libopencv_gpu.2.4.13.dylib */ = {isa = PBXFileReference; lastKnownFileType = "compiled.mach-o.dylib"; name = libopencv_gpu.2.4.13.dylib; path = ../../../../../../../usr/local/Cellar/opencv/2.4.13.2/lib/libopencv_gpu.2.4.13.dylib; sourceTree = "<group>"; };
		31674DF91EF7971600F28053 /* libopencv_gpu.2.4.13.dylib */ = {isa = PBXFileReference; lastKnownFileType = "compiled.mach-o.dylib"; name = libopencv_gpu.2.4.13.dylib; path = ../../../../../../../usr/local/Cellar/opencv/2.4.13.2/lib/libopencv_gpu.2.4.13.dylib; sourceTree = "<group>"; };
		31674DFA1EF7971600F28053 /* libopencv_highgui.2.4.13.dylib */ = {isa = PBXFileReference; lastKnownFileType = "compiled.mach-o.dylib"; name = libopencv_highgui.2.4.13.dylib; path = ../../../../../../../usr/local/Cellar/opencv/2.4.13.2/lib/libopencv_highgui.2.4.13.dylib; sourceTree = "<group>"; };
		31674DFB1EF7971600F28053 /* libopencv_highgui.2.4.13.dylib */ = {isa = PBXFileReference; lastKnownFileType = "compiled.mach-o.dylib"; name = libopencv_highgui.2.4.13.dylib; path = ../../../../../../../usr/local/Cellar/opencv/2.4.13.2/lib/libopencv_highgui.2.4.13.dylib; sourceTree = "<group>"; };
		31674DFC1EF7971600F28053 /* libopencv_highgui.2.4.13.dylib */ = {isa = PBXFileReference; lastKnownFileType = "compiled.mach-o.dylib"; name = libopencv_highgui.2.4.13.dylib; path = ../../../../../../../usr/local/Cellar/opencv/2.4.13.2/lib/libopencv_highgui.2.4.13.dylib; sourceTree = "<group>"; };
		31674DFD1EF7971600F28053 /* libopencv_imgproc.2.4.13.dylib */ = {isa = PBXFileReference; lastKnownFileType = "compiled.mach-o.dylib"; name = libopencv_imgproc.2.4.13.dylib; path = ../../../../../../../usr/local/Cellar/opencv/2.4.13.2/lib/libopencv_imgproc.2.4.13.dylib; sourceTree = "<group>"; };
		31674DFE1EF7971600F28053 /* libopencv_imgproc.2.4.13.dylib */ = {isa = PBXFileReference; lastKnownFileType = "compiled.mach-o.dylib"; name = libopencv_imgproc.2.4.13.dylib; path = ../../../../../../../usr/local/Cellar/opencv/2.4.13.2/lib/libopencv_imgproc.2.4.13.dylib; sourceTree = "<group>"; };
		31674DFF1EF7971600F28053 /* libopencv_imgproc.2.4.13.dylib */ = {isa = PBXFileReference; lastKnownFileType = "compiled.mach-o.dylib"; name = libopencv_imgproc.2.4.13.dylib; path = ../../../../../../../usr/local/Cellar/opencv/2.4.13.2/lib/libopencv_imgproc.2.4.13.dylib; sourceTree = "<group>"; };
		31674E001EF7971600F28053 /* libopencv_legacy.2.4.13.dylib */ = {isa = PBXFileReference; lastKnownFileType = "compiled.mach-o.dylib"; name = libopencv_legacy.2.4.13.dylib; path = ../../../../../../../usr/local/Cellar/opencv/2.4.13.2/lib/libopencv_legacy.2.4.13.dylib; sourceTree = "<group>"; };
		31674E011EF7971600F28053 /* libopencv_legacy.2.4.13.dylib */ = {isa = PBXFileReference; lastKnownFileType = "compiled.mach-o.dylib"; name = libopencv_legacy.2.4.13.dylib; path = ../../../../../../../usr/local/Cellar/opencv/2.4.13.2/lib/libopencv_legacy.2.4.13.dylib; sourceTree = "<group>"; };
		31674E021EF7971600F28053 /* libopencv_legacy.2.4.13.dylib */ = {isa = PBXFileReference; lastKnownFileType = "compiled.mach-o.dylib"; name = libopencv_legacy.2.4.13.dylib; path = ../../../../../../../usr/local/Cellar/opencv/2.4.13.2/lib/libopencv_legacy.2.4.13.dylib; sourceTree = "<group>"; };
		31674E031EF7971600F28053 /* libopencv_ml.2.4.13.dylib */ = {isa = PBXFileReference; lastKnownFileType = "compiled.mach-o.dylib"; name = libopencv_ml.2.4.13.dylib; path = ../../../../../../../usr/local/Cellar/opencv/2.4.13.2/lib/libopencv_ml.2.4.13.dylib; sourceTree = "<group>"; };
		31674E041EF7971600F28053 /* libopencv_ml.2.4.13.dylib */ = {isa = PBXFileReference; lastKnownFileType = "compiled.mach-o.dylib"; name = libopencv_ml.2.4.13.dylib; path = ../../../../../../../usr/local/Cellar/opencv/2.4.13.2/lib/libopencv_ml.2.4.13.dylib; sourceTree = "<group>"; };
		31674E051EF7971600F28053 /* libopencv_ml.2.4.13.dylib */ = {isa = PBXFileReference; lastKnownFileType = "compiled.mach-o.dylib"; name = libopencv_ml.2.4.13.dylib; path = ../../../../../../../usr/local/Cellar/opencv/2.4.13.2/lib/libopencv_ml.2.4.13.dylib; sourceTree = "<group>"; };
		31674E061EF7971600F28053 /* libopencv_nonfree.2.4.13.dylib */ = {isa = PBXFileReference; lastKnownFileType = "compiled.mach-o.dylib"; name = libopencv_nonfree.2.4.13.dylib; path = ../../../../../../../usr/local/Cellar/opencv/2.4.13.2/lib/libopencv_nonfree.2.4.13.dylib; sourceTree = "<group>"; };
		31674E071EF7971600F28053 /* libopencv_nonfree.2.4.13.dylib */ = {isa = PBXFileReference; lastKnownFileType = "compiled.mach-o.dylib"; name = libopencv_nonfree.2.4.13.dylib; path = ../../../../../../../usr/local/Cellar/opencv/2.4.13.2/lib/libopencv_nonfree.2.4.13.dylib; sourceTree = "<group>"; };
		31674E081EF7971600F28053 /* libopencv_nonfree.2.4.13.dylib */ = {isa = PBXFileReference; lastKnownFileType = "compiled.mach-o.dylib"; name = libopencv_nonfree.2.4.13.dylib; path = ../../../../../../../usr/local/Cellar/opencv/2.4.13.2/lib/libopencv_nonfree.2.4.13.dylib; sourceTree = "<group>"; };
		31674E091EF7971600F28053 /* libopencv_objdetect.2.4.13.dylib */ = {isa = PBXFileReference; lastKnownFileType = "compiled.mach-o.dylib"; name = libopencv_objdetect.2.4.13.dylib; path = ../../../../../../../usr/local/Cellar/opencv/2.4.13.2/lib/libopencv_objdetect.2.4.13.dylib; sourceTree = "<group>"; };
		31674E0A1EF7971600F28053 /* libopencv_objdetect.2.4.13.dylib */ = {isa = PBXFileReference; lastKnownFileType = "compiled.mach-o.dylib"; name = libopencv_objdetect.2.4.13.dylib; path = ../../../../../../../usr/local/Cellar/opencv/2.4.13.2/lib/libopencv_objdetect.2.4.13.dylib; sourceTree = "<group>"; };
		31674E0B1EF7971600F28053 /* libopencv_objdetect.2.4.13.dylib */ = {isa = PBXFileReference; lastKnownFileType = "compiled.mach-o.dylib"; name = libopencv_objdetect.2.4.13.dylib; path = ../../../../../../../usr/local/Cellar/opencv/2.4.13.2/lib/libopencv_objdetect.2.4.13.dylib; sourceTree = "<group>"; };
		31674E0C1EF7971600F28053 /* libopencv_ocl.2.4.13.dylib */ = {isa = PBXFileReference; lastKnownFileType = "compiled.mach-o.dylib"; name = libopencv_ocl.2.4.13.dylib; path = ../../../../../../../usr/local/Cellar/opencv/2.4.13.2/lib/libopencv_ocl.2.4.13.dylib; sourceTree = "<group>"; };
		31674E0D1EF7971600F28053 /* libopencv_ocl.2.4.13.dylib */ = {isa = PBXFileReference; lastKnownFileType = "compiled.mach-o.dylib"; name = libopencv_ocl.2.4.13.dylib; path = ../../../../../../../usr/local/Cellar/opencv/2.4.13.2/lib/libopencv_ocl.2.4.13.dylib; sourceTree = "<group>"; };
		31674E0E1EF7971600F28053 /* libopencv_ocl.2.4.13.dylib */ = {isa = PBXFileReference; lastKnownFileType = "compiled.mach-o.dylib"; name = libopencv_ocl.2.4.13.dylib; path = ../../../../../../../usr/local/Cellar/opencv/2.4.13.2/lib/libopencv_ocl.2.4.13.dylib; sourceTree = "<group>"; };
		31674E0F1EF7971600F28053 /* libopencv_photo.2.4.13.dylib */ = {isa = PBXFileReference; lastKnownFileType = "compiled.mach-o.dylib"; name = libopencv_photo.2.4.13.dylib; path = ../../../../../../../usr/local/Cellar/opencv/2.4.13.2/lib/libopencv_photo.2.4.13.dylib; sourceTree = "<group>"; };
		31674E101EF7971600F28053 /* libopencv_photo.2.4.13.dylib */ = {isa = PBXFileReference; lastKnownFileType = "compiled.mach-o.dylib"; name = libopencv_photo.2.4.13.dylib; path = ../../../../../../../usr/local/Cellar/opencv/2.4.13.2/lib/libopencv_photo.2.4.13.dylib; sourceTree = "<group>"; };
		31674E111EF7971600F28053 /* libopencv_photo.2.4.13.dylib */ = {isa = PBXFileReference; lastKnownFileType = "compiled.mach-o.dylib"; name = libopencv_photo.2.4.13.dylib; path = ../../../../../../../usr/local/Cellar/opencv/2.4.13.2/lib/libopencv_photo.2.4.13.dylib; sourceTree = "<group>"; };
		31674E121EF7971600F28053 /* libopencv_stitching.2.4.13.dylib */ = {isa = PBXFileReference; lastKnownFileType = "compiled.mach-o.dylib"; name = libopencv_stitching.2.4.13.dylib; path = ../../../../../../../usr/local/Cellar/opencv/2.4.13.2/lib/libopencv_stitching.2.4.13.dylib; sourceTree = "<group>"; };
		31674E131EF7971600F28053 /* libopencv_stitching.2.4.13.dylib */ = {isa = PBXFileReference; lastKnownFileType = "compiled.mach-o.dylib"; name = libopencv_stitching.2.4.13.dylib; path = ../../../../../../../usr/local/Cellar/opencv/2.4.13.2/lib/libopencv_stitching.2.4.13.dylib; sourceTree = "<group>"; };
		31674E141EF7971600F28053 /* libopencv_stitching.2.4.13.dylib */ = {isa = PBXFileReference; lastKnownFileType = "compiled.mach-o.dylib"; name = libopencv_stitching.2.4.13.dylib; path = ../../../../../../../usr/local/Cellar/opencv/2.4.13.2/lib/libopencv_stitching.2.4.13.dylib; sourceTree = "<group>"; };
		31674E151EF7971600F28053 /* libopencv_superres.2.4.13.dylib */ = {isa = PBXFileReference; lastKnownFileType = "compiled.mach-o.dylib"; name = libopencv_superres.2.4.13.dylib; path = ../../../../../../../usr/local/Cellar/opencv/2.4.13.2/lib/libopencv_superres.2.4.13.dylib; sourceTree = "<group>"; };
		31674E161EF7971600F28053 /* libopencv_superres.2.4.13.dylib */ = {isa = PBXFileReference; lastKnownFileType = "compiled.mach-o.dylib"; name = libopencv_superres.2.4.13.dylib; path = ../../../../../../../usr/local/Cellar/opencv/2.4.13.2/lib/libopencv_superres.2.4.13.dylib; sourceTree = "<group>"; };
		31674E171EF7971600F28053 /* libopencv_superres.2.4.13.dylib */ = {isa = PBXFileReference; lastKnownFileType = "compiled.mach-o.dylib"; name = libopencv_superres.2.4.13.dylib; path = ../../../../../../../usr/local/Cellar/opencv/2.4.13.2/lib/libopencv_superres.2.4.13.dylib; sourceTree = "<group>"; };
		31674E181EF7971600F28053 /* libopencv_ts.a */ = {isa = PBXFileReference; lastKnownFileType = archive.ar; name = libopencv_ts.a; path = ../../../../../../../usr/local/Cellar/opencv/2.4.13.2/lib/libopencv_ts.a; sourceTree = "<group>"; };
		31674E191EF7971600F28053 /* libopencv_video.2.4.13.dylib */ = {isa = PBXFileReference; lastKnownFileType = "compiled.mach-o.dylib"; name = libopencv_video.2.4.13.dylib; path = ../../../../../../../usr/local/Cellar/opencv/2.4.13.2/lib/libopencv_video.2.4.13.dylib; sourceTree = "<group>"; };
		31674E1A1EF7971600F28053 /* libopencv_video.2.4.13.dylib */ = {isa = PBXFileReference; lastKnownFileType = "compiled.mach-o.dylib"; name = libopencv_video.2.4.13.dylib; path = ../../../../../../../usr/local/Cellar/opencv/2.4.13.2/lib/libopencv_video.2.4.13.dylib; sourceTree = "<group>"; };
		31674E1B1EF7971600F28053 /* libopencv_video.2.4.13.dylib */ = {isa = PBXFileReference; lastKnownFileType = "compiled.mach-o.dylib"; name = libopencv_video.2.4.13.dylib; path = ../../../../../../../usr/local/Cellar/opencv/2.4.13.2/lib/libopencv_video.2.4.13.dylib; sourceTree = "<group>"; };
		31674E1C1EF7971600F28053 /* libopencv_videostab.2.4.13.dylib */ = {isa = PBXFileReference; lastKnownFileType = "compiled.mach-o.dylib"; name = libopencv_videostab.2.4.13.dylib; path = ../../../../../../../usr/local/Cellar/opencv/2.4.13.2/lib/libopencv_videostab.2.4.13.dylib; sourceTree = "<group>"; };
		31674E1D1EF7971600F28053 /* libopencv_videostab.2.4.13.dylib */ = {isa = PBXFileReference; lastKnownFileType = "compiled.mach-o.dylib"; name = libopencv_videostab.2.4.13.dylib; path = ../../../../../../../usr/local/Cellar/opencv/2.4.13.2/lib/libopencv_videostab.2.4.13.dylib; sourceTree = "<group>"; };
		31674E1E1EF7971600F28053 /* libopencv_videostab.2.4.13.dylib */ = {isa = PBXFileReference; lastKnownFileType = "compiled.mach-o.dylib"; name = libopencv_videostab.2.4.13.dylib; path = ../../../../../../../usr/local/Cellar/opencv/2.4.13.2/lib/libopencv_videostab.2.4.13.dylib; sourceTree = "<group>"; };
		31674E1F1EF7971600F28053 /* libpng16.a */ = {isa = PBXFileReference; lastKnownFileType = archive.ar; name = libpng16.a; path = ../../../../../../../usr/local/Cellar/libpng/1.6.29/lib/libpng16.a; sourceTree = "<group>"; };
		31674E201EF7971600F28053 /* libpng16.16.dylib */ = {isa = PBXFileReference; lastKnownFileType = "compiled.mach-o.dylib"; name = libpng16.16.dylib; path = ../../../../../../../usr/local/Cellar/libpng/1.6.29/lib/libpng16.16.dylib; sourceTree = "<group>"; };
		31674E211EF7971600F28053 /* libpng16.16.dylib */ = {isa = PBXFileReference; lastKnownFileType = "compiled.mach-o.dylib"; name = libpng16.16.dylib; path = ../../../../../../../usr/local/Cellar/libpng/1.6.29/lib/libpng16.16.dylib; sourceTree = "<group>"; };
		31674E221EF7971600F28053 /* libpng16.a */ = {isa = PBXFileReference; lastKnownFileType = archive.ar; name = libpng16.a; path = ../../../../../../../usr/local/Cellar/libpng/1.6.29/lib/libpng16.a; sourceTree = "<group>"; };
		31674E231EF7971600F28053 /* libpng16.16.dylib */ = {isa = PBXFileReference; lastKnownFileType = "compiled.mach-o.dylib"; name = libpng16.16.dylib; path = ../../../../../../../usr/local/Cellar/libpng/1.6.29/lib/libpng16.16.dylib; sourceTree = "<group>"; };
		31674E241EF7971600F28053 /* libpostproc.54.5.100.dylib */ = {isa = PBXFileReference; lastKnownFileType = "compiled.mach-o.dylib"; name = libpostproc.54.5.100.dylib; path = ../../../../../../../usr/local/Cellar/ffmpeg/3.3.2/lib/libpostproc.54.5.100.dylib; sourceTree = "<group>"; };
		31674E251EF7971600F28053 /* libpostproc.54.5.100.dylib */ = {isa = PBXFileReference; lastKnownFileType = "compiled.mach-o.dylib"; name = libpostproc.54.5.100.dylib; path = ../../../../../../../usr/local/Cellar/ffmpeg/3.3.2/lib/libpostproc.54.5.100.dylib; sourceTree = "<group>"; };
		31674E261EF7971600F28053 /* libpostproc.a */ = {isa = PBXFileReference; lastKnownFileType = archive.ar; name = libpostproc.a; path = ../../../../../../../usr/local/Cellar/ffmpeg/3.3.2/lib/libpostproc.a; sourceTree = "<group>"; };
		31674E271EF7971600F28053 /* libpostproc.54.5.100.dylib */ = {isa = PBXFileReference; lastKnownFileType = "compiled.mach-o.dylib"; name = libpostproc.54.5.100.dylib; path = ../../../../../../../usr/local/Cellar/ffmpeg/3.3.2/lib/libpostproc.54.5.100.dylib; sourceTree = "<group>"; };
		31674E281EF7971600F28053 /* libswresample.2.7.100.dylib */ = {isa = PBXFileReference; lastKnownFileType = "compiled.mach-o.dylib"; name = libswresample.2.7.100.dylib; path = ../../../../../../../usr/local/Cellar/ffmpeg/3.3.2/lib/libswresample.2.7.100.dylib; sourceTree = "<group>"; };
		31674E291EF7971600F28053 /* libswresample.2.7.100.dylib */ = {isa = PBXFileReference; lastKnownFileType = "compiled.mach-o.dylib"; name = libswresample.2.7.100.dylib; path = ../../../../../../../usr/local/Cellar/ffmpeg/3.3.2/lib/libswresample.2.7.100.dylib; sourceTree = "<group>"; };
		31674E2A1EF7971600F28053 /* libswresample.a */ = {isa = PBXFileReference; lastKnownFileType = archive.ar; name = libswresample.a; path = ../../../../../../../usr/local/Cellar/ffmpeg/3.3.2/lib/libswresample.a; sourceTree = "<group>"; };
		31674E2B1EF7971600F28053 /* libswresample.2.7.100.dylib */ = {isa = PBXFileReference; lastKnownFileType = "compiled.mach-o.dylib"; name = libswresample.2.7.100.dylib; path = ../../../../../../../usr/local/Cellar/ffmpeg/3.3.2/lib/libswresample.2.7.100.dylib; sourceTree = "<group>"; };
		31674E2C1EF7971600F28053 /* libswscale.4.6.100.dylib */ = {isa = PBXFileReference; lastKnownFileType = "compiled.mach-o.dylib"; name = libswscale.4.6.100.dylib; path = ../../../../../../../usr/local/Cellar/ffmpeg/3.3.2/lib/libswscale.4.6.100.dylib; sourceTree = "<group>"; };
		31674E2D1EF7971600F28053 /* libswscale.4.6.100.dylib */ = {isa = PBXFileReference; lastKnownFileType = "compiled.mach-o.dylib"; name = libswscale.4.6.100.dylib; path = ../../../../../../../usr/local/Cellar/ffmpeg/3.3.2/lib/libswscale.4.6.100.dylib; sourceTree = "<group>"; };
		31674E2E1EF7971600F28053 /* libswscale.a */ = {isa = PBXFileReference; lastKnownFileType = archive.ar; name = libswscale.a; path = ../../../../../../../usr/local/Cellar/ffmpeg/3.3.2/lib/libswscale.a; sourceTree = "<group>"; };
		31674E2F1EF7971600F28053 /* libswscale.4.6.100.dylib */ = {isa = PBXFileReference; lastKnownFileType = "compiled.mach-o.dylib"; name = libswscale.4.6.100.dylib; path = ../../../../../../../usr/local/Cellar/ffmpeg/3.3.2/lib/libswscale.4.6.100.dylib; sourceTree = "<group>"; };
		31674E301EF7971600F28053 /* libtiff.5.dylib */ = {isa = PBXFileReference; lastKnownFileType = "compiled.mach-o.dylib"; name = libtiff.5.dylib; path = ../../../../../../../usr/local/Cellar/libtiff/4.0.8/lib/libtiff.5.dylib; sourceTree = "<group>"; };
		31674E311EF7971600F28053 /* libtiff.a */ = {isa = PBXFileReference; lastKnownFileType = archive.ar; name = libtiff.a; path = ../../../../../../../usr/local/Cellar/libtiff/4.0.8/lib/libtiff.a; sourceTree = "<group>"; };
		31674E321EF7971600F28053 /* libtiff.5.dylib */ = {isa = PBXFileReference; lastKnownFileType = "compiled.mach-o.dylib"; name = libtiff.5.dylib; path = ../../../../../../../usr/local/Cellar/libtiff/4.0.8/lib/libtiff.5.dylib; sourceTree = "<group>"; };
		31674E331EF7971600F28053 /* libtiffxx.5.dylib */ = {isa = PBXFileReference; lastKnownFileType = "compiled.mach-o.dylib"; name = libtiffxx.5.dylib; path = ../../../../../../../usr/local/Cellar/libtiff/4.0.8/lib/libtiffxx.5.dylib; sourceTree = "<group>"; };
		31674E341EF7971600F28053 /* libtiffxx.a */ = {isa = PBXFileReference; lastKnownFileType = archive.ar; name = libtiffxx.a; path = ../../../../../../../usr/local/Cellar/libtiff/4.0.8/lib/libtiffxx.a; sourceTree = "<group>"; };
		31674E351EF7971600F28053 /* libtiffxx.5.dylib */ = {isa = PBXFileReference; lastKnownFileType = "compiled.mach-o.dylib"; name = libtiffxx.5.dylib; path = ../../../../../../../usr/local/Cellar/libtiff/4.0.8/lib/libtiffxx.5.dylib; sourceTree = "<group>"; };
		31674E361EF7971600F28053 /* libx264.148.dylib */ = {isa = PBXFileReference; lastKnownFileType = "compiled.mach-o.dylib"; name = libx264.148.dylib; path = ../../../../../../../usr/local/Cellar/x264/r2748/lib/libx264.148.dylib; sourceTree = "<group>"; };
		31674E371EF7971600F28053 /* libx264.a */ = {isa = PBXFileReference; lastKnownFileType = archive.ar; name = libx264.a; path = ../../../../../../../usr/local/Cellar/x264/r2748/lib/libx264.a; sourceTree = "<group>"; };
		31674E381EF7971600F28053 /* libx264.148.dylib */ = {isa = PBXFileReference; lastKnownFileType = "compiled.mach-o.dylib"; name = libx264.148.dylib; path = ../../../../../../../usr/local/Cellar/x264/r2748/lib/libx264.148.dylib; sourceTree = "<group>"; };
		31674E391EF7971600F28053 /* libxvidcore.4.dylib */ = {isa = PBXFileReference; lastKnownFileType = "compiled.mach-o.dylib"; name = libxvidcore.4.dylib; path = ../../../../../../../usr/local/Cellar/xvid/1.3.4/lib/libxvidcore.4.dylib; sourceTree = "<group>"; };
		31674E3A1EF7971600F28053 /* libxvidcore.a */ = {isa = PBXFileReference; lastKnownFileType = archive.ar; name = libxvidcore.a; path = ../../../../../../../usr/local/Cellar/xvid/1.3.4/lib/libxvidcore.a; sourceTree = "<group>"; };
		31674E3B1EF7971600F28053 /* pkgconfig */ = {isa = PBXFileReference; lastKnownFileType = folder; name = pkgconfig; path = ../../../../../../../usr/local/lib/pkgconfig; sourceTree = "<group>"; };
		31674E3C1EF7971600F28053 /* python2.7 */ = {isa = PBXFileReference; lastKnownFileType = folder; name = python2.7; path = ../../../../../../../usr/local/lib/python2.7; sourceTree = "<group>"; };
/* End PBXFileReference section */

/* Begin PBXFrameworksBuildPhase section */
		31674DA71EF7970C00F28053 /* Frameworks */ = {
			isa = PBXFrameworksBuildPhase;
			buildActionMask = 2147483647;
			files = (
				31674E3D1EF7971600F28053 /* libavcodec.57.89.100.dylib in Frameworks */,
				31674E3E1EF7971600F28053 /* libavcodec.57.89.100.dylib in Frameworks */,
				31674E3F1EF7971600F28053 /* libavcodec.a in Frameworks */,
				31674E401EF7971600F28053 /* libavcodec.57.89.100.dylib in Frameworks */,
				31674E411EF7971600F28053 /* libavdevice.57.6.100.dylib in Frameworks */,
				31674E421EF7971600F28053 /* libavdevice.57.6.100.dylib in Frameworks */,
				31674E431EF7971600F28053 /* libavdevice.a in Frameworks */,
				31674E441EF7971600F28053 /* libavdevice.57.6.100.dylib in Frameworks */,
				31674E451EF7971600F28053 /* libavfilter.6.82.100.dylib in Frameworks */,
				31674E461EF7971600F28053 /* libavfilter.6.82.100.dylib in Frameworks */,
				31674E471EF7971600F28053 /* libavfilter.a in Frameworks */,
				31674E481EF7971600F28053 /* libavfilter.6.82.100.dylib in Frameworks */,
				31674E491EF7971600F28053 /* libavformat.57.71.100.dylib in Frameworks */,
				31674E4A1EF7971600F28053 /* libavformat.57.71.100.dylib in Frameworks */,
				31674E4B1EF7971600F28053 /* libavformat.a in Frameworks */,
				31674E4C1EF7971600F28053 /* libavformat.57.71.100.dylib in Frameworks */,
				31674E4D1EF7971600F28053 /* libavresample.3.5.0.dylib in Frameworks */,
				31674E4E1EF7971600F28053 /* libavresample.3.5.0.dylib in Frameworks */,
				31674E4F1EF7971600F28053 /* libavresample.a in Frameworks */,
				31674E501EF7971600F28053 /* libavresample.3.5.0.dylib in Frameworks */,
				31674E511EF7971600F28053 /* libavutil.55.58.100.dylib in Frameworks */,
				31674E521EF7971600F28053 /* libavutil.55.58.100.dylib in Frameworks */,
				31674E531EF7971600F28053 /* libavutil.a in Frameworks */,
				31674E541EF7971600F28053 /* libavutil.55.58.100.dylib in Frameworks */,
				31674E551EF7971600F28053 /* libHalf.12.dylib in Frameworks */,
				31674E561EF7971600F28053 /* libHalf.a in Frameworks */,
				31674E571EF7971600F28053 /* libHalf.12.dylib in Frameworks */,
				31674E581EF7971600F28053 /* libIex-2_2.12.dylib in Frameworks */,
				31674E591EF7971600F28053 /* libIex.a in Frameworks */,
				31674E5A1EF7971600F28053 /* libIex-2_2.12.dylib in Frameworks */,
				31674E5B1EF7971600F28053 /* libIexMath-2_2.12.dylib in Frameworks */,
				31674E5C1EF7971600F28053 /* libIexMath.a in Frameworks */,
				31674E5D1EF7971600F28053 /* libIexMath-2_2.12.dylib in Frameworks */,
				31674E5E1EF7971600F28053 /* libIlmImf-2_2.22.dylib in Frameworks */,
				31674E5F1EF7971600F28053 /* libIlmImf.a in Frameworks */,
				31674E601EF7971600F28053 /* libIlmImf-2_2.22.dylib in Frameworks */,
				31674E611EF7971600F28053 /* libIlmImfUtil-2_2.22.dylib in Frameworks */,
				31674E621EF7971600F28053 /* libIlmImfUtil.a in Frameworks */,
				31674E631EF7971600F28053 /* libIlmImfUtil-2_2.22.dylib in Frameworks */,
				31674E641EF7971600F28053 /* libIlmThread-2_2.12.dylib in Frameworks */,
				31674E651EF7971600F28053 /* libIlmThread.a in Frameworks */,
				31674E661EF7971600F28053 /* libIlmThread-2_2.12.dylib in Frameworks */,
				31674E671EF7971600F28053 /* libImath-2_2.12.dylib in Frameworks */,
				31674E681EF7971600F28053 /* libImath.a in Frameworks */,
				31674E691EF7971600F28053 /* libImath-2_2.12.dylib in Frameworks */,
				31674E6A1EF7971600F28053 /* libjpeg.8.dylib in Frameworks */,
				31674E6B1EF7971600F28053 /* libjpeg.a in Frameworks */,
				31674E6C1EF7971600F28053 /* libjpeg.8.dylib in Frameworks */,
				31674E6D1EF7971600F28053 /* libmp3lame.0.dylib in Frameworks */,
				31674E6E1EF7971600F28053 /* libmp3lame.a in Frameworks */,
				31674E6F1EF7971600F28053 /* libmp3lame.0.dylib in Frameworks */,
				31674E701EF7971600F28053 /* libopencv_calib3d.2.4.13.dylib in Frameworks */,
				31674E711EF7971600F28053 /* libopencv_calib3d.2.4.13.dylib in Frameworks */,
				31674E721EF7971600F28053 /* libopencv_calib3d.2.4.13.dylib in Frameworks */,
				31674E731EF7971600F28053 /* libopencv_contrib.2.4.13.dylib in Frameworks */,
				31674E741EF7971600F28053 /* libopencv_contrib.2.4.13.dylib in Frameworks */,
				31674E751EF7971600F28053 /* libopencv_contrib.2.4.13.dylib in Frameworks */,
				31674E761EF7971600F28053 /* libopencv_core.2.4.13.dylib in Frameworks */,
				31674E771EF7971600F28053 /* libopencv_core.2.4.13.dylib in Frameworks */,
				31674E781EF7971600F28053 /* libopencv_core.2.4.13.dylib in Frameworks */,
				31674E791EF7971600F28053 /* libopencv_features2d.2.4.13.dylib in Frameworks */,
				31674E7A1EF7971600F28053 /* libopencv_features2d.2.4.13.dylib in Frameworks */,
				31674E7B1EF7971600F28053 /* libopencv_features2d.2.4.13.dylib in Frameworks */,
				31674E7C1EF7971600F28053 /* libopencv_flann.2.4.13.dylib in Frameworks */,
				31674E7D1EF7971600F28053 /* libopencv_flann.2.4.13.dylib in Frameworks */,
				31674E7E1EF7971600F28053 /* libopencv_flann.2.4.13.dylib in Frameworks */,
				31674E7F1EF7971600F28053 /* libopencv_gpu.2.4.13.dylib in Frameworks */,
				31674E801EF7971600F28053 /* libopencv_gpu.2.4.13.dylib in Frameworks */,
				31674E811EF7971600F28053 /* libopencv_gpu.2.4.13.dylib in Frameworks */,
				31674E821EF7971600F28053 /* libopencv_highgui.2.4.13.dylib in Frameworks */,
				31674E831EF7971600F28053 /* libopencv_highgui.2.4.13.dylib in Frameworks */,
				31674E841EF7971600F28053 /* libopencv_highgui.2.4.13.dylib in Frameworks */,
				31674E851EF7971600F28053 /* libopencv_imgproc.2.4.13.dylib in Frameworks */,
				31674E861EF7971600F28053 /* libopencv_imgproc.2.4.13.dylib in Frameworks */,
				31674E871EF7971600F28053 /* libopencv_imgproc.2.4.13.dylib in Frameworks */,
				31674E881EF7971600F28053 /* libopencv_legacy.2.4.13.dylib in Frameworks */,
				31674E891EF7971600F28053 /* libopencv_legacy.2.4.13.dylib in Frameworks */,
				31674E8A1EF7971600F28053 /* libopencv_legacy.2.4.13.dylib in Frameworks */,
				31674E8B1EF7971600F28053 /* libopencv_ml.2.4.13.dylib in Frameworks */,
				31674E8C1EF7971600F28053 /* libopencv_ml.2.4.13.dylib in Frameworks */,
				31674E8D1EF7971600F28053 /* libopencv_ml.2.4.13.dylib in Frameworks */,
				31674E8E1EF7971600F28053 /* libopencv_nonfree.2.4.13.dylib in Frameworks */,
				31674E8F1EF7971600F28053 /* libopencv_nonfree.2.4.13.dylib in Frameworks */,
				31674E901EF7971600F28053 /* libopencv_nonfree.2.4.13.dylib in Frameworks */,
				31674E911EF7971600F28053 /* libopencv_objdetect.2.4.13.dylib in Frameworks */,
				31674E921EF7971600F28053 /* libopencv_objdetect.2.4.13.dylib in Frameworks */,
				31674E931EF7971600F28053 /* libopencv_objdetect.2.4.13.dylib in Frameworks */,
				31674E941EF7971600F28053 /* libopencv_ocl.2.4.13.dylib in Frameworks */,
				31674E951EF7971600F28053 /* libopencv_ocl.2.4.13.dylib in Frameworks */,
				31674E961EF7971600F28053 /* libopencv_ocl.2.4.13.dylib in Frameworks */,
				31674E971EF7971600F28053 /* libopencv_photo.2.4.13.dylib in Frameworks */,
				31674E981EF7971600F28053 /* libopencv_photo.2.4.13.dylib in Frameworks */,
				31674E991EF7971600F28053 /* libopencv_photo.2.4.13.dylib in Frameworks */,
				31674E9A1EF7971600F28053 /* libopencv_stitching.2.4.13.dylib in Frameworks */,
				31674E9B1EF7971600F28053 /* libopencv_stitching.2.4.13.dylib in Frameworks */,
				31674E9C1EF7971600F28053 /* libopencv_stitching.2.4.13.dylib in Frameworks */,
				31674E9D1EF7971600F28053 /* libopencv_superres.2.4.13.dylib in Frameworks */,
				31674E9E1EF7971600F28053 /* libopencv_superres.2.4.13.dylib in Frameworks */,
				31674E9F1EF7971600F28053 /* libopencv_superres.2.4.13.dylib in Frameworks */,
				31674EA01EF7971600F28053 /* libopencv_ts.a in Frameworks */,
				31674EA11EF7971600F28053 /* libopencv_video.2.4.13.dylib in Frameworks */,
				31674EA21EF7971600F28053 /* libopencv_video.2.4.13.dylib in Frameworks */,
				31674EA31EF7971600F28053 /* libopencv_video.2.4.13.dylib in Frameworks */,
				31674EA41EF7971600F28053 /* libopencv_videostab.2.4.13.dylib in Frameworks */,
				31674EA51EF7971600F28053 /* libopencv_videostab.2.4.13.dylib in Frameworks */,
				31674EA61EF7971600F28053 /* libopencv_videostab.2.4.13.dylib in Frameworks */,
				31674EA71EF7971600F28053 /* libpng16.a in Frameworks */,
				31674EA81EF7971600F28053 /* libpng16.16.dylib in Frameworks */,
				31674EA91EF7971600F28053 /* libpng16.16.dylib in Frameworks */,
				31674EAA1EF7971600F28053 /* libpng16.a in Frameworks */,
				31674EAB1EF7971600F28053 /* libpng16.16.dylib in Frameworks */,
				31674EAC1EF7971600F28053 /* libpostproc.54.5.100.dylib in Frameworks */,
				31674EAD1EF7971600F28053 /* libpostproc.54.5.100.dylib in Frameworks */,
				31674EAE1EF7971600F28053 /* libpostproc.a in Frameworks */,
				31674EAF1EF7971600F28053 /* libpostproc.54.5.100.dylib in Frameworks */,
				31674EB01EF7971600F28053 /* libswresample.2.7.100.dylib in Frameworks */,
				31674EB11EF7971600F28053 /* libswresample.2.7.100.dylib in Frameworks */,
				31674EB21EF7971600F28053 /* libswresample.a in Frameworks */,
				31674EB31EF7971600F28053 /* libswresample.2.7.100.dylib in Frameworks */,
				31674EB41EF7971600F28053 /* libswscale.4.6.100.dylib in Frameworks */,
				31674EB51EF7971600F28053 /* libswscale.4.6.100.dylib in Frameworks */,
				31674EB61EF7971600F28053 /* libswscale.a in Frameworks */,
				31674EB71EF7971600F28053 /* libswscale.4.6.100.dylib in Frameworks */,
				31674EB81EF7971600F28053 /* libtiff.5.dylib in Frameworks */,
				31674EB91EF7971600F28053 /* libtiff.a in Frameworks */,
				31674EBA1EF7971600F28053 /* libtiff.5.dylib in Frameworks */,
				31674EBB1EF7971600F28053 /* libtiffxx.5.dylib in Frameworks */,
				31674EBC1EF7971600F28053 /* libtiffxx.a in Frameworks */,
				31674EBD1EF7971600F28053 /* libtiffxx.5.dylib in Frameworks */,
				31674EBE1EF7971600F28053 /* libx264.148.dylib in Frameworks */,
				31674EBF1EF7971600F28053 /* libx264.a in Frameworks */,
				31674EC01EF7971600F28053 /* libx264.148.dylib in Frameworks */,
				31674EC11EF7971600F28053 /* libxvidcore.4.dylib in Frameworks */,
				31674EC21EF7971600F28053 /* libxvidcore.a in Frameworks */,
				31674EC31EF7971600F28053 /* pkgconfig in Frameworks */,
				31674EC41EF7971600F28053 /* python2.7 in Frameworks */,
			);
			runOnlyForDeploymentPostprocessing = 0;
		};
/* End PBXFrameworksBuildPhase section */

/* Begin PBXGroup section */
		31674DA11EF7970C00F28053 = {
			isa = PBXGroup;
			children = (
				31674DAC1EF7970C00F28053 /* adaptiveThreshold */,
				31674DAB1EF7970C00F28053 /* Products */,
				31674DB41EF7971500F28053 /* Frameworks */,
			);
			sourceTree = "<group>";
		};
		31674DAB1EF7970C00F28053 /* Products */ = {
			isa = PBXGroup;
			children = (
				31674DAA1EF7970C00F28053 /* adaptiveThreshold */,
			);
			name = Products;
			sourceTree = "<group>";
		};
		31674DAC1EF7970C00F28053 /* adaptiveThreshold */ = {
			isa = PBXGroup;
			children = (
				31674DAD1EF7970C00F28053 /* main.cpp */,
			);
			path = adaptiveThreshold;
			sourceTree = "<group>";
		};
		31674DB41EF7971500F28053 /* Frameworks */ = {
			isa = PBXGroup;
			children = (
				31674DB51EF7971500F28053 /* libavcodec.57.89.100.dylib */,
				31674DB61EF7971500F28053 /* libavcodec.57.89.100.dylib */,
				31674DB71EF7971500F28053 /* libavcodec.a */,
				31674DB81EF7971500F28053 /* libavcodec.57.89.100.dylib */,
				31674DB91EF7971500F28053 /* libavdevice.57.6.100.dylib */,
				31674DBA1EF7971500F28053 /* libavdevice.57.6.100.dylib */,
				31674DBB1EF7971500F28053 /* libavdevice.a */,
				31674DBC1EF7971500F28053 /* libavdevice.57.6.100.dylib */,
				31674DBD1EF7971500F28053 /* libavfilter.6.82.100.dylib */,
				31674DBE1EF7971500F28053 /* libavfilter.6.82.100.dylib */,
				31674DBF1EF7971500F28053 /* libavfilter.a */,
				31674DC01EF7971500F28053 /* libavfilter.6.82.100.dylib */,
				31674DC11EF7971500F28053 /* libavformat.57.71.100.dylib */,
				31674DC21EF7971500F28053 /* libavformat.57.71.100.dylib */,
				31674DC31EF7971500F28053 /* libavformat.a */,
				31674DC41EF7971500F28053 /* libavformat.57.71.100.dylib */,
				31674DC51EF7971500F28053 /* libavresample.3.5.0.dylib */,
				31674DC61EF7971500F28053 /* libavresample.3.5.0.dylib */,
				31674DC71EF7971500F28053 /* libavresample.a */,
				31674DC81EF7971500F28053 /* libavresample.3.5.0.dylib */,
				31674DC91EF7971500F28053 /* libavutil.55.58.100.dylib */,
				31674DCA1EF7971500F28053 /* libavutil.55.58.100.dylib */,
				31674DCB1EF7971500F28053 /* libavutil.a */,
				31674DCC1EF7971500F28053 /* libavutil.55.58.100.dylib */,
				31674DCD1EF7971500F28053 /* libHalf.12.dylib */,
				31674DCE1EF7971500F28053 /* libHalf.a */,
				31674DCF1EF7971500F28053 /* libHalf.12.dylib */,
				31674DD01EF7971500F28053 /* libIex-2_2.12.dylib */,
				31674DD11EF7971500F28053 /* libIex.a */,
				31674DD21EF7971500F28053 /* libIex-2_2.12.dylib */,
				31674DD31EF7971500F28053 /* libIexMath-2_2.12.dylib */,
				31674DD41EF7971500F28053 /* libIexMath.a */,
				31674DD51EF7971500F28053 /* libIexMath-2_2.12.dylib */,
				31674DD61EF7971500F28053 /* libIlmImf-2_2.22.dylib */,
				31674DD71EF7971600F28053 /* libIlmImf.a */,
				31674DD81EF7971600F28053 /* libIlmImf-2_2.22.dylib */,
				31674DD91EF7971600F28053 /* libIlmImfUtil-2_2.22.dylib */,
				31674DDA1EF7971600F28053 /* libIlmImfUtil.a */,
				31674DDB1EF7971600F28053 /* libIlmImfUtil-2_2.22.dylib */,
				31674DDC1EF7971600F28053 /* libIlmThread-2_2.12.dylib */,
				31674DDD1EF7971600F28053 /* libIlmThread.a */,
				31674DDE1EF7971600F28053 /* libIlmThread-2_2.12.dylib */,
				31674DDF1EF7971600F28053 /* libImath-2_2.12.dylib */,
				31674DE01EF7971600F28053 /* libImath.a */,
				31674DE11EF7971600F28053 /* libImath-2_2.12.dylib */,
				31674DE21EF7971600F28053 /* libjpeg.8.dylib */,
				31674DE31EF7971600F28053 /* libjpeg.a */,
				31674DE41EF7971600F28053 /* libjpeg.8.dylib */,
				31674DE51EF7971600F28053 /* libmp3lame.0.dylib */,
				31674DE61EF7971600F28053 /* libmp3lame.a */,
				31674DE71EF7971600F28053 /* libmp3lame.0.dylib */,
				31674DE81EF7971600F28053 /* libopencv_calib3d.2.4.13.dylib */,
				31674DE91EF7971600F28053 /* libopencv_calib3d.2.4.13.dylib */,
				31674DEA1EF7971600F28053 /* libopencv_calib3d.2.4.13.dylib */,
				31674DEB1EF7971600F28053 /* libopencv_contrib.2.4.13.dylib */,
				31674DEC1EF7971600F28053 /* libopencv_contrib.2.4.13.dylib */,
				31674DED1EF7971600F28053 /* libopencv_contrib.2.4.13.dylib */,
				31674DEE1EF7971600F28053 /* libopencv_core.2.4.13.dylib */,
				31674DEF1EF7971600F28053 /* libopencv_core.2.4.13.dylib */,
				31674DF01EF7971600F28053 /* libopencv_core.2.4.13.dylib */,
				31674DF11EF7971600F28053 /* libopencv_features2d.2.4.13.dylib */,
				31674DF21EF7971600F28053 /* libopencv_features2d.2.4.13.dylib */,
				31674DF31EF7971600F28053 /* libopencv_features2d.2.4.13.dylib */,
				31674DF41EF7971600F28053 /* libopencv_flann.2.4.13.dylib */,
				31674DF51EF7971600F28053 /* libopencv_flann.2.4.13.dylib */,
				31674DF61EF7971600F28053 /* libopencv_flann.2.4.13.dylib */,
				31674DF71EF7971600F28053 /* libopencv_gpu.2.4.13.dylib */,
				31674DF81EF7971600F28053 /* libopencv_gpu.2.4.13.dylib */,
				31674DF91EF7971600F28053 /* libopencv_gpu.2.4.13.dylib */,
				31674DFA1EF7971600F28053 /* libopencv_highgui.2.4.13.dylib */,
				31674DFB1EF7971600F28053 /* libopencv_highgui.2.4.13.dylib */,
				31674DFC1EF7971600F28053 /* libopencv_highgui.2.4.13.dylib */,
				31674DFD1EF7971600F28053 /* libopencv_imgproc.2.4.13.dylib */,
				31674DFE1EF7971600F28053 /* libopencv_imgproc.2.4.13.dylib */,
				31674DFF1EF7971600F28053 /* libopencv_imgproc.2.4.13.dylib */,
				31674E001EF7971600F28053 /* libopencv_legacy.2.4.13.dylib */,
				31674E011EF7971600F28053 /* libopencv_legacy.2.4.13.dylib */,
				31674E021EF7971600F28053 /* libopencv_legacy.2.4.13.dylib */,
				31674E031EF7971600F28053 /* libopencv_ml.2.4.13.dylib */,
				31674E041EF7971600F28053 /* libopencv_ml.2.4.13.dylib */,
				31674E051EF7971600F28053 /* libopencv_ml.2.4.13.dylib */,
				31674E061EF7971600F28053 /* libopencv_nonfree.2.4.13.dylib */,
				31674E071EF7971600F28053 /* libopencv_nonfree.2.4.13.dylib */,
				31674E081EF7971600F28053 /* libopencv_nonfree.2.4.13.dylib */,
				31674E091EF7971600F28053 /* libopencv_objdetect.2.4.13.dylib */,
				31674E0A1EF7971600F28053 /* libopencv_objdetect.2.4.13.dylib */,
				31674E0B1EF7971600F28053 /* libopencv_objdetect.2.4.13.dylib */,
				31674E0C1EF7971600F28053 /* libopencv_ocl.2.4.13.dylib */,
				31674E0D1EF7971600F28053 /* libopencv_ocl.2.4.13.dylib */,
				31674E0E1EF7971600F28053 /* libopencv_ocl.2.4.13.dylib */,
				31674E0F1EF7971600F28053 /* libopencv_photo.2.4.13.dylib */,
				31674E101EF7971600F28053 /* libopencv_photo.2.4.13.dylib */,
				31674E111EF7971600F28053 /* libopencv_photo.2.4.13.dylib */,
				31674E121EF7971600F28053 /* libopencv_stitching.2.4.13.dylib */,
				31674E131EF7971600F28053 /* libopencv_stitching.2.4.13.dylib */,
				31674E141EF7971600F28053 /* libopencv_stitching.2.4.13.dylib */,
				31674E151EF7971600F28053 /* libopencv_superres.2.4.13.dylib */,
				31674E161EF7971600F28053 /* libopencv_superres.2.4.13.dylib */,
				31674E171EF7971600F28053 /* libopencv_superres.2.4.13.dylib */,
				31674E181EF7971600F28053 /* libopencv_ts.a */,
				31674E191EF7971600F28053 /* libopencv_video.2.4.13.dylib */,
				31674E1A1EF7971600F28053 /* libopencv_video.2.4.13.dylib */,
				31674E1B1EF7971600F28053 /* libopencv_video.2.4.13.dylib */,
				31674E1C1EF7971600F28053 /* libopencv_videostab.2.4.13.dylib */,
				31674E1D1EF7971600F28053 /* libopencv_videostab.2.4.13.dylib */,
				31674E1E1EF7971600F28053 /* libopencv_videostab.2.4.13.dylib */,
				31674E1F1EF7971600F28053 /* libpng16.a */,
				31674E201EF7971600F28053 /* libpng16.16.dylib */,
				31674E211EF7971600F28053 /* libpng16.16.dylib */,
				31674E221EF7971600F28053 /* libpng16.a */,
				31674E231EF7971600F28053 /* libpng16.16.dylib */,
				31674E241EF7971600F28053 /* libpostproc.54.5.100.dylib */,
				31674E251EF7971600F28053 /* libpostproc.54.5.100.dylib */,
				31674E261EF7971600F28053 /* libpostproc.a */,
				31674E271EF7971600F28053 /* libpostproc.54.5.100.dylib */,
				31674E281EF7971600F28053 /* libswresample.2.7.100.dylib */,
				31674E291EF7971600F28053 /* libswresample.2.7.100.dylib */,
				31674E2A1EF7971600F28053 /* libswresample.a */,
				31674E2B1EF7971600F28053 /* libswresample.2.7.100.dylib */,
				31674E2C1EF7971600F28053 /* libswscale.4.6.100.dylib */,
				31674E2D1EF7971600F28053 /* libswscale.4.6.100.dylib */,
				31674E2E1EF7971600F28053 /* libswscale.a */,
				31674E2F1EF7971600F28053 /* libswscale.4.6.100.dylib */,
				31674E301EF7971600F28053 /* libtiff.5.dylib */,
				31674E311EF7971600F28053 /* libtiff.a */,
				31674E321EF7971600F28053 /* libtiff.5.dylib */,
				31674E331EF7971600F28053 /* libtiffxx.5.dylib */,
				31674E341EF7971600F28053 /* libtiffxx.a */,
				31674E351EF7971600F28053 /* libtiffxx.5.dylib */,
				31674E361EF7971600F28053 /* libx264.148.dylib */,
				31674E371EF7971600F28053 /* libx264.a */,
				31674E381EF7971600F28053 /* libx264.148.dylib */,
				31674E391EF7971600F28053 /* libxvidcore.4.dylib */,
				31674E3A1EF7971600F28053 /* libxvidcore.a */,
				31674E3B1EF7971600F28053 /* pkgconfig */,
				31674E3C1EF7971600F28053 /* python2.7 */,
			);
			name = Frameworks;
			sourceTree = "<group>";
		};
/* End PBXGroup section */

/* Begin PBXNativeTarget section */
		31674DA91EF7970C00F28053 /* adaptiveThreshold */ = {
			isa = PBXNativeTarget;
			buildConfigurationList = 31674DB11EF7970C00F28053 /* Build configuration list for PBXNativeTarget "adaptiveThreshold" */;
			buildPhases = (
				31674DA61EF7970C00F28053 /* Sources */,
				31674DA71EF7970C00F28053 /* Frameworks */,
				31674DA81EF7970C00F28053 /* CopyFiles */,
			);
			buildRules = (
			);
			dependencies = (
			);
			name = adaptiveThreshold;
			productName = adaptiveThreshold;
			productReference = 31674DAA1EF7970C00F28053 /* adaptiveThreshold */;
			productType = "com.apple.product-type.tool";
		};
/* End PBXNativeTarget section */

/* Begin PBXProject section */
		31674DA21EF7970C00F28053 /* Project object */ = {
			isa = PBXProject;
			attributes = {
				LastUpgradeCheck = 0830;
				ORGANIZATIONNAME = Fan;
				TargetAttributes = {
					31674DA91EF7970C00F28053 = {
						CreatedOnToolsVersion = 8.3.3;
						ProvisioningStyle = Automatic;
					};
				};
			};
			buildConfigurationList = 31674DA51EF7970C00F28053 /* Build configuration list for PBXProject "adaptiveThreshold" */;
			compatibilityVersion = "Xcode 3.2";
			developmentRegion = English;
			hasScannedForEncodings = 0;
			knownRegions = (
				en,
			);
			mainGroup = 31674DA11EF7970C00F28053;
			productRefGroup = 31674DAB1EF7970C00F28053 /* Products */;
			projectDirPath = "";
			projectRoot = "";
			targets = (
				31674DA91EF7970C00F28053 /* adaptiveThreshold */,
			);
		};
/* End PBXProject section */

/* Begin PBXSourcesBuildPhase section */
		31674DA61EF7970C00F28053 /* Sources */ = {
			isa = PBXSourcesBuildPhase;
			buildActionMask = 2147483647;
			files = (
				31674DAE1EF7970C00F28053 /* main.cpp in Sources */,
			);
			runOnlyForDeploymentPostprocessing = 0;
		};
/* End PBXSourcesBuildPhase section */

/* Begin XCBuildConfiguration section */
		31674DAF1EF7970C00F28053 /* Debug */ = {
			isa = XCBuildConfiguration;
			buildSettings = {
				ALWAYS_SEARCH_USER_PATHS = NO;
				CLANG_ANALYZER_NONNULL = YES;
				CLANG_ANALYZER_NUMBER_OBJECT_CONVERSION = YES_AGGRESSIVE;
				CLANG_CXX_LANGUAGE_STANDARD = "gnu++0x";
				CLANG_CXX_LIBRARY = "libc++";
				CLANG_ENABLE_MODULES = YES;
				CLANG_ENABLE_OBJC_ARC = YES;
				CLANG_WARN_BOOL_CONVERSION = YES;
				CLANG_WARN_CONSTANT_CONVERSION = YES;
				CLANG_WARN_DIRECT_OBJC_ISA_USAGE = YES_ERROR;
				CLANG_WARN_DOCUMENTATION_COMMENTS = YES;
				CLANG_WARN_EMPTY_BODY = YES;
				CLANG_WARN_ENUM_CONVERSION = YES;
				CLANG_WARN_INFINITE_RECURSION = YES;
				CLANG_WARN_INT_CONVERSION = YES;
				CLANG_WARN_OBJC_ROOT_CLASS = YES_ERROR;
				CLANG_WARN_SUSPICIOUS_MOVE = YES;
				CLANG_WARN_UNREACHABLE_CODE = YES;
				CLANG_WARN__DUPLICATE_METHOD_MATCH = YES;
				CODE_SIGN_IDENTITY = "-";
				COPY_PHASE_STRIP = NO;
				DEBUG_INFORMATION_FORMAT = dwarf;
				ENABLE_STRICT_OBJC_MSGSEND = YES;
				ENABLE_TESTABILITY = YES;
				GCC_C_LANGUAGE_STANDARD = gnu99;
				GCC_DYNAMIC_NO_PIC = NO;
				GCC_NO_COMMON_BLOCKS = YES;
				GCC_OPTIMIZATION_LEVEL = 0;
				GCC_PREPROCESSOR_DEFINITIONS = (
					"DEBUG=1",
					"$(inherited)",
				);
				GCC_WARN_64_TO_32_BIT_CONVERSION = YES;
				GCC_WARN_ABOUT_RETURN_TYPE = YES_ERROR;
				GCC_WARN_UNDECLARED_SELECTOR = YES;
				GCC_WARN_UNINITIALIZED_AUTOS = YES_AGGRESSIVE;
				GCC_WARN_UNUSED_FUNCTION = YES;
				GCC_WARN_UNUSED_VARIABLE = YES;
				MACOSX_DEPLOYMENT_TARGET = 10.12;
				MTL_ENABLE_DEBUG_INFO = YES;
				ONLY_ACTIVE_ARCH = YES;
				SDKROOT = macosx;
			};
			name = Debug;
		};
		31674DB01EF7970C00F28053 /* Release */ = {
			isa = XCBuildConfiguration;
			buildSettings = {
				ALWAYS_SEARCH_USER_PATHS = NO;
				CLANG_ANALYZER_NONNULL = YES;
				CLANG_ANALYZER_NUMBER_OBJECT_CONVERSION = YES_AGGRESSIVE;
				CLANG_CXX_LANGUAGE_STANDARD = "gnu++0x";
				CLANG_CXX_LIBRARY = "libc++";
				CLANG_ENABLE_MODULES = YES;
				CLANG_ENABLE_OBJC_ARC = YES;
				CLANG_WARN_BOOL_CONVERSION = YES;
				CLANG_WARN_CONSTANT_CONVERSION = YES;
				CLANG_WARN_DIRECT_OBJC_ISA_USAGE = YES_ERROR;
				CLANG_WARN_DOCUMENTATION_COMMENTS = YES;
				CLANG_WARN_EMPTY_BODY = YES;
				CLANG_WARN_ENUM_CONVERSION = YES;
				CLANG_WARN_INFINITE_RECURSION = YES;
				CLANG_WARN_INT_CONVERSION = YES;
				CLANG_WARN_OBJC_ROOT_CLASS = YES_ERROR;
				CLANG_WARN_SUSPICIOUS_MOVE = YES;
				CLANG_WARN_UNREACHABLE_CODE = YES;
				CLANG_WARN__DUPLICATE_METHOD_MATCH = YES;
				CODE_SIGN_IDENTITY = "-";
				COPY_PHASE_STRIP = NO;
				DEBUG_INFORMATION_FORMAT = "dwarf-with-dsym";
				ENABLE_NS_ASSERTIONS = NO;
				ENABLE_STRICT_OBJC_MSGSEND = YES;
				GCC_C_LANGUAGE_STANDARD = gnu99;
				GCC_NO_COMMON_BLOCKS = YES;
				GCC_WARN_64_TO_32_BIT_CONVERSION = YES;
				GCC_WARN_ABOUT_RETURN_TYPE = YES_ERROR;
				GCC_WARN_UNDECLARED_SELECTOR = YES;
				GCC_WARN_UNINITIALIZED_AUTOS = YES_AGGRESSIVE;
				GCC_WARN_UNUSED_FUNCTION = YES;
				GCC_WARN_UNUSED_VARIABLE = YES;
				MACOSX_DEPLOYMENT_TARGET = 10.12;
				MTL_ENABLE_DEBUG_INFO = NO;
				SDKROOT = macosx;
			};
			name = Release;
		};
		31674DB21EF7970C00F28053 /* Debug */ = {
			isa = XCBuildConfiguration;
			buildSettings = {
				ALWAYS_SEARCH_USER_PATHS = YES;
				HEADER_SEARCH_PATHS = /usr/local/include;
				LIBRARY_SEARCH_PATHS = (
					"$(inherited)",
					/usr/local/Cellar/ffmpeg/3.3.2/lib,
					/usr/local/Cellar/ilmbase/2.2.0/lib,
					/usr/local/Cellar/openexr/2.2.0/lib,
					/usr/local/Cellar/jpeg/8d/lib,
					/usr/local/Cellar/lame/3.99.5/lib,
					/usr/local/Cellar/opencv/2.4.13.2/lib,
					/usr/local/Cellar/libpng/1.6.29/lib,
					/usr/local/Cellar/libtiff/4.0.8/lib,
					/usr/local/Cellar/x264/r2748/lib,
					/usr/local/Cellar/xvid/1.3.4/lib,
				);
				PRODUCT_NAME = "$(TARGET_NAME)";
			};
			name = Debug;
		};
		31674DB31EF7970C00F28053 /* Release */ = {
			isa = XCBuildConfiguration;
			buildSettings = {
				ALWAYS_SEARCH_USER_PATHS = YES;
				HEADER_SEARCH_PATHS = /usr/local/include;
				LIBRARY_SEARCH_PATHS = (
					"$(inherited)",
					/usr/local/Cellar/ffmpeg/3.3.2/lib,
					/usr/local/Cellar/ilmbase/2.2.0/lib,
					/usr/local/Cellar/openexr/2.2.0/lib,
					/usr/local/Cellar/jpeg/8d/lib,
					/usr/local/Cellar/lame/3.99.5/lib,
					/usr/local/Cellar/opencv/2.4.13.2/lib,
					/usr/local/Cellar/libpng/1.6.29/lib,
					/usr/local/Cellar/libtiff/4.0.8/lib,
					/usr/local/Cellar/x264/r2748/lib,
					/usr/local/Cellar/xvid/1.3.4/lib,
				);
				PRODUCT_NAME = "$(TARGET_NAME)";
			};
			name = Release;
		};
/* End XCBuildConfiguration section */

/* Begin XCConfigurationList section */
		31674DA51EF7970C00F28053 /* Build configuration list for PBXProject "adaptiveThreshold" */ = {
			isa = XCConfigurationList;
			buildConfigurations = (
				31674DAF1EF7970C00F28053 /* Debug */,
				31674DB01EF7970C00F28053 /* Release */,
			);
			defaultConfigurationIsVisible = 0;
			defaultConfigurationName = Release;
		};
		31674DB11EF7970C00F28053 /* Build configuration list for PBXNativeTarget "adaptiveThreshold" */ = {
			isa = XCConfigurationList;
			buildConfigurations = (
				31674DB21EF7970C00F28053 /* Debug */,
				31674DB31EF7970C00F28053 /* Release */,
			);
			defaultConfigurationIsVisible = 0;
		};
/* End XCConfigurationList section */
	};
	rootObject = 31674DA21EF7970C00F28053 /* Project object */;
}
